{
  "version": 4,
  "terraform_version": "1.9.7",
  "serial": 243,
  "lineage": "afe67680-c575-fbdb-3c66-2f3453481ca6",
  "outputs": {
    "user_pool_client_id": {
      "value": "nekrnss751n677n0kk5gv799r",
      "type": "string"
    },
    "user_pool_id": {
      "value": "eu-west-1_6Zcqd3V3z",
      "type": "string"
    }
  },
  "resources": [
    {
      "module": "module.apigateway",
      "mode": "managed",
      "type": "aws_api_gateway_authorizer",
      "name": "cognito_authorizer",
      "provider": "provider[\"registry.terraform.io/hashicorp/aws\"]",
      "instances": [
        {
          "schema_version": 0,
          "attributes": {
            "arn": "arn:aws:apigateway:eu-west-1::/restapis/j64fplf9md/authorizers/2lyrtu",
            "authorizer_credentials": "",
            "authorizer_result_ttl_in_seconds": 300,
            "authorizer_uri": "",
            "id": "2lyrtu",
            "identity_source": "method.request.header.Authorization",
            "identity_validation_expression": "",
            "name": "CognitoAuthorizer",
            "provider_arns": [
              "arn:aws:cognito-idp:eu-west-1:438465134937:userpool/eu-west-1_6Zcqd3V3z"
            ],
            "rest_api_id": "j64fplf9md",
            "type": "COGNITO_USER_POOLS"
          },
          "sensitive_attributes": [],
          "private": "bnVsbA==",
          "dependencies": [
            "module.apigateway.aws_api_gateway_rest_api.this",
            "module.cognito.aws_cognito_user_pool.this",
            "module.dynamodb.aws_dynamodb_table.user_table",
            "module.iam.aws_iam_role.lambda_execution_role",
            "module.lambda.aws_lambda_function.post_confirmation"
          ]
        }
      ]
    },
    {
      "module": "module.apigateway",
      "mode": "managed",
      "type": "aws_api_gateway_deployment",
      "name": "this",
      "provider": "provider[\"registry.terraform.io/hashicorp/aws\"]",
      "instances": [
        {
          "schema_version": 0,
          "attributes": {
            "canary_settings": [],
            "created_date": "2025-01-28T14:20:58Z",
            "description": "",
            "execution_arn": "arn:aws:execute-api:eu-west-1:438465134937:j64fplf9md/prod",
            "id": "df3u97",
            "invoke_url": "https://j64fplf9md.execute-api.eu-west-1.amazonaws.com/prod",
            "rest_api_id": "j64fplf9md",
            "stage_description": null,
            "stage_name": "prod",
            "triggers": null,
            "variables": null
          },
          "sensitive_attributes": [],
          "private": "bnVsbA==",
          "dependencies": [
            "module.apigateway.aws_api_gateway_authorizer.cognito_authorizer",
            "module.apigateway.aws_api_gateway_integration.create_user",
            "module.apigateway.aws_api_gateway_integration.delete_user",
            "module.apigateway.aws_api_gateway_integration.get_user",
            "module.apigateway.aws_api_gateway_integration.update_user",
            "module.apigateway.aws_api_gateway_method.create_user",
            "module.apigateway.aws_api_gateway_method.delete_user",
            "module.apigateway.aws_api_gateway_method.get_user",
            "module.apigateway.aws_api_gateway_method.update_user",
            "module.apigateway.aws_api_gateway_resource.api",
            "module.apigateway.aws_api_gateway_resource.user",
            "module.apigateway.aws_api_gateway_resource.users",
            "module.apigateway.aws_api_gateway_resource.v1",
            "module.apigateway.aws_api_gateway_rest_api.this",
            "module.cognito.aws_cognito_user_pool.this",
            "module.dynamodb.aws_dynamodb_table.user_table",
            "module.iam.aws_iam_role.lambda_execution_role",
            "module.lambda.aws_lambda_function.create_user",
            "module.lambda.aws_lambda_function.delete_user",
            "module.lambda.aws_lambda_function.get_user",
            "module.lambda.aws_lambda_function.post_confirmation",
            "module.lambda.aws_lambda_function.update_user"
          ]
        }
      ]
    },
    {
      "module": "module.apigateway",
      "mode": "managed",
      "type": "aws_api_gateway_integration",
      "name": "create_user",
      "provider": "provider[\"registry.terraform.io/hashicorp/aws\"]",
      "instances": [
        {
          "schema_version": 0,
          "attributes": {
            "cache_key_parameters": null,
            "cache_namespace": "xsrb2i",
            "connection_id": "",
            "connection_type": "INTERNET",
            "content_handling": "",
            "credentials": "",
            "http_method": "POST",
            "id": "agi-j64fplf9md-xsrb2i-POST",
            "integration_http_method": "POST",
            "passthrough_behavior": "WHEN_NO_MATCH",
            "request_parameters": null,
            "request_templates": null,
            "resource_id": "xsrb2i",
            "rest_api_id": "j64fplf9md",
            "timeout_milliseconds": 29000,
            "tls_config": [],
            "type": "AWS_PROXY",
            "uri": "arn:aws:apigateway:eu-west-1:lambda:path/2015-03-31/functions/arn:aws:lambda:eu-west-1:438465134937:function:user-management-create/invocations"
          },
          "sensitive_attributes": [],
          "private": "bnVsbA==",
          "dependencies": [
            "module.apigateway.aws_api_gateway_authorizer.cognito_authorizer",
            "module.apigateway.aws_api_gateway_method.create_user",
            "module.apigateway.aws_api_gateway_resource.api",
            "module.apigateway.aws_api_gateway_resource.user",
            "module.apigateway.aws_api_gateway_resource.users",
            "module.apigateway.aws_api_gateway_resource.v1",
            "module.apigateway.aws_api_gateway_rest_api.this",
            "module.cognito.aws_cognito_user_pool.this",
            "module.dynamodb.aws_dynamodb_table.user_table",
            "module.iam.aws_iam_role.lambda_execution_role",
            "module.lambda.aws_lambda_function.create_user",
            "module.lambda.aws_lambda_function.delete_user",
            "module.lambda.aws_lambda_function.get_user",
            "module.lambda.aws_lambda_function.post_confirmation",
            "module.lambda.aws_lambda_function.update_user"
          ]
        }
      ]
    },
    {
      "module": "module.apigateway",
      "mode": "managed",
      "type": "aws_api_gateway_integration",
      "name": "delete_user",
      "provider": "provider[\"registry.terraform.io/hashicorp/aws\"]",
      "instances": [
        {
          "schema_version": 0,
          "attributes": {
            "cache_key_parameters": null,
            "cache_namespace": "xsrb2i",
            "connection_id": "",
            "connection_type": "INTERNET",
            "content_handling": "",
            "credentials": "",
            "http_method": "DELETE",
            "id": "agi-j64fplf9md-xsrb2i-DELETE",
            "integration_http_method": "POST",
            "passthrough_behavior": "WHEN_NO_MATCH",
            "request_parameters": null,
            "request_templates": null,
            "resource_id": "xsrb2i",
            "rest_api_id": "j64fplf9md",
            "timeout_milliseconds": 29000,
            "tls_config": [],
            "type": "AWS_PROXY",
            "uri": "arn:aws:apigateway:eu-west-1:lambda:path/2015-03-31/functions/arn:aws:lambda:eu-west-1:438465134937:function:user-management-delete/invocations"
          },
          "sensitive_attributes": [],
          "private": "bnVsbA==",
          "dependencies": [
            "module.apigateway.aws_api_gateway_authorizer.cognito_authorizer",
            "module.apigateway.aws_api_gateway_method.delete_user",
            "module.apigateway.aws_api_gateway_resource.api",
            "module.apigateway.aws_api_gateway_resource.user",
            "module.apigateway.aws_api_gateway_resource.users",
            "module.apigateway.aws_api_gateway_resource.v1",
            "module.apigateway.aws_api_gateway_rest_api.this",
            "module.cognito.aws_cognito_user_pool.this",
            "module.dynamodb.aws_dynamodb_table.user_table",
            "module.iam.aws_iam_role.lambda_execution_role",
            "module.lambda.aws_lambda_function.create_user",
            "module.lambda.aws_lambda_function.delete_user",
            "module.lambda.aws_lambda_function.get_user",
            "module.lambda.aws_lambda_function.post_confirmation",
            "module.lambda.aws_lambda_function.update_user"
          ]
        }
      ]
    },
    {
      "module": "module.apigateway",
      "mode": "managed",
      "type": "aws_api_gateway_integration",
      "name": "get_user",
      "provider": "provider[\"registry.terraform.io/hashicorp/aws\"]",
      "instances": [
        {
          "schema_version": 0,
          "attributes": {
            "cache_key_parameters": null,
            "cache_namespace": "xsrb2i",
            "connection_id": "",
            "connection_type": "INTERNET",
            "content_handling": "",
            "credentials": "",
            "http_method": "GET",
            "id": "agi-j64fplf9md-xsrb2i-GET",
            "integration_http_method": "POST",
            "passthrough_behavior": "WHEN_NO_MATCH",
            "request_parameters": null,
            "request_templates": null,
            "resource_id": "xsrb2i",
            "rest_api_id": "j64fplf9md",
            "timeout_milliseconds": 29000,
            "tls_config": [],
            "type": "AWS_PROXY",
            "uri": "arn:aws:apigateway:eu-west-1:lambda:path/2015-03-31/functions/arn:aws:lambda:eu-west-1:438465134937:function:user-management-get/invocations"
          },
          "sensitive_attributes": [],
          "private": "bnVsbA==",
          "dependencies": [
            "module.apigateway.aws_api_gateway_authorizer.cognito_authorizer",
            "module.apigateway.aws_api_gateway_method.get_user",
            "module.apigateway.aws_api_gateway_resource.api",
            "module.apigateway.aws_api_gateway_resource.user",
            "module.apigateway.aws_api_gateway_resource.users",
            "module.apigateway.aws_api_gateway_resource.v1",
            "module.apigateway.aws_api_gateway_rest_api.this",
            "module.cognito.aws_cognito_user_pool.this",
            "module.dynamodb.aws_dynamodb_table.user_table",
            "module.iam.aws_iam_role.lambda_execution_role",
            "module.lambda.aws_lambda_function.create_user",
            "module.lambda.aws_lambda_function.delete_user",
            "module.lambda.aws_lambda_function.get_user",
            "module.lambda.aws_lambda_function.post_confirmation",
            "module.lambda.aws_lambda_function.update_user"
          ]
        }
      ]
    },
    {
      "module": "module.apigateway",
      "mode": "managed",
      "type": "aws_api_gateway_integration",
      "name": "update_user",
      "provider": "provider[\"registry.terraform.io/hashicorp/aws\"]",
      "instances": [
        {
          "schema_version": 0,
          "attributes": {
            "cache_key_parameters": null,
            "cache_namespace": "xsrb2i",
            "connection_id": "",
            "connection_type": "INTERNET",
            "content_handling": "",
            "credentials": "",
            "http_method": "PUT",
            "id": "agi-j64fplf9md-xsrb2i-PUT",
            "integration_http_method": "POST",
            "passthrough_behavior": "WHEN_NO_MATCH",
            "request_parameters": null,
            "request_templates": null,
            "resource_id": "xsrb2i",
            "rest_api_id": "j64fplf9md",
            "timeout_milliseconds": 29000,
            "tls_config": [],
            "type": "AWS_PROXY",
            "uri": "arn:aws:apigateway:eu-west-1:lambda:path/2015-03-31/functions/arn:aws:lambda:eu-west-1:438465134937:function:user-management-update/invocations"
          },
          "sensitive_attributes": [],
          "private": "bnVsbA==",
          "dependencies": [
            "module.apigateway.aws_api_gateway_authorizer.cognito_authorizer",
            "module.apigateway.aws_api_gateway_method.update_user",
            "module.apigateway.aws_api_gateway_resource.api",
            "module.apigateway.aws_api_gateway_resource.user",
            "module.apigateway.aws_api_gateway_resource.users",
            "module.apigateway.aws_api_gateway_resource.v1",
            "module.apigateway.aws_api_gateway_rest_api.this",
            "module.cognito.aws_cognito_user_pool.this",
            "module.dynamodb.aws_dynamodb_table.user_table",
            "module.iam.aws_iam_role.lambda_execution_role",
            "module.lambda.aws_lambda_function.create_user",
            "module.lambda.aws_lambda_function.delete_user",
            "module.lambda.aws_lambda_function.get_user",
            "module.lambda.aws_lambda_function.post_confirmation",
            "module.lambda.aws_lambda_function.update_user"
          ]
        }
      ]
    },
    {
      "module": "module.apigateway",
      "mode": "managed",
      "type": "aws_api_gateway_method",
      "name": "create_user",
      "provider": "provider[\"registry.terraform.io/hashicorp/aws\"]",
      "instances": [
        {
          "schema_version": 0,
          "attributes": {
            "api_key_required": false,
            "authorization": "COGNITO_USER_POOLS",
            "authorization_scopes": null,
            "authorizer_id": "2lyrtu",
            "http_method": "POST",
            "id": "agm-j64fplf9md-xsrb2i-POST",
            "operation_name": null,
            "request_models": null,
            "request_parameters": null,
            "request_validator_id": null,
            "resource_id": "xsrb2i",
            "rest_api_id": "j64fplf9md"
          },
          "sensitive_attributes": [],
          "private": "bnVsbA==",
          "dependencies": [
            "module.apigateway.aws_api_gateway_authorizer.cognito_authorizer",
            "module.apigateway.aws_api_gateway_resource.api",
            "module.apigateway.aws_api_gateway_resource.user",
            "module.apigateway.aws_api_gateway_resource.users",
            "module.apigateway.aws_api_gateway_resource.v1",
            "module.apigateway.aws_api_gateway_rest_api.this",
            "module.cognito.aws_cognito_user_pool.this",
            "module.dynamodb.aws_dynamodb_table.user_table",
            "module.iam.aws_iam_role.lambda_execution_role",
            "module.lambda.aws_lambda_function.post_confirmation"
          ]
        }
      ]
    },
    {
      "module": "module.apigateway",
      "mode": "managed",
      "type": "aws_api_gateway_method",
      "name": "delete_user",
      "provider": "provider[\"registry.terraform.io/hashicorp/aws\"]",
      "instances": [
        {
          "schema_version": 0,
          "attributes": {
            "api_key_required": false,
            "authorization": "COGNITO_USER_POOLS",
            "authorization_scopes": null,
            "authorizer_id": "2lyrtu",
            "http_method": "DELETE",
            "id": "agm-j64fplf9md-xsrb2i-DELETE",
            "operation_name": null,
            "request_models": null,
            "request_parameters": {
              "method.request.path.user_id": true
            },
            "request_validator_id": null,
            "resource_id": "xsrb2i",
            "rest_api_id": "j64fplf9md"
          },
          "sensitive_attributes": [],
          "private": "bnVsbA==",
          "dependencies": [
            "module.apigateway.aws_api_gateway_authorizer.cognito_authorizer",
            "module.apigateway.aws_api_gateway_resource.api",
            "module.apigateway.aws_api_gateway_resource.user",
            "module.apigateway.aws_api_gateway_resource.users",
            "module.apigateway.aws_api_gateway_resource.v1",
            "module.apigateway.aws_api_gateway_rest_api.this",
            "module.cognito.aws_cognito_user_pool.this",
            "module.dynamodb.aws_dynamodb_table.user_table",
            "module.iam.aws_iam_role.lambda_execution_role",
            "module.lambda.aws_lambda_function.post_confirmation"
          ]
        }
      ]
    },
    {
      "module": "module.apigateway",
      "mode": "managed",
      "type": "aws_api_gateway_method",
      "name": "get_user",
      "provider": "provider[\"registry.terraform.io/hashicorp/aws\"]",
      "instances": [
        {
          "schema_version": 0,
          "attributes": {
            "api_key_required": false,
            "authorization": "COGNITO_USER_POOLS",
            "authorization_scopes": null,
            "authorizer_id": "2lyrtu",
            "http_method": "GET",
            "id": "agm-j64fplf9md-xsrb2i-GET",
            "operation_name": null,
            "request_models": null,
            "request_parameters": {
              "method.request.path.user_id": true
            },
            "request_validator_id": null,
            "resource_id": "xsrb2i",
            "rest_api_id": "j64fplf9md"
          },
          "sensitive_attributes": [],
          "private": "bnVsbA==",
          "dependencies": [
            "module.apigateway.aws_api_gateway_authorizer.cognito_authorizer",
            "module.apigateway.aws_api_gateway_resource.api",
            "module.apigateway.aws_api_gateway_resource.user",
            "module.apigateway.aws_api_gateway_resource.users",
            "module.apigateway.aws_api_gateway_resource.v1",
            "module.apigateway.aws_api_gateway_rest_api.this",
            "module.cognito.aws_cognito_user_pool.this",
            "module.dynamodb.aws_dynamodb_table.user_table",
            "module.iam.aws_iam_role.lambda_execution_role",
            "module.lambda.aws_lambda_function.post_confirmation"
          ]
        }
      ]
    },
    {
      "module": "module.apigateway",
      "mode": "managed",
      "type": "aws_api_gateway_method",
      "name": "update_user",
      "provider": "provider[\"registry.terraform.io/hashicorp/aws\"]",
      "instances": [
        {
          "schema_version": 0,
          "attributes": {
            "api_key_required": false,
            "authorization": "COGNITO_USER_POOLS",
            "authorization_scopes": null,
            "authorizer_id": "2lyrtu",
            "http_method": "PUT",
            "id": "agm-j64fplf9md-xsrb2i-PUT",
            "operation_name": null,
            "request_models": null,
            "request_parameters": {
              "method.request.path.user_id": true
            },
            "request_validator_id": null,
            "resource_id": "xsrb2i",
            "rest_api_id": "j64fplf9md"
          },
          "sensitive_attributes": [],
          "private": "bnVsbA==",
          "dependencies": [
            "module.apigateway.aws_api_gateway_authorizer.cognito_authorizer",
            "module.apigateway.aws_api_gateway_resource.api",
            "module.apigateway.aws_api_gateway_resource.user",
            "module.apigateway.aws_api_gateway_resource.users",
            "module.apigateway.aws_api_gateway_resource.v1",
            "module.apigateway.aws_api_gateway_rest_api.this",
            "module.cognito.aws_cognito_user_pool.this",
            "module.dynamodb.aws_dynamodb_table.user_table",
            "module.iam.aws_iam_role.lambda_execution_role",
            "module.lambda.aws_lambda_function.post_confirmation"
          ]
        }
      ]
    },
    {
      "module": "module.apigateway",
      "mode": "managed",
      "type": "aws_api_gateway_resource",
      "name": "api",
      "provider": "provider[\"registry.terraform.io/hashicorp/aws\"]",
      "instances": [
        {
          "schema_version": 0,
          "attributes": {
            "id": "7pj29g",
            "parent_id": "20xxf8h132",
            "path": "/api",
            "path_part": "api",
            "rest_api_id": "j64fplf9md"
          },
          "sensitive_attributes": [],
          "private": "bnVsbA==",
          "dependencies": [
            "module.apigateway.aws_api_gateway_rest_api.this"
          ]
        }
      ]
    },
    {
      "module": "module.apigateway",
      "mode": "managed",
      "type": "aws_api_gateway_resource",
      "name": "user",
      "provider": "provider[\"registry.terraform.io/hashicorp/aws\"]",
      "instances": [
        {
          "schema_version": 0,
          "attributes": {
            "id": "xsrb2i",
            "parent_id": "m4pnt6",
            "path": "/api/v1/users/{user_id}",
            "path_part": "{user_id}",
            "rest_api_id": "j64fplf9md"
          },
          "sensitive_attributes": [],
          "private": "bnVsbA==",
          "dependencies": [
            "module.apigateway.aws_api_gateway_resource.api",
            "module.apigateway.aws_api_gateway_resource.users",
            "module.apigateway.aws_api_gateway_resource.v1",
            "module.apigateway.aws_api_gateway_rest_api.this"
          ]
        }
      ]
    },
    {
      "module": "module.apigateway",
      "mode": "managed",
      "type": "aws_api_gateway_resource",
      "name": "users",
      "provider": "provider[\"registry.terraform.io/hashicorp/aws\"]",
      "instances": [
        {
          "schema_version": 0,
          "attributes": {
            "id": "m4pnt6",
            "parent_id": "dpljy5",
            "path": "/api/v1/users",
            "path_part": "users",
            "rest_api_id": "j64fplf9md"
          },
          "sensitive_attributes": [],
          "private": "bnVsbA==",
          "dependencies": [
            "module.apigateway.aws_api_gateway_resource.api",
            "module.apigateway.aws_api_gateway_resource.v1",
            "module.apigateway.aws_api_gateway_rest_api.this"
          ]
        }
      ]
    },
    {
      "module": "module.apigateway",
      "mode": "managed",
      "type": "aws_api_gateway_resource",
      "name": "v1",
      "provider": "provider[\"registry.terraform.io/hashicorp/aws\"]",
      "instances": [
        {
          "schema_version": 0,
          "attributes": {
            "id": "dpljy5",
            "parent_id": "7pj29g",
            "path": "/api/v1",
            "path_part": "v1",
            "rest_api_id": "j64fplf9md"
          },
          "sensitive_attributes": [],
          "private": "bnVsbA==",
          "dependencies": [
            "module.apigateway.aws_api_gateway_resource.api",
            "module.apigateway.aws_api_gateway_rest_api.this"
          ]
        }
      ]
    },
    {
      "module": "module.apigateway",
      "mode": "managed",
      "type": "aws_api_gateway_rest_api",
      "name": "this",
      "provider": "provider[\"registry.terraform.io/hashicorp/aws\"]",
      "instances": [
        {
          "schema_version": 0,
          "attributes": {
            "api_key_source": "HEADER",
            "arn": "arn:aws:apigateway:eu-west-1::/restapis/j64fplf9md",
            "binary_media_types": [],
            "body": null,
            "created_date": "2025-01-28T14:19:27Z",
            "description": "API for User Management",
            "disable_execute_api_endpoint": false,
            "endpoint_configuration": [
              {
                "types": [
                  "EDGE"
                ],
                "vpc_endpoint_ids": []
              }
            ],
            "execution_arn": "arn:aws:execute-api:eu-west-1:438465134937:j64fplf9md",
            "fail_on_warnings": null,
            "id": "j64fplf9md",
            "minimum_compression_size": "",
            "name": "UserManagementAPI",
            "parameters": null,
            "policy": "",
            "put_rest_api_mode": null,
            "root_resource_id": "20xxf8h132",
            "tags": null,
            "tags_all": {}
          },
          "sensitive_attributes": [],
          "private": "bnVsbA=="
        }
      ]
    },
    {
      "module": "module.cognito",
      "mode": "managed",
      "type": "aws_cognito_user_group",
      "name": "admins",
      "provider": "provider[\"registry.terraform.io/hashicorp/aws\"]",
      "instances": [
        {
          "schema_version": 0,
          "attributes": {
            "description": "Administrators group",
            "id": "eu-west-1_6Zcqd3V3z/Admins",
            "name": "Admins",
            "precedence": 1,
            "role_arn": "",
            "user_pool_id": "eu-west-1_6Zcqd3V3z"
          },
          "sensitive_attributes": [],
          "private": "bnVsbA==",
          "dependencies": [
            "module.cognito.aws_cognito_user_pool.this",
            "module.dynamodb.aws_dynamodb_table.user_table",
            "module.iam.aws_iam_role.lambda_execution_role",
            "module.lambda.aws_lambda_function.post_confirmation"
          ]
        }
      ]
    },
    {
      "module": "module.cognito",
      "mode": "managed",
      "type": "aws_cognito_user_group",
      "name": "users",
      "provider": "provider[\"registry.terraform.io/hashicorp/aws\"]",
      "instances": [
        {
          "schema_version": 0,
          "attributes": {
            "description": "Regular users group",
            "id": "eu-west-1_6Zcqd3V3z/Users",
            "name": "Users",
            "precedence": 2,
            "role_arn": "",
            "user_pool_id": "eu-west-1_6Zcqd3V3z"
          },
          "sensitive_attributes": [],
          "private": "bnVsbA==",
          "dependencies": [
            "module.cognito.aws_cognito_user_pool.this",
            "module.dynamodb.aws_dynamodb_table.user_table",
            "module.iam.aws_iam_role.lambda_execution_role",
            "module.lambda.aws_lambda_function.post_confirmation"
          ]
        }
      ]
    },
    {
      "module": "module.cognito",
      "mode": "managed",
      "type": "aws_cognito_user_pool",
      "name": "this",
      "provider": "provider[\"registry.terraform.io/hashicorp/aws\"]",
      "instances": [
        {
          "schema_version": 0,
          "attributes": {
            "account_recovery_setting": [
              {
                "recovery_mechanism": [
                  {
                    "name": "verified_email",
                    "priority": 1
                  },
                  {
                    "name": "verified_phone_number",
                    "priority": 2
                  }
                ]
              }
            ],
            "admin_create_user_config": [
              {
                "allow_admin_create_user_only": false,
                "invite_message_template": []
              }
            ],
            "alias_attributes": null,
            "arn": "arn:aws:cognito-idp:eu-west-1:438465134937:userpool/eu-west-1_6Zcqd3V3z",
            "auto_verified_attributes": [
              "email"
            ],
            "creation_date": "2025-01-28T14:20:19Z",
            "custom_domain": "",
            "deletion_protection": "INACTIVE",
            "device_configuration": [],
            "domain": "",
            "email_configuration": [
              {
                "configuration_set": "",
                "email_sending_account": "COGNITO_DEFAULT",
                "from_email_address": "",
                "reply_to_email_address": "",
                "source_arn": ""
              }
            ],
            "email_mfa_configuration": [],
            "email_verification_message": "",
            "email_verification_subject": "",
            "endpoint": "cognito-idp.eu-west-1.amazonaws.com/eu-west-1_6Zcqd3V3z",
            "estimated_number_of_users": 0,
            "id": "eu-west-1_6Zcqd3V3z",
            "lambda_config": [
              {
                "create_auth_challenge": "",
                "custom_email_sender": [],
                "custom_message": "",
                "custom_sms_sender": [],
                "define_auth_challenge": "",
                "kms_key_id": "",
                "post_authentication": "",
                "post_confirmation": "arn:aws:lambda:eu-west-1:438465134937:function:user-management-post-confirmation",
                "pre_authentication": "",
                "pre_sign_up": "",
                "pre_token_generation": "",
                "pre_token_generation_config": [],
                "user_migration": "",
                "verify_auth_challenge_response": ""
              }
            ],
            "last_modified_date": "2025-01-28T14:20:19Z",
            "mfa_configuration": "OFF",
            "name": "user-management-pool",
            "password_policy": [
              {
                "minimum_length": 8,
                "password_history_size": 0,
                "require_lowercase": true,
                "require_numbers": true,
                "require_symbols": true,
                "require_uppercase": true,
                "temporary_password_validity_days": 7
              }
            ],
            "schema": [],
            "sign_in_policy": [
              {
                "allowed_first_auth_factors": [
                  "PASSWORD"
                ]
              }
            ],
            "sms_authentication_message": "",
            "sms_configuration": [],
            "sms_verification_message": "",
            "software_token_mfa_configuration": [],
            "tags": null,
            "tags_all": {},
            "user_attribute_update_settings": [],
            "user_pool_add_ons": [],
            "user_pool_tier": "ESSENTIALS",
            "username_attributes": null,
            "username_configuration": [],
            "verification_message_template": [
              {
                "default_email_option": "CONFIRM_WITH_CODE",
                "email_message": "",
                "email_message_by_link": "",
                "email_subject": "",
                "email_subject_by_link": "",
                "sms_message": ""
              }
            ],
            "web_authn_configuration": []
          },
          "sensitive_attributes": [],
          "private": "bnVsbA==",
          "dependencies": [
            "module.dynamodb.aws_dynamodb_table.user_table",
            "module.iam.aws_iam_role.lambda_execution_role",
            "module.lambda.aws_lambda_function.post_confirmation"
          ]
        }
      ]
    },
    {
      "module": "module.cognito",
      "mode": "managed",
      "type": "aws_cognito_user_pool_client",
      "name": "this",
      "provider": "provider[\"registry.terraform.io/hashicorp/aws\"]",
      "instances": [
        {
          "schema_version": 0,
          "attributes": {
            "access_token_validity": 0,
            "allowed_oauth_flows": [
              "code"
            ],
            "allowed_oauth_flows_user_pool_client": true,
            "allowed_oauth_scopes": [
              "aws.cognito.signin.user.admin",
              "email",
              "openid",
              "phone",
              "profile"
            ],
            "analytics_configuration": [],
            "auth_session_validity": 3,
            "callback_urls": [
              "https://example.com/callback"
            ],
            "client_secret": "",
            "default_redirect_uri": "",
            "enable_propagate_additional_user_context_data": false,
            "enable_token_revocation": true,
            "explicit_auth_flows": [
              "ALLOW_REFRESH_TOKEN_AUTH",
              "ALLOW_USER_SRP_AUTH"
            ],
            "generate_secret": null,
            "id": "nekrnss751n677n0kk5gv799r",
            "id_token_validity": 0,
            "logout_urls": [],
            "name": "user-management-client",
            "prevent_user_existence_errors": "",
            "read_attributes": [],
            "refresh_token_validity": 30,
            "supported_identity_providers": [],
            "token_validity_units": [],
            "user_pool_id": "eu-west-1_6Zcqd3V3z",
            "write_attributes": []
          },
          "sensitive_attributes": [
            [
              {
                "type": "get_attr",
                "value": "client_secret"
              }
            ]
          ],
          "dependencies": [
            "module.cognito.aws_cognito_user_pool.this",
            "module.dynamodb.aws_dynamodb_table.user_table",
            "module.iam.aws_iam_role.lambda_execution_role",
            "module.lambda.aws_lambda_function.post_confirmation"
          ]
        }
      ]
    },
    {
      "module": "module.dynamodb",
      "mode": "managed",
      "type": "aws_dynamodb_table",
      "name": "user_table",
      "provider": "provider[\"registry.terraform.io/hashicorp/aws\"]",
      "instances": [
        {
          "schema_version": 1,
          "attributes": {
            "arn": "arn:aws:dynamodb:eu-west-1:438465134937:table/users",
            "attribute": [
              {
                "name": "email",
                "type": "S"
              },
              {
                "name": "user_id",
                "type": "S"
              },
              {
                "name": "username",
                "type": "S"
              }
            ],
            "billing_mode": "PAY_PER_REQUEST",
            "deletion_protection_enabled": false,
            "global_secondary_index": [
              {
                "hash_key": "email",
                "name": "EmailIndex",
                "non_key_attributes": [],
                "on_demand_throughput": [],
                "projection_type": "ALL",
                "range_key": "",
                "read_capacity": 0,
                "write_capacity": 0
              },
              {
                "hash_key": "username",
                "name": "NameIndex",
                "non_key_attributes": [],
                "on_demand_throughput": [],
                "projection_type": "ALL",
                "range_key": "",
                "read_capacity": 0,
                "write_capacity": 0
              }
            ],
            "hash_key": "user_id",
            "id": "users",
            "import_table": [],
            "local_secondary_index": [],
            "name": "users",
            "on_demand_throughput": [],
            "point_in_time_recovery": [
              {
                "enabled": false
              }
            ],
            "range_key": null,
            "read_capacity": 0,
            "replica": [],
            "restore_date_time": null,
            "restore_source_name": null,
            "restore_source_table_arn": null,
            "restore_to_latest_time": null,
            "server_side_encryption": [
              {
                "enabled": true,
                "kms_key_arn": ""
              }
            ],
            "stream_arn": "",
            "stream_enabled": false,
            "stream_label": "",
            "stream_view_type": "",
            "table_class": "STANDARD",
            "tags": {
              "Environment": "dev",
              "Project": "user-management"
            },
            "tags_all": {
              "Environment": "dev",
              "Project": "user-management"
            },
            "timeouts": null,
            "ttl": [
              {
                "attribute_name": "",
                "enabled": false
              }
            ],
            "write_capacity": 0
          },
          "sensitive_attributes": [],
          "private": "eyJlMmJmYjczMC1lY2FhLTExZTYtOGY4OC0zNDM2M2JjN2M0YzAiOnsiY3JlYXRlIjoxODAwMDAwMDAwMDAwLCJkZWxldGUiOjYwMDAwMDAwMDAwMCwidXBkYXRlIjozNjAwMDAwMDAwMDAwfSwic2NoZW1hX3ZlcnNpb24iOiIxIn0="
        }
      ]
    },
    {
      "module": "module.iam",
      "mode": "data",
      "type": "aws_caller_identity",
      "name": "current",
      "provider": "provider[\"registry.terraform.io/hashicorp/aws\"]",
      "instances": [
        {
          "schema_version": 0,
          "attributes": {
            "account_id": "438465134937",
            "arn": "arn:aws:iam::438465134937:user/mahmoud.equilux",
            "id": "438465134937",
            "user_id": "AIDAWMFUPAFM5YYA4INXL"
          },
          "sensitive_attributes": []
        }
      ]
    },
    {
      "module": "module.iam",
      "mode": "managed",
      "type": "aws_iam_role",
      "name": "lambda_execution_role",
      "provider": "provider[\"registry.terraform.io/hashicorp/aws\"]",
      "instances": [
        {
          "schema_version": 0,
          "attributes": {
            "arn": "arn:aws:iam::438465134937:role/lambda-execution-role",
            "assume_role_policy": "{\"Statement\":[{\"Action\":\"sts:AssumeRole\",\"Effect\":\"Allow\",\"Principal\":{\"Service\":\"lambda.amazonaws.com\"}}],\"Version\":\"2012-10-17\"}",
            "create_date": "2025-01-28T14:19:27Z",
            "description": "",
            "force_detach_policies": false,
            "id": "lambda-execution-role",
            "inline_policy": [],
            "managed_policy_arns": [],
            "max_session_duration": 3600,
            "name": "lambda-execution-role",
            "name_prefix": "",
            "path": "/",
            "permissions_boundary": "",
            "tags": null,
            "tags_all": {},
            "unique_id": "AROAWMFUPAFM3JIU7LGDD"
          },
          "sensitive_attributes": [],
          "private": "bnVsbA=="
        }
      ]
    },
    {
      "module": "module.iam",
      "mode": "managed",
      "type": "aws_iam_role_policy",
      "name": "lambda_policy",
      "provider": "provider[\"registry.terraform.io/hashicorp/aws\"]",
      "instances": [
        {
          "schema_version": 0,
          "attributes": {
            "id": "lambda-execution-role:lambda-policy",
            "name": "lambda-policy",
            "name_prefix": "",
            "policy": "{\"Version\":\"2012-10-17\",\"Statement\":[{\"Action\":[\"dynamodb:PutItem\",\"dynamodb:GetItem\",\"dynamodb:UpdateItem\",\"dynamodb:DeleteItem\"],\"Effect\":\"Allow\",\"Resource\":\"arn:aws:dynamodb:eu-west-1:438465134937:table/users\"},{\"Action\":[\"logs:CreateLogGroup\",\"logs:CreateLogStream\",\"logs:PutLogEvents\"],\"Effect\":\"Allow\",\"Resource\":\"*\"}]}",
            "role": "lambda-execution-role"
          },
          "sensitive_attributes": [],
          "private": "bnVsbA==",
          "dependencies": [
            "module.dynamodb.aws_dynamodb_table.user_table",
            "module.iam.aws_iam_role.lambda_execution_role",
            "module.iam.data.aws_caller_identity.current"
          ]
        }
      ]
    },
    {
      "module": "module.iam",
      "mode": "managed",
      "type": "aws_lambda_permission",
      "name": "allow_cognito",
      "provider": "provider[\"registry.terraform.io/hashicorp/aws\"]",
      "instances": [
        {
          "schema_version": 0,
          "attributes": {
            "action": "lambda:InvokeFunction",
            "event_source_token": null,
            "function_name": "arn:aws:lambda:eu-west-1:438465134937:function:user-management-post-confirmation",
            "function_url_auth_type": null,
            "id": "AllowExecutionFromCognito",
            "principal": "cognito-idp.amazonaws.com",
            "principal_org_id": null,
            "qualifier": "",
            "source_account": null,
            "source_arn": "arn:aws:cognito-idp:eu-west-1:438465134937:userpool/eu-west-1_6Zcqd3V3z",
            "statement_id": "AllowExecutionFromCognito",
            "statement_id_prefix": ""
          },
          "sensitive_attributes": [],
          "private": "bnVsbA==",
          "dependencies": [
            "module.cognito.aws_cognito_user_pool.this",
            "module.dynamodb.aws_dynamodb_table.user_table",
            "module.iam.aws_iam_role.lambda_execution_role",
            "module.lambda.aws_lambda_function.post_confirmation"
          ]
        }
      ]
    },
    {
      "module": "module.lambda",
      "mode": "managed",
      "type": "aws_lambda_function",
      "name": "create_user",
      "provider": "provider[\"registry.terraform.io/hashicorp/aws\"]",
      "instances": [
        {
          "schema_version": 0,
          "attributes": {
            "architectures": [
              "x86_64"
            ],
            "arn": "arn:aws:lambda:eu-west-1:438465134937:function:user-management-create",
            "code_sha256": "6z3fJTdRXHqH4XeaZpW7cGxjgn+vgKfGMRRE/phJiyU=",
            "code_signing_config_arn": "",
            "dead_letter_config": [],
            "description": "",
            "environment": [
              {
                "variables": {
                  "TABLE_NAME": "users"
                }
              }
            ],
            "ephemeral_storage": [
              {
                "size": 512
              }
            ],
            "file_system_config": [],
            "filename": "./lambda_functions/create_user.zip",
            "function_name": "user-management-create",
            "handler": "index.handler",
            "id": "user-management-create",
            "image_config": [],
            "image_uri": "",
            "invoke_arn": "arn:aws:apigateway:eu-west-1:lambda:path/2015-03-31/functions/arn:aws:lambda:eu-west-1:438465134937:function:user-management-create/invocations",
            "kms_key_arn": "",
            "last_modified": "2025-01-28T14:20:36.831+0000",
            "layers": null,
            "logging_config": [
              {
                "application_log_level": "",
                "log_format": "Text",
                "log_group": "/aws/lambda/user-management-create",
                "system_log_level": ""
              }
            ],
            "memory_size": 128,
            "package_type": "Zip",
            "publish": false,
            "qualified_arn": "arn:aws:lambda:eu-west-1:438465134937:function:user-management-create:$LATEST",
            "qualified_invoke_arn": "arn:aws:apigateway:eu-west-1:lambda:path/2015-03-31/functions/arn:aws:lambda:eu-west-1:438465134937:function:user-management-create:$LATEST/invocations",
            "replace_security_groups_on_destroy": null,
            "replacement_security_group_ids": null,
            "reserved_concurrent_executions": -1,
            "role": "arn:aws:iam::438465134937:role/lambda-execution-role",
            "runtime": "nodejs18.x",
            "s3_bucket": null,
            "s3_key": null,
            "s3_object_version": null,
            "signing_job_arn": "",
            "signing_profile_version_arn": "",
            "skip_destroy": false,
            "snap_start": [],
            "source_code_hash": "",
            "source_code_size": 481,
            "tags": null,
            "tags_all": {},
            "timeout": 3,
            "timeouts": null,
            "tracing_config": [
              {
                "mode": "PassThrough"
              }
            ],
            "version": "$LATEST",
            "vpc_config": []
          },
          "sensitive_attributes": [],
          "private": "eyJlMmJmYjczMC1lY2FhLTExZTYtOGY4OC0zNDM2M2JjN2M0YzAiOnsiY3JlYXRlIjo2MDAwMDAwMDAwMDAsImRlbGV0ZSI6NjAwMDAwMDAwMDAwLCJ1cGRhdGUiOjYwMDAwMDAwMDAwMH19",
          "dependencies": [
            "module.dynamodb.aws_dynamodb_table.user_table",
            "module.iam.aws_iam_role.lambda_execution_role"
          ]
        }
      ]
    },
    {
      "module": "module.lambda",
      "mode": "managed",
      "type": "aws_lambda_function",
      "name": "delete_user",
      "provider": "provider[\"registry.terraform.io/hashicorp/aws\"]",
      "instances": [
        {
          "schema_version": 0,
          "attributes": {
            "architectures": [
              "x86_64"
            ],
            "arn": "arn:aws:lambda:eu-west-1:438465134937:function:user-management-delete",
            "code_sha256": "W3Z3bXOi7C+z/kiipOQWJpA5ChxQ+w7vh8LgjhokfFg=",
            "code_signing_config_arn": "",
            "dead_letter_config": [],
            "description": "",
            "environment": [
              {
                "variables": {
                  "TABLE_NAME": "users"
                }
              }
            ],
            "ephemeral_storage": [
              {
                "size": 512
              }
            ],
            "file_system_config": [],
            "filename": "./lambda_functions/delete_user.zip",
            "function_name": "user-management-delete",
            "handler": "index.handler",
            "id": "user-management-delete",
            "image_config": [],
            "image_uri": "",
            "invoke_arn": "arn:aws:apigateway:eu-west-1:lambda:path/2015-03-31/functions/arn:aws:lambda:eu-west-1:438465134937:function:user-management-delete/invocations",
            "kms_key_arn": "",
            "last_modified": "2025-01-28T14:20:46.812+0000",
            "layers": null,
            "logging_config": [
              {
                "application_log_level": "",
                "log_format": "Text",
                "log_group": "/aws/lambda/user-management-delete",
                "system_log_level": ""
              }
            ],
            "memory_size": 128,
            "package_type": "Zip",
            "publish": false,
            "qualified_arn": "arn:aws:lambda:eu-west-1:438465134937:function:user-management-delete:$LATEST",
            "qualified_invoke_arn": "arn:aws:apigateway:eu-west-1:lambda:path/2015-03-31/functions/arn:aws:lambda:eu-west-1:438465134937:function:user-management-delete:$LATEST/invocations",
            "replace_security_groups_on_destroy": null,
            "replacement_security_group_ids": null,
            "reserved_concurrent_executions": -1,
            "role": "arn:aws:iam::438465134937:role/lambda-execution-role",
            "runtime": "nodejs18.x",
            "s3_bucket": null,
            "s3_key": null,
            "s3_object_version": null,
            "signing_job_arn": "",
            "signing_profile_version_arn": "",
            "skip_destroy": false,
            "snap_start": [],
            "source_code_hash": "",
            "source_code_size": 472,
            "tags": null,
            "tags_all": {},
            "timeout": 3,
            "timeouts": null,
            "tracing_config": [
              {
                "mode": "PassThrough"
              }
            ],
            "version": "$LATEST",
            "vpc_config": []
          },
          "sensitive_attributes": [],
          "private": "eyJlMmJmYjczMC1lY2FhLTExZTYtOGY4OC0zNDM2M2JjN2M0YzAiOnsiY3JlYXRlIjo2MDAwMDAwMDAwMDAsImRlbGV0ZSI6NjAwMDAwMDAwMDAwLCJ1cGRhdGUiOjYwMDAwMDAwMDAwMH19",
          "dependencies": [
            "module.dynamodb.aws_dynamodb_table.user_table",
            "module.iam.aws_iam_role.lambda_execution_role"
          ]
        }
      ]
    },
    {
      "module": "module.lambda",
      "mode": "managed",
      "type": "aws_lambda_function",
      "name": "get_user",
      "provider": "provider[\"registry.terraform.io/hashicorp/aws\"]",
      "instances": [
        {
          "schema_version": 0,
          "attributes": {
            "architectures": [
              "x86_64"
            ],
            "arn": "arn:aws:lambda:eu-west-1:438465134937:function:user-management-get",
            "code_sha256": "07O7F4VfdJxwArE/B6pynZomb1QYFyW8HMizz8ocADs=",
            "code_signing_config_arn": "",
            "dead_letter_config": [],
            "description": "",
            "environment": [
              {
                "variables": {
                  "TABLE_NAME": "users"
                }
              }
            ],
            "ephemeral_storage": [
              {
                "size": 512
              }
            ],
            "file_system_config": [],
            "filename": "./lambda_functions/get_user.zip",
            "function_name": "user-management-get",
            "handler": "index.handler",
            "id": "user-management-get",
            "image_config": [],
            "image_uri": "",
            "invoke_arn": "arn:aws:apigateway:eu-west-1:lambda:path/2015-03-31/functions/arn:aws:lambda:eu-west-1:438465134937:function:user-management-get/invocations",
            "kms_key_arn": "",
            "last_modified": "2025-01-28T14:20:27.359+0000",
            "layers": null,
            "logging_config": [
              {
                "application_log_level": "",
                "log_format": "Text",
                "log_group": "/aws/lambda/user-management-get",
                "system_log_level": ""
              }
            ],
            "memory_size": 128,
            "package_type": "Zip",
            "publish": false,
            "qualified_arn": "arn:aws:lambda:eu-west-1:438465134937:function:user-management-get:$LATEST",
            "qualified_invoke_arn": "arn:aws:apigateway:eu-west-1:lambda:path/2015-03-31/functions/arn:aws:lambda:eu-west-1:438465134937:function:user-management-get:$LATEST/invocations",
            "replace_security_groups_on_destroy": null,
            "replacement_security_group_ids": null,
            "reserved_concurrent_executions": -1,
            "role": "arn:aws:iam::438465134937:role/lambda-execution-role",
            "runtime": "nodejs18.x",
            "s3_bucket": null,
            "s3_key": null,
            "s3_object_version": null,
            "signing_job_arn": "",
            "signing_profile_version_arn": "",
            "skip_destroy": false,
            "snap_start": [],
            "source_code_hash": "",
            "source_code_size": 501,
            "tags": null,
            "tags_all": {},
            "timeout": 3,
            "timeouts": null,
            "tracing_config": [
              {
                "mode": "PassThrough"
              }
            ],
            "version": "$LATEST",
            "vpc_config": []
          },
          "sensitive_attributes": [],
          "private": "eyJlMmJmYjczMC1lY2FhLTExZTYtOGY4OC0zNDM2M2JjN2M0YzAiOnsiY3JlYXRlIjo2MDAwMDAwMDAwMDAsImRlbGV0ZSI6NjAwMDAwMDAwMDAwLCJ1cGRhdGUiOjYwMDAwMDAwMDAwMH19",
          "dependencies": [
            "module.dynamodb.aws_dynamodb_table.user_table",
            "module.iam.aws_iam_role.lambda_execution_role"
          ]
        }
      ]
    },
    {
      "module": "module.lambda",
      "mode": "managed",
      "type": "aws_lambda_function",
      "name": "post_confirmation",
      "provider": "provider[\"registry.terraform.io/hashicorp/aws\"]",
      "instances": [
        {
          "schema_version": 0,
          "attributes": {
            "architectures": [
              "x86_64"
            ],
            "arn": "arn:aws:lambda:eu-west-1:438465134937:function:user-management-post-confirmation",
            "code_sha256": "BVf/4GbxyZiBV1WpZeM5gNUO2gwQdOHXGKcSHx8jfCE=",
            "code_signing_config_arn": "",
            "dead_letter_config": [],
            "description": "",
            "environment": [
              {
                "variables": {
                  "TABLE_NAME": "users"
                }
              }
            ],
            "ephemeral_storage": [
              {
                "size": 512
              }
            ],
            "file_system_config": [],
            "filename": "./lambda_functions/post_confirmation.zip",
            "function_name": "user-management-post-confirmation",
            "handler": "post_confirmation.handler",
            "id": "user-management-post-confirmation",
            "image_config": [],
            "image_uri": "",
            "invoke_arn": "arn:aws:apigateway:eu-west-1:lambda:path/2015-03-31/functions/arn:aws:lambda:eu-west-1:438465134937:function:user-management-post-confirmation/invocations",
            "kms_key_arn": "",
            "last_modified": "2025-01-28T14:20:06.874+0000",
            "layers": null,
            "logging_config": [
              {
                "application_log_level": "",
                "log_format": "Text",
                "log_group": "/aws/lambda/user-management-post-confirmation",
                "system_log_level": ""
              }
            ],
            "memory_size": 128,
            "package_type": "Zip",
            "publish": false,
            "qualified_arn": "arn:aws:lambda:eu-west-1:438465134937:function:user-management-post-confirmation:$LATEST",
            "qualified_invoke_arn": "arn:aws:apigateway:eu-west-1:lambda:path/2015-03-31/functions/arn:aws:lambda:eu-west-1:438465134937:function:user-management-post-confirmation:$LATEST/invocations",
            "replace_security_groups_on_destroy": null,
            "replacement_security_group_ids": null,
            "reserved_concurrent_executions": -1,
            "role": "arn:aws:iam::438465134937:role/lambda-execution-role",
            "runtime": "nodejs18.x",
            "s3_bucket": null,
            "s3_key": null,
            "s3_object_version": null,
            "signing_job_arn": "",
            "signing_profile_version_arn": "",
            "skip_destroy": false,
            "snap_start": [],
            "source_code_hash": "",
            "source_code_size": 483,
            "tags": null,
            "tags_all": {},
            "timeout": 3,
            "timeouts": null,
            "tracing_config": [
              {
                "mode": "PassThrough"
              }
            ],
            "version": "$LATEST",
            "vpc_config": []
          },
          "sensitive_attributes": [],
          "private": "eyJlMmJmYjczMC1lY2FhLTExZTYtOGY4OC0zNDM2M2JjN2M0YzAiOnsiY3JlYXRlIjo2MDAwMDAwMDAwMDAsImRlbGV0ZSI6NjAwMDAwMDAwMDAwLCJ1cGRhdGUiOjYwMDAwMDAwMDAwMH19",
          "dependencies": [
            "module.dynamodb.aws_dynamodb_table.user_table",
            "module.iam.aws_iam_role.lambda_execution_role"
          ]
        }
      ]
    },
    {
      "module": "module.lambda",
      "mode": "managed",
      "type": "aws_lambda_function",
      "name": "update_user",
      "provider": "provider[\"registry.terraform.io/hashicorp/aws\"]",
      "instances": [
        {
          "schema_version": 0,
          "attributes": {
            "architectures": [
              "x86_64"
            ],
            "arn": "arn:aws:lambda:eu-west-1:438465134937:function:user-management-update",
            "code_sha256": "liQpZ/IC8gwsojmr/xR1nyZrwas8DWqpU50V2wC6Q9s=",
            "code_signing_config_arn": "",
            "dead_letter_config": [],
            "description": "",
            "environment": [
              {
                "variables": {
                  "TABLE_NAME": "users"
                }
              }
            ],
            "ephemeral_storage": [
              {
                "size": 512
              }
            ],
            "file_system_config": [],
            "filename": "./lambda_functions/update_user.zip",
            "function_name": "user-management-update",
            "handler": "index.handler",
            "id": "user-management-update",
            "image_config": [],
            "image_uri": "",
            "invoke_arn": "arn:aws:apigateway:eu-west-1:lambda:path/2015-03-31/functions/arn:aws:lambda:eu-west-1:438465134937:function:user-management-update/invocations",
            "kms_key_arn": "",
            "last_modified": "2025-01-28T14:20:16.756+0000",
            "layers": null,
            "logging_config": [
              {
                "application_log_level": "",
                "log_format": "Text",
                "log_group": "/aws/lambda/user-management-update",
                "system_log_level": ""
              }
            ],
            "memory_size": 128,
            "package_type": "Zip",
            "publish": false,
            "qualified_arn": "arn:aws:lambda:eu-west-1:438465134937:function:user-management-update:$LATEST",
            "qualified_invoke_arn": "arn:aws:apigateway:eu-west-1:lambda:path/2015-03-31/functions/arn:aws:lambda:eu-west-1:438465134937:function:user-management-update:$LATEST/invocations",
            "replace_security_groups_on_destroy": null,
            "replacement_security_group_ids": null,
            "reserved_concurrent_executions": -1,
            "role": "arn:aws:iam::438465134937:role/lambda-execution-role",
            "runtime": "nodejs18.x",
            "s3_bucket": null,
            "s3_key": null,
            "s3_object_version": null,
            "signing_job_arn": "",
            "signing_profile_version_arn": "",
            "skip_destroy": false,
            "snap_start": [],
            "source_code_hash": "",
            "source_code_size": 566,
            "tags": null,
            "tags_all": {},
            "timeout": 3,
            "timeouts": null,
            "tracing_config": [
              {
                "mode": "PassThrough"
              }
            ],
            "version": "$LATEST",
            "vpc_config": []
          },
          "sensitive_attributes": [],
          "private": "eyJlMmJmYjczMC1lY2FhLTExZTYtOGY4OC0zNDM2M2JjN2M0YzAiOnsiY3JlYXRlIjo2MDAwMDAwMDAwMDAsImRlbGV0ZSI6NjAwMDAwMDAwMDAwLCJ1cGRhdGUiOjYwMDAwMDAwMDAwMH19",
          "dependencies": [
            "module.dynamodb.aws_dynamodb_table.user_table",
            "module.iam.aws_iam_role.lambda_execution_role"
          ]
        }
      ]
    }
  ],
  "check_results": null
}
