{
  "version": 4,
  "terraform_version": "1.9.7",
  "serial": 340,
  "lineage": "0d41134f-1474-7ec2-71bb-92cc573f777e",
  "outputs": {},
  "resources": [
    {
      "module": "module.energy_trade.module.apigateway",
      "mode": "managed",
      "type": "aws_api_gateway_authorizer",
      "name": "cognito_authorizer",
      "provider": "module.energy_trade.provider[\"registry.terraform.io/hashicorp/aws\"]",
      "instances": [
        {
          "schema_version": 0,
          "attributes": {
            "arn": "arn:aws:apigateway:eu-west-1::/restapis/iazhdwj1xk/authorizers/skm7fc",
            "authorizer_credentials": "",
            "authorizer_result_ttl_in_seconds": 300,
            "authorizer_uri": "arn:aws:apigateway:eu-west-1:cognito-idp:aws:action/cognito-idp:authorize",
            "id": "skm7fc",
            "identity_source": "method.request.header.Authorization",
            "identity_validation_expression": "",
            "name": "CognitoAuthorizer",
            "provider_arns": [
              "arn:aws:cognito-idp:eu-west-1:438465134937:userpool/eu-west-1_1B9gRaY6l"
            ],
            "rest_api_id": "iazhdwj1xk",
            "type": "COGNITO_USER_POOLS"
          },
          "sensitive_attributes": [],
          "private": "bnVsbA==",
          "dependencies": [
            "module.energy_trade.module.apigateway.aws_api_gateway_rest_api.this",
            "module.user_managment.module.cognito.aws_cognito_user_pool.this"
          ]
        }
      ]
    },
    {
      "module": "module.energy_trade.module.apigateway",
      "mode": "managed",
      "type": "aws_api_gateway_integration",
      "name": "admin_delete_trade",
      "provider": "module.energy_trade.provider[\"registry.terraform.io/hashicorp/aws\"]",
      "instances": [
        {
          "schema_version": 0,
          "attributes": {
            "cache_key_parameters": null,
            "cache_namespace": "qo810x",
            "connection_id": "",
            "connection_type": "INTERNET",
            "content_handling": "",
            "credentials": "arn:aws:iam::438465134937:role/apigateway_admin_role",
            "http_method": "DELETE",
            "id": "agi-iazhdwj1xk-qo810x-DELETE",
            "integration_http_method": "POST",
            "passthrough_behavior": "WHEN_NO_TEMPLATES",
            "request_parameters": null,
            "request_templates": null,
            "resource_id": "qo810x",
            "rest_api_id": "iazhdwj1xk",
            "timeout_milliseconds": 29000,
            "tls_config": [],
            "type": "AWS_PROXY",
            "uri": "arn:aws:apigateway:eu-west-1:lambda:path/2015-03-31/functions/arn:aws:apigateway:eu-west-1:lambda:path/2015-03-31/functions/arn:aws:lambda:eu-west-1:438465134937:function:admin_trade_handler/invocations/invocations"
          },
          "sensitive_attributes": [],
          "private": "bnVsbA==",
          "dependencies": [
            "module.energy_trade.module.apigateway.aws_api_gateway_authorizer.cognito_authorizer",
            "module.energy_trade.module.apigateway.aws_api_gateway_method.admin_delete_trade",
            "module.energy_trade.module.apigateway.aws_api_gateway_resource.admin",
            "module.energy_trade.module.apigateway.aws_api_gateway_resource.admin_trade",
            "module.energy_trade.module.apigateway.aws_api_gateway_resource.admin_trades",
            "module.energy_trade.module.apigateway.aws_api_gateway_resource.api",
            "module.energy_trade.module.apigateway.aws_api_gateway_resource.v1",
            "module.energy_trade.module.apigateway.aws_api_gateway_rest_api.this",
            "module.energy_trade.module.dynamodb.aws_dynamodb_table.trades",
            "module.energy_trade.module.iam.aws_iam_role.apigateway_admin_role",
            "module.energy_trade.module.iam.aws_iam_role.lambda_admin_role",
            "module.energy_trade.module.lambda.aws_lambda_function.admin_trade_handler",
            "module.user_managment.module.cognito.aws_cognito_user_pool.this"
          ]
        }
      ]
    },
    {
      "module": "module.energy_trade.module.apigateway",
      "mode": "managed",
      "type": "aws_api_gateway_integration",
      "name": "admin_get_trade",
      "provider": "module.energy_trade.provider[\"registry.terraform.io/hashicorp/aws\"]",
      "instances": [
        {
          "schema_version": 0,
          "attributes": {
            "cache_key_parameters": null,
            "cache_namespace": "qo810x",
            "connection_id": "",
            "connection_type": "INTERNET",
            "content_handling": "",
            "credentials": "arn:aws:iam::438465134937:role/apigateway_admin_role",
            "http_method": "GET",
            "id": "agi-iazhdwj1xk-qo810x-GET",
            "integration_http_method": "POST",
            "passthrough_behavior": "WHEN_NO_TEMPLATES",
            "request_parameters": null,
            "request_templates": null,
            "resource_id": "qo810x",
            "rest_api_id": "iazhdwj1xk",
            "timeout_milliseconds": 29000,
            "tls_config": [],
            "type": "AWS_PROXY",
            "uri": "arn:aws:apigateway:eu-west-1:lambda:path/2015-03-31/functions/arn:aws:apigateway:eu-west-1:lambda:path/2015-03-31/functions/arn:aws:lambda:eu-west-1:438465134937:function:admin_trade_handler/invocations/invocations"
          },
          "sensitive_attributes": [],
          "private": "bnVsbA==",
          "dependencies": [
            "module.energy_trade.module.apigateway.aws_api_gateway_authorizer.cognito_authorizer",
            "module.energy_trade.module.apigateway.aws_api_gateway_method.admin_get_trade",
            "module.energy_trade.module.apigateway.aws_api_gateway_resource.admin",
            "module.energy_trade.module.apigateway.aws_api_gateway_resource.admin_trade",
            "module.energy_trade.module.apigateway.aws_api_gateway_resource.admin_trades",
            "module.energy_trade.module.apigateway.aws_api_gateway_resource.api",
            "module.energy_trade.module.apigateway.aws_api_gateway_resource.v1",
            "module.energy_trade.module.apigateway.aws_api_gateway_rest_api.this",
            "module.energy_trade.module.dynamodb.aws_dynamodb_table.trades",
            "module.energy_trade.module.iam.aws_iam_role.apigateway_admin_role",
            "module.energy_trade.module.iam.aws_iam_role.lambda_admin_role",
            "module.energy_trade.module.lambda.aws_lambda_function.admin_trade_handler",
            "module.user_managment.module.cognito.aws_cognito_user_pool.this"
          ]
        }
      ]
    },
    {
      "module": "module.energy_trade.module.apigateway",
      "mode": "managed",
      "type": "aws_api_gateway_integration",
      "name": "admin_get_trade_history",
      "provider": "module.energy_trade.provider[\"registry.terraform.io/hashicorp/aws\"]",
      "instances": [
        {
          "schema_version": 0,
          "attributes": {
            "cache_key_parameters": null,
            "cache_namespace": "eke2hu",
            "connection_id": "",
            "connection_type": "INTERNET",
            "content_handling": "",
            "credentials": "arn:aws:iam::438465134937:role/apigateway_admin_role",
            "http_method": "GET",
            "id": "agi-iazhdwj1xk-eke2hu-GET",
            "integration_http_method": "POST",
            "passthrough_behavior": "WHEN_NO_TEMPLATES",
            "request_parameters": null,
            "request_templates": null,
            "resource_id": "eke2hu",
            "rest_api_id": "iazhdwj1xk",
            "timeout_milliseconds": 29000,
            "tls_config": [],
            "type": "AWS_PROXY",
            "uri": "arn:aws:apigateway:eu-west-1:lambda:path/2015-03-31/functions/arn:aws:apigateway:eu-west-1:lambda:path/2015-03-31/functions/arn:aws:lambda:eu-west-1:438465134937:function:admin_trade_handler/invocations/invocations"
          },
          "sensitive_attributes": [],
          "private": "bnVsbA==",
          "dependencies": [
            "module.energy_trade.module.apigateway.aws_api_gateway_authorizer.cognito_authorizer",
            "module.energy_trade.module.apigateway.aws_api_gateway_method.admin_get_trade_history",
            "module.energy_trade.module.apigateway.aws_api_gateway_resource.admin",
            "module.energy_trade.module.apigateway.aws_api_gateway_resource.admin_trades",
            "module.energy_trade.module.apigateway.aws_api_gateway_resource.api",
            "module.energy_trade.module.apigateway.aws_api_gateway_resource.v1",
            "module.energy_trade.module.apigateway.aws_api_gateway_rest_api.this",
            "module.energy_trade.module.dynamodb.aws_dynamodb_table.trades",
            "module.energy_trade.module.iam.aws_iam_role.apigateway_admin_role",
            "module.energy_trade.module.iam.aws_iam_role.lambda_admin_role",
            "module.energy_trade.module.lambda.aws_lambda_function.admin_trade_handler",
            "module.user_managment.module.cognito.aws_cognito_user_pool.this"
          ]
        }
      ]
    },
    {
      "module": "module.energy_trade.module.apigateway",
      "mode": "managed",
      "type": "aws_api_gateway_integration",
      "name": "get_trade",
      "provider": "module.energy_trade.provider[\"registry.terraform.io/hashicorp/aws\"]",
      "instances": [
        {
          "schema_version": 0,
          "attributes": {
            "cache_key_parameters": null,
            "cache_namespace": "o1pa00",
            "connection_id": "",
            "connection_type": "INTERNET",
            "content_handling": "",
            "credentials": "arn:aws:iam::438465134937:role/apigateway_role",
            "http_method": "GET",
            "id": "agi-iazhdwj1xk-o1pa00-GET",
            "integration_http_method": "POST",
            "passthrough_behavior": "WHEN_NO_TEMPLATES",
            "request_parameters": null,
            "request_templates": null,
            "resource_id": "o1pa00",
            "rest_api_id": "iazhdwj1xk",
            "timeout_milliseconds": 29000,
            "tls_config": [],
            "type": "AWS_PROXY",
            "uri": "arn:aws:apigateway:eu-west-1:lambda:path/2015-03-31/functions/arn:aws:apigateway:eu-west-1:lambda:path/2015-03-31/functions/arn:aws:lambda:eu-west-1:438465134937:function:user_trade_handler/invocations/invocations"
          },
          "sensitive_attributes": [],
          "private": "bnVsbA==",
          "dependencies": [
            "module.energy_trade.module.apigateway.aws_api_gateway_authorizer.cognito_authorizer",
            "module.energy_trade.module.apigateway.aws_api_gateway_method.get_trade",
            "module.energy_trade.module.apigateway.aws_api_gateway_resource.api",
            "module.energy_trade.module.apigateway.aws_api_gateway_resource.trade",
            "module.energy_trade.module.apigateway.aws_api_gateway_resource.trades",
            "module.energy_trade.module.apigateway.aws_api_gateway_resource.v1",
            "module.energy_trade.module.apigateway.aws_api_gateway_rest_api.this",
            "module.energy_trade.module.dynamodb.aws_dynamodb_table.trades",
            "module.energy_trade.module.iam.aws_iam_role.apigateway_user_role",
            "module.energy_trade.module.iam.aws_iam_role.lambda_user_role",
            "module.energy_trade.module.lambda.aws_lambda_function.user_trade_handler",
            "module.user_managment.module.cognito.aws_cognito_user_pool.this"
          ]
        }
      ]
    },
    {
      "module": "module.energy_trade.module.apigateway",
      "mode": "managed",
      "type": "aws_api_gateway_integration",
      "name": "get_trade_history",
      "provider": "module.energy_trade.provider[\"registry.terraform.io/hashicorp/aws\"]",
      "instances": [
        {
          "schema_version": 0,
          "attributes": {
            "cache_key_parameters": null,
            "cache_namespace": "2vdayc",
            "connection_id": "",
            "connection_type": "INTERNET",
            "content_handling": "",
            "credentials": "arn:aws:iam::438465134937:role/apigateway_role",
            "http_method": "GET",
            "id": "agi-iazhdwj1xk-2vdayc-GET",
            "integration_http_method": "POST",
            "passthrough_behavior": "WHEN_NO_TEMPLATES",
            "request_parameters": null,
            "request_templates": null,
            "resource_id": "2vdayc",
            "rest_api_id": "iazhdwj1xk",
            "timeout_milliseconds": 29000,
            "tls_config": [],
            "type": "AWS_PROXY",
            "uri": "arn:aws:apigateway:eu-west-1:lambda:path/2015-03-31/functions/arn:aws:apigateway:eu-west-1:lambda:path/2015-03-31/functions/arn:aws:lambda:eu-west-1:438465134937:function:user_trade_handler/invocations/invocations"
          },
          "sensitive_attributes": [],
          "private": "bnVsbA==",
          "dependencies": [
            "module.energy_trade.module.apigateway.aws_api_gateway_authorizer.cognito_authorizer",
            "module.energy_trade.module.apigateway.aws_api_gateway_method.get_trade_history",
            "module.energy_trade.module.apigateway.aws_api_gateway_resource.api",
            "module.energy_trade.module.apigateway.aws_api_gateway_resource.trades",
            "module.energy_trade.module.apigateway.aws_api_gateway_resource.v1",
            "module.energy_trade.module.apigateway.aws_api_gateway_rest_api.this",
            "module.energy_trade.module.dynamodb.aws_dynamodb_table.trades",
            "module.energy_trade.module.iam.aws_iam_role.apigateway_user_role",
            "module.energy_trade.module.iam.aws_iam_role.lambda_user_role",
            "module.energy_trade.module.lambda.aws_lambda_function.user_trade_handler",
            "module.user_managment.module.cognito.aws_cognito_user_pool.this"
          ]
        }
      ]
    },
    {
      "module": "module.energy_trade.module.apigateway",
      "mode": "managed",
      "type": "aws_api_gateway_integration",
      "name": "post_trade",
      "provider": "module.energy_trade.provider[\"registry.terraform.io/hashicorp/aws\"]",
      "instances": [
        {
          "schema_version": 0,
          "attributes": {
            "cache_key_parameters": null,
            "cache_namespace": "o1pa00",
            "connection_id": "",
            "connection_type": "INTERNET",
            "content_handling": "",
            "credentials": "arn:aws:iam::438465134937:role/apigateway_role",
            "http_method": "POST",
            "id": "agi-iazhdwj1xk-o1pa00-POST",
            "integration_http_method": "POST",
            "passthrough_behavior": "WHEN_NO_TEMPLATES",
            "request_parameters": null,
            "request_templates": null,
            "resource_id": "o1pa00",
            "rest_api_id": "iazhdwj1xk",
            "timeout_milliseconds": 29000,
            "tls_config": [],
            "type": "AWS_PROXY",
            "uri": "arn:aws:apigateway:eu-west-1:lambda:path/2015-03-31/functions/arn:aws:apigateway:eu-west-1:lambda:path/2015-03-31/functions/arn:aws:lambda:eu-west-1:438465134937:function:user_trade_handler/invocations/invocations"
          },
          "sensitive_attributes": [],
          "private": "bnVsbA==",
          "dependencies": [
            "module.energy_trade.module.apigateway.aws_api_gateway_authorizer.cognito_authorizer",
            "module.energy_trade.module.apigateway.aws_api_gateway_method.post_trade",
            "module.energy_trade.module.apigateway.aws_api_gateway_resource.api",
            "module.energy_trade.module.apigateway.aws_api_gateway_resource.trade",
            "module.energy_trade.module.apigateway.aws_api_gateway_resource.trades",
            "module.energy_trade.module.apigateway.aws_api_gateway_resource.v1",
            "module.energy_trade.module.apigateway.aws_api_gateway_rest_api.this",
            "module.energy_trade.module.dynamodb.aws_dynamodb_table.trades",
            "module.energy_trade.module.iam.aws_iam_role.apigateway_user_role",
            "module.energy_trade.module.iam.aws_iam_role.lambda_user_role",
            "module.energy_trade.module.lambda.aws_lambda_function.user_trade_handler",
            "module.user_managment.module.cognito.aws_cognito_user_pool.this"
          ]
        }
      ]
    },
    {
      "module": "module.energy_trade.module.apigateway",
      "mode": "managed",
      "type": "aws_api_gateway_method",
      "name": "admin_delete_trade",
      "provider": "module.energy_trade.provider[\"registry.terraform.io/hashicorp/aws\"]",
      "instances": [
        {
          "schema_version": 0,
          "attributes": {
            "api_key_required": false,
            "authorization": "COGNITO_USER_POOLS",
            "authorization_scopes": [],
            "authorizer_id": "skm7fc",
            "http_method": "DELETE",
            "id": "agm-iazhdwj1xk-qo810x-DELETE",
            "operation_name": "",
            "request_models": {},
            "request_parameters": {
              "method.request.header.Authorization": true
            },
            "request_validator_id": "",
            "resource_id": "qo810x",
            "rest_api_id": "iazhdwj1xk"
          },
          "sensitive_attributes": [],
          "private": "bnVsbA==",
          "dependencies": [
            "module.energy_trade.module.apigateway.aws_api_gateway_authorizer.cognito_authorizer",
            "module.energy_trade.module.apigateway.aws_api_gateway_resource.admin",
            "module.energy_trade.module.apigateway.aws_api_gateway_resource.admin_trade",
            "module.energy_trade.module.apigateway.aws_api_gateway_resource.admin_trades",
            "module.energy_trade.module.apigateway.aws_api_gateway_resource.api",
            "module.energy_trade.module.apigateway.aws_api_gateway_resource.v1",
            "module.energy_trade.module.apigateway.aws_api_gateway_rest_api.this",
            "module.user_managment.module.cognito.aws_cognito_user_pool.this"
          ]
        }
      ]
    },
    {
      "module": "module.energy_trade.module.apigateway",
      "mode": "managed",
      "type": "aws_api_gateway_method",
      "name": "admin_get_trade",
      "provider": "module.energy_trade.provider[\"registry.terraform.io/hashicorp/aws\"]",
      "instances": [
        {
          "schema_version": 0,
          "attributes": {
            "api_key_required": false,
            "authorization": "COGNITO_USER_POOLS",
            "authorization_scopes": [],
            "authorizer_id": "skm7fc",
            "http_method": "GET",
            "id": "agm-iazhdwj1xk-qo810x-GET",
            "operation_name": "",
            "request_models": {},
            "request_parameters": {
              "method.request.header.Authorization": true
            },
            "request_validator_id": "",
            "resource_id": "qo810x",
            "rest_api_id": "iazhdwj1xk"
          },
          "sensitive_attributes": [],
          "private": "bnVsbA==",
          "dependencies": [
            "module.energy_trade.module.apigateway.aws_api_gateway_authorizer.cognito_authorizer",
            "module.energy_trade.module.apigateway.aws_api_gateway_resource.admin",
            "module.energy_trade.module.apigateway.aws_api_gateway_resource.admin_trade",
            "module.energy_trade.module.apigateway.aws_api_gateway_resource.admin_trades",
            "module.energy_trade.module.apigateway.aws_api_gateway_resource.api",
            "module.energy_trade.module.apigateway.aws_api_gateway_resource.v1",
            "module.energy_trade.module.apigateway.aws_api_gateway_rest_api.this",
            "module.user_managment.module.cognito.aws_cognito_user_pool.this"
          ]
        }
      ]
    },
    {
      "module": "module.energy_trade.module.apigateway",
      "mode": "managed",
      "type": "aws_api_gateway_method",
      "name": "admin_get_trade_history",
      "provider": "module.energy_trade.provider[\"registry.terraform.io/hashicorp/aws\"]",
      "instances": [
        {
          "schema_version": 0,
          "attributes": {
            "api_key_required": false,
            "authorization": "COGNITO_USER_POOLS",
            "authorization_scopes": [],
            "authorizer_id": "skm7fc",
            "http_method": "GET",
            "id": "agm-iazhdwj1xk-eke2hu-GET",
            "operation_name": "",
            "request_models": {},
            "request_parameters": {
              "method.request.header.Authorization": true,
              "method.request.querystring.amountRange": false,
              "method.request.querystring.buyer_username": false,
              "method.request.querystring.date": false,
              "method.request.querystring.priceRange": false,
              "method.request.querystring.seller_username": false
            },
            "request_validator_id": "",
            "resource_id": "eke2hu",
            "rest_api_id": "iazhdwj1xk"
          },
          "sensitive_attributes": [],
          "private": "bnVsbA==",
          "dependencies": [
            "module.energy_trade.module.apigateway.aws_api_gateway_authorizer.cognito_authorizer",
            "module.energy_trade.module.apigateway.aws_api_gateway_resource.admin",
            "module.energy_trade.module.apigateway.aws_api_gateway_resource.admin_trades",
            "module.energy_trade.module.apigateway.aws_api_gateway_resource.api",
            "module.energy_trade.module.apigateway.aws_api_gateway_resource.v1",
            "module.energy_trade.module.apigateway.aws_api_gateway_rest_api.this",
            "module.user_managment.module.cognito.aws_cognito_user_pool.this"
          ]
        }
      ]
    },
    {
      "module": "module.energy_trade.module.apigateway",
      "mode": "managed",
      "type": "aws_api_gateway_method",
      "name": "get_trade",
      "provider": "module.energy_trade.provider[\"registry.terraform.io/hashicorp/aws\"]",
      "instances": [
        {
          "schema_version": 0,
          "attributes": {
            "api_key_required": false,
            "authorization": "COGNITO_USER_POOLS",
            "authorization_scopes": [],
            "authorizer_id": "skm7fc",
            "http_method": "GET",
            "id": "agm-iazhdwj1xk-o1pa00-GET",
            "operation_name": "",
            "request_models": {},
            "request_parameters": {
              "method.request.header.Authorization": true
            },
            "request_validator_id": "",
            "resource_id": "o1pa00",
            "rest_api_id": "iazhdwj1xk"
          },
          "sensitive_attributes": [],
          "private": "bnVsbA==",
          "dependencies": [
            "module.energy_trade.module.apigateway.aws_api_gateway_authorizer.cognito_authorizer",
            "module.energy_trade.module.apigateway.aws_api_gateway_resource.api",
            "module.energy_trade.module.apigateway.aws_api_gateway_resource.trade",
            "module.energy_trade.module.apigateway.aws_api_gateway_resource.trades",
            "module.energy_trade.module.apigateway.aws_api_gateway_resource.v1",
            "module.energy_trade.module.apigateway.aws_api_gateway_rest_api.this",
            "module.user_managment.module.cognito.aws_cognito_user_pool.this"
          ]
        }
      ]
    },
    {
      "module": "module.energy_trade.module.apigateway",
      "mode": "managed",
      "type": "aws_api_gateway_method",
      "name": "get_trade_history",
      "provider": "module.energy_trade.provider[\"registry.terraform.io/hashicorp/aws\"]",
      "instances": [
        {
          "schema_version": 0,
          "attributes": {
            "api_key_required": false,
            "authorization": "COGNITO_USER_POOLS",
            "authorization_scopes": [],
            "authorizer_id": "skm7fc",
            "http_method": "GET",
            "id": "agm-iazhdwj1xk-2vdayc-GET",
            "operation_name": "",
            "request_models": {},
            "request_parameters": {
              "method.request.header.Authorization": true,
              "method.request.querystring.amountRange": false,
              "method.request.querystring.buyer_username": false,
              "method.request.querystring.date": false,
              "method.request.querystring.priceRange": false,
              "method.request.querystring.seller_username": false
            },
            "request_validator_id": "",
            "resource_id": "2vdayc",
            "rest_api_id": "iazhdwj1xk"
          },
          "sensitive_attributes": [],
          "private": "bnVsbA==",
          "dependencies": [
            "module.energy_trade.module.apigateway.aws_api_gateway_authorizer.cognito_authorizer",
            "module.energy_trade.module.apigateway.aws_api_gateway_resource.api",
            "module.energy_trade.module.apigateway.aws_api_gateway_resource.trades",
            "module.energy_trade.module.apigateway.aws_api_gateway_resource.v1",
            "module.energy_trade.module.apigateway.aws_api_gateway_rest_api.this",
            "module.user_managment.module.cognito.aws_cognito_user_pool.this"
          ]
        }
      ]
    },
    {
      "module": "module.energy_trade.module.apigateway",
      "mode": "managed",
      "type": "aws_api_gateway_method",
      "name": "post_trade",
      "provider": "module.energy_trade.provider[\"registry.terraform.io/hashicorp/aws\"]",
      "instances": [
        {
          "schema_version": 0,
          "attributes": {
            "api_key_required": false,
            "authorization": "COGNITO_USER_POOLS",
            "authorization_scopes": [],
            "authorizer_id": "skm7fc",
            "http_method": "POST",
            "id": "agm-iazhdwj1xk-o1pa00-POST",
            "operation_name": "",
            "request_models": {},
            "request_parameters": {
              "method.request.header.Authorization": true
            },
            "request_validator_id": "",
            "resource_id": "o1pa00",
            "rest_api_id": "iazhdwj1xk"
          },
          "sensitive_attributes": [],
          "private": "bnVsbA==",
          "dependencies": [
            "module.energy_trade.module.apigateway.aws_api_gateway_authorizer.cognito_authorizer",
            "module.energy_trade.module.apigateway.aws_api_gateway_resource.api",
            "module.energy_trade.module.apigateway.aws_api_gateway_resource.trade",
            "module.energy_trade.module.apigateway.aws_api_gateway_resource.trades",
            "module.energy_trade.module.apigateway.aws_api_gateway_resource.v1",
            "module.energy_trade.module.apigateway.aws_api_gateway_rest_api.this",
            "module.user_managment.module.cognito.aws_cognito_user_pool.this"
          ]
        }
      ]
    },
    {
      "module": "module.energy_trade.module.apigateway",
      "mode": "managed",
      "type": "aws_api_gateway_request_validator",
      "name": "strict_query_params",
      "provider": "module.energy_trade.provider[\"registry.terraform.io/hashicorp/aws\"]",
      "instances": [
        {
          "schema_version": 0,
          "attributes": {
            "id": "5yv3ke",
            "name": "StrictQueryParams",
            "rest_api_id": "iazhdwj1xk",
            "validate_request_body": false,
            "validate_request_parameters": true
          },
          "sensitive_attributes": [],
          "private": "bnVsbA==",
          "dependencies": [
            "module.energy_trade.module.apigateway.aws_api_gateway_rest_api.this"
          ]
        }
      ]
    },
    {
      "module": "module.energy_trade.module.apigateway",
      "mode": "managed",
      "type": "aws_api_gateway_resource",
      "name": "admin",
      "provider": "module.energy_trade.provider[\"registry.terraform.io/hashicorp/aws\"]",
      "instances": [
        {
          "schema_version": 0,
          "attributes": {
            "id": "6nqbyo",
            "parent_id": "o2f8g5",
            "path": "/api/v1/admin",
            "path_part": "admin",
            "rest_api_id": "iazhdwj1xk"
          },
          "sensitive_attributes": [],
          "private": "bnVsbA==",
          "dependencies": [
            "module.energy_trade.module.apigateway.aws_api_gateway_resource.api",
            "module.energy_trade.module.apigateway.aws_api_gateway_resource.v1",
            "module.energy_trade.module.apigateway.aws_api_gateway_rest_api.this"
          ]
        }
      ]
    },
    {
      "module": "module.energy_trade.module.apigateway",
      "mode": "managed",
      "type": "aws_api_gateway_resource",
      "name": "admin_trade",
      "provider": "module.energy_trade.provider[\"registry.terraform.io/hashicorp/aws\"]",
      "instances": [
        {
          "schema_version": 0,
          "attributes": {
            "id": "qo810x",
            "parent_id": "eke2hu",
            "path": "/api/v1/admin/trades/{trade_id}",
            "path_part": "{trade_id}",
            "rest_api_id": "iazhdwj1xk"
          },
          "sensitive_attributes": [],
          "private": "bnVsbA==",
          "dependencies": [
            "module.energy_trade.module.apigateway.aws_api_gateway_resource.admin",
            "module.energy_trade.module.apigateway.aws_api_gateway_resource.admin_trades",
            "module.energy_trade.module.apigateway.aws_api_gateway_resource.api",
            "module.energy_trade.module.apigateway.aws_api_gateway_resource.v1",
            "module.energy_trade.module.apigateway.aws_api_gateway_rest_api.this"
          ]
        }
      ]
    },
    {
      "module": "module.energy_trade.module.apigateway",
      "mode": "managed",
      "type": "aws_api_gateway_resource",
      "name": "admin_trades",
      "provider": "module.energy_trade.provider[\"registry.terraform.io/hashicorp/aws\"]",
      "instances": [
        {
          "schema_version": 0,
          "attributes": {
            "id": "eke2hu",
            "parent_id": "6nqbyo",
            "path": "/api/v1/admin/trades",
            "path_part": "trades",
            "rest_api_id": "iazhdwj1xk"
          },
          "sensitive_attributes": [],
          "private": "bnVsbA==",
          "dependencies": [
            "module.energy_trade.module.apigateway.aws_api_gateway_resource.admin",
            "module.energy_trade.module.apigateway.aws_api_gateway_resource.api",
            "module.energy_trade.module.apigateway.aws_api_gateway_resource.v1",
            "module.energy_trade.module.apigateway.aws_api_gateway_rest_api.this"
          ]
        }
      ]
    },
    {
      "module": "module.energy_trade.module.apigateway",
      "mode": "managed",
      "type": "aws_api_gateway_resource",
      "name": "api",
      "provider": "module.energy_trade.provider[\"registry.terraform.io/hashicorp/aws\"]",
      "instances": [
        {
          "schema_version": 0,
          "attributes": {
            "id": "89n8t8",
            "parent_id": "qf4nkc5ez0",
            "path": "/api",
            "path_part": "api",
            "rest_api_id": "iazhdwj1xk"
          },
          "sensitive_attributes": [],
          "private": "bnVsbA==",
          "dependencies": [
            "module.energy_trade.module.apigateway.aws_api_gateway_rest_api.this"
          ]
        }
      ]
    },
    {
      "module": "module.energy_trade.module.apigateway",
      "mode": "managed",
      "type": "aws_api_gateway_resource",
      "name": "trade",
      "provider": "module.energy_trade.provider[\"registry.terraform.io/hashicorp/aws\"]",
      "instances": [
        {
          "schema_version": 0,
          "attributes": {
            "id": "o1pa00",
            "parent_id": "2vdayc",
            "path": "/api/v1/trades/{trade_id}",
            "path_part": "{trade_id}",
            "rest_api_id": "iazhdwj1xk"
          },
          "sensitive_attributes": [],
          "private": "bnVsbA==",
          "dependencies": [
            "module.energy_trade.module.apigateway.aws_api_gateway_resource.api",
            "module.energy_trade.module.apigateway.aws_api_gateway_resource.trades",
            "module.energy_trade.module.apigateway.aws_api_gateway_resource.v1",
            "module.energy_trade.module.apigateway.aws_api_gateway_rest_api.this"
          ]
        }
      ]
    },
    {
      "module": "module.energy_trade.module.apigateway",
      "mode": "managed",
      "type": "aws_api_gateway_resource",
      "name": "trades",
      "provider": "module.energy_trade.provider[\"registry.terraform.io/hashicorp/aws\"]",
      "instances": [
        {
          "schema_version": 0,
          "attributes": {
            "id": "2vdayc",
            "parent_id": "o2f8g5",
            "path": "/api/v1/trades",
            "path_part": "trades",
            "rest_api_id": "iazhdwj1xk"
          },
          "sensitive_attributes": [],
          "private": "bnVsbA==",
          "dependencies": [
            "module.energy_trade.module.apigateway.aws_api_gateway_resource.api",
            "module.energy_trade.module.apigateway.aws_api_gateway_resource.v1",
            "module.energy_trade.module.apigateway.aws_api_gateway_rest_api.this"
          ]
        }
      ]
    },
    {
      "module": "module.energy_trade.module.apigateway",
      "mode": "managed",
      "type": "aws_api_gateway_resource",
      "name": "v1",
      "provider": "module.energy_trade.provider[\"registry.terraform.io/hashicorp/aws\"]",
      "instances": [
        {
          "schema_version": 0,
          "attributes": {
            "id": "o2f8g5",
            "parent_id": "89n8t8",
            "path": "/api/v1",
            "path_part": "v1",
            "rest_api_id": "iazhdwj1xk"
          },
          "sensitive_attributes": [],
          "private": "bnVsbA==",
          "dependencies": [
            "module.energy_trade.module.apigateway.aws_api_gateway_resource.api",
            "module.energy_trade.module.apigateway.aws_api_gateway_rest_api.this"
          ]
        }
      ]
    },
    {
      "module": "module.energy_trade.module.apigateway",
      "mode": "managed",
      "type": "aws_api_gateway_rest_api",
      "name": "this",
      "provider": "module.energy_trade.provider[\"registry.terraform.io/hashicorp/aws\"]",
      "instances": [
        {
          "schema_version": 0,
          "attributes": {
            "api_key_source": "HEADER",
            "arn": "arn:aws:apigateway:eu-west-1::/restapis/iazhdwj1xk",
            "binary_media_types": [],
            "body": null,
            "created_date": "2025-03-01T20:15:34Z",
            "description": "API for User Management",
            "disable_execute_api_endpoint": false,
            "endpoint_configuration": [
              {
                "types": [
                  "EDGE"
                ],
                "vpc_endpoint_ids": []
              }
            ],
            "execution_arn": "arn:aws:execute-api:eu-west-1:438465134937:iazhdwj1xk",
            "fail_on_warnings": null,
            "id": "iazhdwj1xk",
            "minimum_compression_size": "",
            "name": "TradeManagementAPI",
            "parameters": null,
            "policy": "",
            "put_rest_api_mode": null,
            "root_resource_id": "qf4nkc5ez0",
            "tags": {},
            "tags_all": {}
          },
          "sensitive_attributes": [],
          "private": "bnVsbA=="
        }
      ]
    },
    {
      "module": "module.energy_trade.module.apigateway",
      "mode": "managed",
      "type": "aws_apigatewayv2_api",
      "name": "ws_api",
      "provider": "module.energy_trade.provider[\"registry.terraform.io/hashicorp/aws\"]",
      "instances": [
        {
          "schema_version": 0,
          "attributes": {
            "api_endpoint": "wss://qescqg9c60.execute-api.eu-west-1.amazonaws.com",
            "api_key_selection_expression": "$request.header.x-api-key",
            "arn": "arn:aws:apigateway:eu-west-1::/apis/qescqg9c60",
            "body": null,
            "cors_configuration": [],
            "credentials_arn": null,
            "description": "",
            "disable_execute_api_endpoint": false,
            "execution_arn": "arn:aws:execute-api:eu-west-1:438465134937:qescqg9c60",
            "fail_on_warnings": null,
            "id": "qescqg9c60",
            "name": "TradeWebSocketAPI",
            "protocol_type": "WEBSOCKET",
            "route_key": null,
            "route_selection_expression": "$request.body.action",
            "tags": {},
            "tags_all": {},
            "target": null,
            "version": ""
          },
          "sensitive_attributes": [],
          "private": "bnVsbA=="
        }
      ]
    },
    {
      "module": "module.energy_trade.module.apigateway",
      "mode": "managed",
      "type": "aws_apigatewayv2_authorizer",
      "name": "ws_request_authorizer",
      "provider": "module.energy_trade.provider[\"registry.terraform.io/hashicorp/aws\"]",
      "instances": [
        {
          "schema_version": 0,
          "attributes": {
            "api_id": "qescqg9c60",
            "authorizer_credentials_arn": "",
            "authorizer_payload_format_version": "",
            "authorizer_result_ttl_in_seconds": 0,
            "authorizer_type": "REQUEST",
            "authorizer_uri": "arn:aws:apigateway:eu-west-1:lambda:path/2015-03-31/functions/arn:aws:lambda:eu-west-1:438465134937:function:ws_authorizer/invocations",
            "enable_simple_responses": false,
            "id": "b7ri02",
            "identity_sources": [
              "route.request.header.Authorization"
            ],
            "jwt_configuration": [],
            "name": "WsRequestAuthorizer",
            "timeouts": null
          },
          "sensitive_attributes": [],
          "private": "eyJlMmJmYjczMC1lY2FhLTExZTYtOGY4OC0zNDM2M2JjN2M0YzAiOnsiZGVsZXRlIjoxODAwMDAwMDAwMDAwfX0=",
          "dependencies": [
            "module.energy_trade.module.apigateway.aws_apigatewayv2_api.ws_api",
            "module.energy_trade.module.iam.aws_iam_role.lambda_ws_role",
            "module.energy_trade.module.lambda.aws_lambda_function.ws_authorizer",
            "module.user_managment.module.cognito.aws_cognito_identity_provider.google",
            "module.user_managment.module.cognito.aws_cognito_user_pool.this",
            "module.user_managment.module.cognito.aws_cognito_user_pool_client.this"
          ]
        }
      ]
    },
    {
      "module": "module.energy_trade.module.apigateway",
      "mode": "managed",
      "type": "aws_apigatewayv2_integration",
      "name": "ws_integration",
      "provider": "module.energy_trade.provider[\"registry.terraform.io/hashicorp/aws\"]",
      "instances": [
        {
          "schema_version": 0,
          "attributes": {
            "api_id": "qescqg9c60",
            "connection_id": "",
            "connection_type": "INTERNET",
            "content_handling_strategy": "",
            "credentials_arn": "",
            "description": "",
            "id": "v5kgsde",
            "integration_method": "POST",
            "integration_response_selection_expression": "",
            "integration_subtype": "",
            "integration_type": "AWS_PROXY",
            "integration_uri": "arn:aws:apigateway:eu-west-1:lambda:path/2015-03-31/functions/arn:aws:lambda:eu-west-1:438465134937:function:ws_handler/invocations",
            "passthrough_behavior": "WHEN_NO_MATCH",
            "payload_format_version": "1.0",
            "request_parameters": null,
            "request_templates": null,
            "response_parameters": [],
            "template_selection_expression": "",
            "timeout_milliseconds": 29000,
            "tls_config": []
          },
          "sensitive_attributes": [],
          "private": "bnVsbA==",
          "dependencies": [
            "module.energy_trade.module.apigateway.aws_apigatewayv2_api.ws_api",
            "module.energy_trade.module.dynamodb.aws_dynamodb_table.ws_connections",
            "module.energy_trade.module.iam.aws_iam_role.lambda_ws_role",
            "module.energy_trade.module.lambda.aws_lambda_function.ws_handler"
          ]
        }
      ]
    },
    {
      "module": "module.energy_trade.module.apigateway",
      "mode": "managed",
      "type": "aws_apigatewayv2_route",
      "name": "ws_connect",
      "provider": "module.energy_trade.provider[\"registry.terraform.io/hashicorp/aws\"]",
      "instances": [
        {
          "schema_version": 0,
          "attributes": {
            "api_id": "qescqg9c60",
            "api_key_required": false,
            "authorization_scopes": null,
            "authorization_type": "CUSTOM",
            "authorizer_id": "b7ri02",
            "id": "oiyp1if",
            "model_selection_expression": "",
            "operation_name": "",
            "request_models": null,
            "request_parameter": [],
            "route_key": "$connect",
            "route_response_selection_expression": "",
            "target": "integrations/v5kgsde"
          },
          "sensitive_attributes": [],
          "private": "bnVsbA==",
          "dependencies": [
            "module.energy_trade.module.apigateway.aws_apigatewayv2_api.ws_api",
            "module.energy_trade.module.apigateway.aws_apigatewayv2_authorizer.ws_request_authorizer",
            "module.energy_trade.module.apigateway.aws_apigatewayv2_integration.ws_integration",
            "module.energy_trade.module.dynamodb.aws_dynamodb_table.ws_connections",
            "module.energy_trade.module.iam.aws_iam_role.lambda_ws_role",
            "module.energy_trade.module.lambda.aws_lambda_function.ws_authorizer",
            "module.energy_trade.module.lambda.aws_lambda_function.ws_handler",
            "module.user_managment.module.cognito.aws_cognito_identity_provider.google",
            "module.user_managment.module.cognito.aws_cognito_user_pool.this",
            "module.user_managment.module.cognito.aws_cognito_user_pool_client.this"
          ]
        }
      ]
    },
    {
      "module": "module.energy_trade.module.apigateway",
      "mode": "managed",
      "type": "aws_apigatewayv2_route",
      "name": "ws_default",
      "provider": "module.energy_trade.provider[\"registry.terraform.io/hashicorp/aws\"]",
      "instances": [
        {
          "schema_version": 0,
          "attributes": {
            "api_id": "qescqg9c60",
            "api_key_required": false,
            "authorization_scopes": null,
            "authorization_type": "NONE",
            "authorizer_id": "",
            "id": "hnsx60p",
            "model_selection_expression": "",
            "operation_name": "",
            "request_models": null,
            "request_parameter": [],
            "route_key": "$default",
            "route_response_selection_expression": "",
            "target": "integrations/v5kgsde"
          },
          "sensitive_attributes": [],
          "private": "bnVsbA==",
          "dependencies": [
            "module.energy_trade.module.apigateway.aws_apigatewayv2_api.ws_api",
            "module.energy_trade.module.apigateway.aws_apigatewayv2_authorizer.ws_request_authorizer",
            "module.energy_trade.module.apigateway.aws_apigatewayv2_integration.ws_integration",
            "module.energy_trade.module.dynamodb.aws_dynamodb_table.ws_connections",
            "module.energy_trade.module.iam.aws_iam_role.lambda_ws_role",
            "module.energy_trade.module.lambda.aws_lambda_function.ws_authorizer",
            "module.energy_trade.module.lambda.aws_lambda_function.ws_handler",
            "module.user_managment.module.cognito.aws_cognito_identity_provider.google",
            "module.user_managment.module.cognito.aws_cognito_user_pool.this",
            "module.user_managment.module.cognito.aws_cognito_user_pool_client.this"
          ]
        }
      ]
    },
    {
      "module": "module.energy_trade.module.apigateway",
      "mode": "managed",
      "type": "aws_apigatewayv2_route",
      "name": "ws_disconnect",
      "provider": "module.energy_trade.provider[\"registry.terraform.io/hashicorp/aws\"]",
      "instances": [
        {
          "schema_version": 0,
          "attributes": {
            "api_id": "qescqg9c60",
            "api_key_required": false,
            "authorization_scopes": null,
            "authorization_type": "NONE",
            "authorizer_id": "",
            "id": "m8jafwe",
            "model_selection_expression": "",
            "operation_name": "",
            "request_models": null,
            "request_parameter": [],
            "route_key": "$disconnect",
            "route_response_selection_expression": "",
            "target": "integrations/v5kgsde"
          },
          "sensitive_attributes": [],
          "private": "bnVsbA==",
          "dependencies": [
            "module.energy_trade.module.apigateway.aws_apigatewayv2_api.ws_api",
            "module.energy_trade.module.apigateway.aws_apigatewayv2_authorizer.ws_request_authorizer",
            "module.energy_trade.module.apigateway.aws_apigatewayv2_integration.ws_integration",
            "module.energy_trade.module.dynamodb.aws_dynamodb_table.ws_connections",
            "module.energy_trade.module.iam.aws_iam_role.lambda_ws_role",
            "module.energy_trade.module.lambda.aws_lambda_function.ws_authorizer",
            "module.energy_trade.module.lambda.aws_lambda_function.ws_handler",
            "module.user_managment.module.cognito.aws_cognito_identity_provider.google",
            "module.user_managment.module.cognito.aws_cognito_user_pool.this",
            "module.user_managment.module.cognito.aws_cognito_user_pool_client.this"
          ]
        }
      ]
    },
    {
      "module": "module.energy_trade.module.apigateway",
      "mode": "managed",
      "type": "aws_apigatewayv2_stage",
      "name": "ws_stage",
      "provider": "module.energy_trade.provider[\"registry.terraform.io/hashicorp/aws\"]",
      "instances": [
        {
          "schema_version": 0,
          "attributes": {
            "access_log_settings": [],
            "api_id": "qescqg9c60",
            "arn": "arn:aws:apigateway:eu-west-1::/apis/qescqg9c60/stages/production",
            "auto_deploy": true,
            "client_certificate_id": "",
            "default_route_settings": [
              {
                "data_trace_enabled": false,
                "detailed_metrics_enabled": false,
                "logging_level": "OFF",
                "throttling_burst_limit": 0,
                "throttling_rate_limit": 0
              }
            ],
            "deployment_id": "",
            "description": "",
            "execution_arn": "arn:aws:execute-api:eu-west-1:438465134937:qescqg9c60/production",
            "id": "production",
            "invoke_url": "wss://qescqg9c60.execute-api.eu-west-1.amazonaws.com/production",
            "name": "production",
            "route_settings": [],
            "stage_variables": {},
            "tags": {},
            "tags_all": {}
          },
          "sensitive_attributes": [],
          "private": "bnVsbA==",
          "dependencies": [
            "module.energy_trade.module.apigateway.aws_apigatewayv2_api.ws_api"
          ]
        }
      ]
    },
    {
      "module": "module.energy_trade.module.apigateway",
      "mode": "managed",
      "type": "aws_lambda_permission",
      "name": "apigw_ws",
      "provider": "module.energy_trade.provider[\"registry.terraform.io/hashicorp/aws\"]",
      "instances": [
        {
          "schema_version": 0,
          "attributes": {
            "action": "lambda:InvokeFunction",
            "event_source_token": null,
            "function_name": "ws_handler",
            "function_url_auth_type": null,
            "id": "AllowAPIGatewayInvokeWS",
            "principal": "apigateway.amazonaws.com",
            "principal_org_id": null,
            "qualifier": "",
            "source_account": null,
            "source_arn": "arn:aws:execute-api:eu-west-1:438465134937:qescqg9c60/*",
            "statement_id": "AllowAPIGatewayInvokeWS",
            "statement_id_prefix": ""
          },
          "sensitive_attributes": [],
          "private": "bnVsbA==",
          "dependencies": [
            "module.energy_trade.module.apigateway.aws_apigatewayv2_api.ws_api",
            "module.energy_trade.module.dynamodb.aws_dynamodb_table.ws_connections",
            "module.energy_trade.module.iam.aws_iam_role.lambda_ws_role",
            "module.energy_trade.module.lambda.aws_lambda_function.ws_handler"
          ]
        }
      ]
    },
    {
      "module": "module.energy_trade.module.dynamodb",
      "mode": "managed",
      "type": "aws_dynamodb_table",
      "name": "trades",
      "provider": "module.energy_trade.provider[\"registry.terraform.io/hashicorp/aws\"]",
      "instances": [
        {
          "schema_version": 1,
          "attributes": {
            "arn": "arn:aws:dynamodb:eu-west-1:438465134937:table/Equilux_Energy_Trades",
            "attribute": [
              {
                "name": "amount",
                "type": "S"
              },
              {
                "name": "block_number",
                "type": "S"
              },
              {
                "name": "buyer_username",
                "type": "S"
              },
              {
                "name": "date",
                "type": "S"
              },
              {
                "name": "price_per_kwh",
                "type": "S"
              },
              {
                "name": "seller_username",
                "type": "S"
              },
              {
                "name": "time",
                "type": "S"
              },
              {
                "name": "transaction_hash",
                "type": "S"
              }
            ],
            "billing_mode": "PAY_PER_REQUEST",
            "deletion_protection_enabled": false,
            "global_secondary_index": [
              {
                "hash_key": "amount",
                "name": "amount-index",
                "non_key_attributes": [],
                "on_demand_throughput": [],
                "projection_type": "ALL",
                "range_key": "",
                "read_capacity": 0,
                "write_capacity": 0
              },
              {
                "hash_key": "block_number",
                "name": "block_number-index",
                "non_key_attributes": [],
                "on_demand_throughput": [],
                "projection_type": "ALL",
                "range_key": "",
                "read_capacity": 0,
                "write_capacity": 0
              },
              {
                "hash_key": "buyer_username",
                "name": "buyer_username-index",
                "non_key_attributes": [],
                "on_demand_throughput": [],
                "projection_type": "ALL",
                "range_key": "",
                "read_capacity": 0,
                "write_capacity": 0
              },
              {
                "hash_key": "date",
                "name": "date-index",
                "non_key_attributes": [],
                "on_demand_throughput": [],
                "projection_type": "ALL",
                "range_key": "",
                "read_capacity": 0,
                "write_capacity": 0
              },
              {
                "hash_key": "price_per_kwh",
                "name": "price_per_kwh-index",
                "non_key_attributes": [],
                "on_demand_throughput": [],
                "projection_type": "ALL",
                "range_key": "",
                "read_capacity": 0,
                "write_capacity": 0
              },
              {
                "hash_key": "seller_username",
                "name": "seller_username-index",
                "non_key_attributes": [],
                "on_demand_throughput": [],
                "projection_type": "ALL",
                "range_key": "",
                "read_capacity": 0,
                "write_capacity": 0
              },
              {
                "hash_key": "time",
                "name": "time-index",
                "non_key_attributes": [],
                "on_demand_throughput": [],
                "projection_type": "ALL",
                "range_key": "",
                "read_capacity": 0,
                "write_capacity": 0
              }
            ],
            "hash_key": "transaction_hash",
            "id": "Equilux_Energy_Trades",
            "import_table": [],
            "local_secondary_index": [],
            "name": "Equilux_Energy_Trades",
            "on_demand_throughput": [],
            "point_in_time_recovery": [
              {
                "enabled": false
              }
            ],
            "range_key": null,
            "read_capacity": 0,
            "replica": [],
            "restore_date_time": null,
            "restore_source_name": null,
            "restore_source_table_arn": null,
            "restore_to_latest_time": null,
            "server_side_encryption": [
              {
                "enabled": true,
                "kms_key_arn": ""
              }
            ],
            "stream_arn": "",
            "stream_enabled": false,
            "stream_label": "",
            "stream_view_type": "",
            "table_class": "STANDARD",
            "tags": {},
            "tags_all": {},
            "timeouts": null,
            "ttl": [
              {
                "attribute_name": "",
                "enabled": false
              }
            ],
            "write_capacity": 0
          },
          "sensitive_attributes": [],
          "private": "eyJlMmJmYjczMC1lY2FhLTExZTYtOGY4OC0zNDM2M2JjN2M0YzAiOnsiY3JlYXRlIjoxODAwMDAwMDAwMDAwLCJkZWxldGUiOjYwMDAwMDAwMDAwMCwidXBkYXRlIjozNjAwMDAwMDAwMDAwfSwic2NoZW1hX3ZlcnNpb24iOiIxIn0="
        }
      ]
    },
    {
      "module": "module.energy_trade.module.dynamodb",
      "mode": "managed",
      "type": "aws_dynamodb_table",
      "name": "ws_connections",
      "provider": "module.energy_trade.provider[\"registry.terraform.io/hashicorp/aws\"]",
      "instances": [
        {
          "schema_version": 1,
          "attributes": {
            "arn": "arn:aws:dynamodb:eu-west-1:438465134937:table/Equilux_WebSockets_Connections",
            "attribute": [
              {
                "name": "connectionId",
                "type": "S"
              }
            ],
            "billing_mode": "PAY_PER_REQUEST",
            "deletion_protection_enabled": false,
            "global_secondary_index": [],
            "hash_key": "connectionId",
            "id": "Equilux_WebSockets_Connections",
            "import_table": [],
            "local_secondary_index": [],
            "name": "Equilux_WebSockets_Connections",
            "on_demand_throughput": [],
            "point_in_time_recovery": [
              {
                "enabled": false
              }
            ],
            "range_key": null,
            "read_capacity": 0,
            "replica": [],
            "restore_date_time": null,
            "restore_source_name": null,
            "restore_source_table_arn": null,
            "restore_to_latest_time": null,
            "server_side_encryption": [],
            "stream_arn": "",
            "stream_enabled": false,
            "stream_label": "",
            "stream_view_type": "",
            "table_class": "STANDARD",
            "tags": {},
            "tags_all": {},
            "timeouts": null,
            "ttl": [
              {
                "attribute_name": "",
                "enabled": false
              }
            ],
            "write_capacity": 0
          },
          "sensitive_attributes": [],
          "private": "eyJlMmJmYjczMC1lY2FhLTExZTYtOGY4OC0zNDM2M2JjN2M0YzAiOnsiY3JlYXRlIjoxODAwMDAwMDAwMDAwLCJkZWxldGUiOjYwMDAwMDAwMDAwMCwidXBkYXRlIjozNjAwMDAwMDAwMDAwfSwic2NoZW1hX3ZlcnNpb24iOiIxIn0="
        }
      ]
    },
    {
      "module": "module.energy_trade.module.iam",
      "mode": "managed",
      "type": "aws_iam_policy",
      "name": "apigateway_admin_policy",
      "provider": "module.energy_trade.provider[\"registry.terraform.io/hashicorp/aws\"]",
      "instances": [
        {
          "schema_version": 0,
          "attributes": {
            "arn": "arn:aws:iam::438465134937:policy/apigateway_admin_policy",
            "attachment_count": 0,
            "description": "",
            "id": "arn:aws:iam::438465134937:policy/apigateway_admin_policy",
            "name": "apigateway_admin_policy",
            "name_prefix": "",
            "path": "/",
            "policy": "{\"Statement\":[{\"Action\":[\"lambda:InvokeFunction\"],\"Effect\":\"Allow\",\"Resource\":[\"arn:aws:apigateway:eu-west-1:lambda:path/2015-03-31/functions/arn:aws:lambda:eu-west-1:438465134937:function:admin_trade_handler/invocations\",\"arn:aws:apigateway:eu-west-1:lambda:path/2015-03-31/functions/arn:aws:lambda:eu-west-1:438465134937:function:ws_handler/invocations\",\"arn:aws:apigateway:eu-west-1:lambda:path/2015-03-31/functions/arn:aws:lambda:eu-west-1:438465134937:function:user_trade_handler/invocations\"]}],\"Version\":\"2012-10-17\"}",
            "policy_id": "ANPAWMFUPAFMVZE242LKD",
            "tags": null,
            "tags_all": {}
          },
          "sensitive_attributes": [],
          "private": "bnVsbA==",
          "dependencies": [
            "module.energy_trade.module.dynamodb.aws_dynamodb_table.trades",
            "module.energy_trade.module.dynamodb.aws_dynamodb_table.ws_connections",
            "module.energy_trade.module.iam.aws_iam_role.lambda_admin_role",
            "module.energy_trade.module.iam.aws_iam_role.lambda_user_role",
            "module.energy_trade.module.iam.aws_iam_role.lambda_ws_role",
            "module.energy_trade.module.lambda.aws_lambda_function.admin_trade_handler",
            "module.energy_trade.module.lambda.aws_lambda_function.user_trade_handler",
            "module.energy_trade.module.lambda.aws_lambda_function.ws_handler"
          ]
        }
      ]
    },
    {
      "module": "module.energy_trade.module.iam",
      "mode": "managed",
      "type": "aws_iam_policy",
      "name": "apigateway_user_policy",
      "provider": "module.energy_trade.provider[\"registry.terraform.io/hashicorp/aws\"]",
      "instances": [
        {
          "schema_version": 0,
          "attributes": {
            "arn": "arn:aws:iam::438465134937:policy/apigateway_user_policy",
            "attachment_count": 0,
            "description": "",
            "id": "arn:aws:iam::438465134937:policy/apigateway_user_policy",
            "name": "apigateway_user_policy",
            "name_prefix": "",
            "path": "/",
            "policy": "{\"Statement\":[{\"Action\":[\"lambda:InvokeFunction\"],\"Effect\":\"Allow\",\"Resource\":[\"arn:aws:apigateway:eu-west-1:lambda:path/2015-03-31/functions/arn:aws:lambda:eu-west-1:438465134937:function:user_trade_handler/invocations\",\"arn:aws:apigateway:eu-west-1:lambda:path/2015-03-31/functions/arn:aws:lambda:eu-west-1:438465134937:function:ws_handler/invocations\"]}],\"Version\":\"2012-10-17\"}",
            "policy_id": "ANPAWMFUPAFM7R2DPHWOH",
            "tags": null,
            "tags_all": {}
          },
          "sensitive_attributes": [],
          "private": "bnVsbA==",
          "dependencies": [
            "module.energy_trade.module.dynamodb.aws_dynamodb_table.trades",
            "module.energy_trade.module.dynamodb.aws_dynamodb_table.ws_connections",
            "module.energy_trade.module.iam.aws_iam_role.lambda_user_role",
            "module.energy_trade.module.iam.aws_iam_role.lambda_ws_role",
            "module.energy_trade.module.lambda.aws_lambda_function.user_trade_handler",
            "module.energy_trade.module.lambda.aws_lambda_function.ws_handler"
          ]
        }
      ]
    },
    {
      "module": "module.energy_trade.module.iam",
      "mode": "managed",
      "type": "aws_iam_policy",
      "name": "lambda_admin_policy",
      "provider": "module.energy_trade.provider[\"registry.terraform.io/hashicorp/aws\"]",
      "instances": [
        {
          "schema_version": 0,
          "attributes": {
            "arn": "arn:aws:iam::438465134937:policy/lambda_admin_policy",
            "attachment_count": 1,
            "description": "",
            "id": "arn:aws:iam::438465134937:policy/lambda_admin_policy",
            "name": "lambda_admin_policy",
            "name_prefix": "",
            "path": "/",
            "policy": "{\"Statement\":[{\"Action\":[\"logs:CreateLogGroup\",\"logs:CreateLogStream\",\"logs:PutLogEvents\"],\"Effect\":\"Allow\",\"Resource\":\"arn:aws:logs:*:*:*\"},{\"Action\":\"dynamodb:*\",\"Effect\":\"Allow\",\"Resource\":\"arn:aws:dynamodb:eu-west-1:438465134937:table/Equilux_Energy_Trades\"}],\"Version\":\"2012-10-17\"}",
            "policy_id": "ANPAWMFUPAFMX7SJR6O4M",
            "tags": {},
            "tags_all": {}
          },
          "sensitive_attributes": [],
          "private": "bnVsbA==",
          "dependencies": [
            "module.energy_trade.module.dynamodb.aws_dynamodb_table.trades"
          ]
        }
      ]
    },
    {
      "module": "module.energy_trade.module.iam",
      "mode": "managed",
      "type": "aws_iam_policy",
      "name": "lambda_user_policy",
      "provider": "module.energy_trade.provider[\"registry.terraform.io/hashicorp/aws\"]",
      "instances": [
        {
          "schema_version": 0,
          "attributes": {
            "arn": "arn:aws:iam::438465134937:policy/lambda_user_policy",
            "attachment_count": 1,
            "description": "",
            "id": "arn:aws:iam::438465134937:policy/lambda_user_policy",
            "name": "lambda_user_policy",
            "name_prefix": "",
            "path": "/",
            "policy": "{\"Statement\":[{\"Action\":[\"logs:CreateLogGroup\",\"logs:CreateLogStream\",\"logs:PutLogEvents\"],\"Effect\":\"Allow\",\"Resource\":\"arn:aws:logs:*:*:*\"},{\"Action\":\"dynamodb:*\",\"Effect\":\"Allow\",\"Resource\":[\"arn:aws:dynamodb:eu-west-1:438465134937:table/Equilux_Energy_Trades\",\"arn:aws:dynamodb:eu-west-1:438465134937:table/Equilux_WebSockets_Connections\"]}],\"Version\":\"2012-10-17\"}",
            "policy_id": "ANPAWMFUPAFM45CU5YDMB",
            "tags": {},
            "tags_all": {}
          },
          "sensitive_attributes": [],
          "private": "bnVsbA==",
          "dependencies": [
            "module.energy_trade.module.dynamodb.aws_dynamodb_table.trades",
            "module.energy_trade.module.dynamodb.aws_dynamodb_table.ws_connections"
          ]
        }
      ]
    },
    {
      "module": "module.energy_trade.module.iam",
      "mode": "managed",
      "type": "aws_iam_policy",
      "name": "lambda_ws_policy",
      "provider": "module.energy_trade.provider[\"registry.terraform.io/hashicorp/aws\"]",
      "instances": [
        {
          "schema_version": 0,
          "attributes": {
            "arn": "arn:aws:iam::438465134937:policy/lambda_ws_policy",
            "attachment_count": 1,
            "description": "",
            "id": "arn:aws:iam::438465134937:policy/lambda_ws_policy",
            "name": "lambda_ws_policy",
            "name_prefix": "",
            "path": "/",
            "policy": "{\"Statement\":[{\"Action\":[\"logs:CreateLogGroup\",\"logs:CreateLogStream\",\"logs:PutLogEvents\"],\"Effect\":\"Allow\",\"Resource\":\"arn:aws:logs:*:*:*\"},{\"Action\":\"dynamodb:*\",\"Effect\":\"Allow\",\"Resource\":\"arn:aws:dynamodb:eu-west-1:438465134937:table/Equilux_WebSockets_Connections\"}],\"Version\":\"2012-10-17\"}",
            "policy_id": "ANPAWMFUPAFMUP3PK5SYB",
            "tags": {},
            "tags_all": {}
          },
          "sensitive_attributes": [],
          "private": "bnVsbA==",
          "dependencies": [
            "module.energy_trade.module.dynamodb.aws_dynamodb_table.ws_connections"
          ]
        }
      ]
    },
    {
      "module": "module.energy_trade.module.iam",
      "mode": "managed",
      "type": "aws_iam_role",
      "name": "apigateway_admin_role",
      "provider": "module.energy_trade.provider[\"registry.terraform.io/hashicorp/aws\"]",
      "instances": [
        {
          "schema_version": 0,
          "attributes": {
            "arn": "arn:aws:iam::438465134937:role/apigateway_admin_role",
            "assume_role_policy": "{\"Statement\":[{\"Action\":\"sts:AssumeRole\",\"Effect\":\"Allow\",\"Principal\":{\"Service\":\"apigateway.amazonaws.com\"}}],\"Version\":\"2012-10-17\"}",
            "create_date": "2025-03-01T20:15:28Z",
            "description": "",
            "force_detach_policies": false,
            "id": "apigateway_admin_role",
            "inline_policy": [],
            "managed_policy_arns": [],
            "max_session_duration": 3600,
            "name": "apigateway_admin_role",
            "name_prefix": "",
            "path": "/",
            "permissions_boundary": "",
            "tags": {},
            "tags_all": {},
            "unique_id": "AROAWMFUPAFMWEGCAX64G"
          },
          "sensitive_attributes": [],
          "private": "bnVsbA=="
        }
      ]
    },
    {
      "module": "module.energy_trade.module.iam",
      "mode": "managed",
      "type": "aws_iam_role",
      "name": "apigateway_user_role",
      "provider": "module.energy_trade.provider[\"registry.terraform.io/hashicorp/aws\"]",
      "instances": [
        {
          "schema_version": 0,
          "attributes": {
            "arn": "arn:aws:iam::438465134937:role/apigateway_role",
            "assume_role_policy": "{\"Statement\":[{\"Action\":\"sts:AssumeRole\",\"Effect\":\"Allow\",\"Principal\":{\"Service\":\"apigateway.amazonaws.com\"}}],\"Version\":\"2012-10-17\"}",
            "create_date": "2025-03-01T20:15:28Z",
            "description": "",
            "force_detach_policies": false,
            "id": "apigateway_role",
            "inline_policy": [],
            "managed_policy_arns": [],
            "max_session_duration": 3600,
            "name": "apigateway_role",
            "name_prefix": "",
            "path": "/",
            "permissions_boundary": "",
            "tags": {},
            "tags_all": {},
            "unique_id": "AROAWMFUPAFMQDUBCVSHW"
          },
          "sensitive_attributes": [],
          "private": "bnVsbA=="
        }
      ]
    },
    {
      "module": "module.energy_trade.module.iam",
      "mode": "managed",
      "type": "aws_iam_role",
      "name": "lambda_admin_role",
      "provider": "module.energy_trade.provider[\"registry.terraform.io/hashicorp/aws\"]",
      "instances": [
        {
          "schema_version": 0,
          "attributes": {
            "arn": "arn:aws:iam::438465134937:role/lambda_admin_role",
            "assume_role_policy": "{\"Statement\":[{\"Action\":\"sts:AssumeRole\",\"Effect\":\"Allow\",\"Principal\":{\"Service\":\"lambda.amazonaws.com\"}}],\"Version\":\"2012-10-17\"}",
            "create_date": "2025-03-01T20:15:28Z",
            "description": "",
            "force_detach_policies": false,
            "id": "lambda_admin_role",
            "inline_policy": [],
            "managed_policy_arns": [
              "arn:aws:iam::438465134937:policy/lambda_admin_policy"
            ],
            "max_session_duration": 3600,
            "name": "lambda_admin_role",
            "name_prefix": "",
            "path": "/",
            "permissions_boundary": "",
            "tags": {},
            "tags_all": {},
            "unique_id": "AROAWMFUPAFMULY7T4XQB"
          },
          "sensitive_attributes": [],
          "private": "bnVsbA=="
        }
      ]
    },
    {
      "module": "module.energy_trade.module.iam",
      "mode": "managed",
      "type": "aws_iam_role",
      "name": "lambda_user_role",
      "provider": "module.energy_trade.provider[\"registry.terraform.io/hashicorp/aws\"]",
      "instances": [
        {
          "schema_version": 0,
          "attributes": {
            "arn": "arn:aws:iam::438465134937:role/lambda_user_role",
            "assume_role_policy": "{\"Statement\":[{\"Action\":\"sts:AssumeRole\",\"Effect\":\"Allow\",\"Principal\":{\"Service\":\"lambda.amazonaws.com\"}}],\"Version\":\"2012-10-17\"}",
            "create_date": "2025-03-01T20:15:28Z",
            "description": "",
            "force_detach_policies": false,
            "id": "lambda_user_role",
            "inline_policy": [],
            "managed_policy_arns": [
              "arn:aws:iam::438465134937:policy/lambda_user_policy"
            ],
            "max_session_duration": 3600,
            "name": "lambda_user_role",
            "name_prefix": "",
            "path": "/",
            "permissions_boundary": "",
            "tags": {},
            "tags_all": {},
            "unique_id": "AROAWMFUPAFMZVI3AL3M7"
          },
          "sensitive_attributes": [],
          "private": "bnVsbA=="
        }
      ]
    },
    {
      "module": "module.energy_trade.module.iam",
      "mode": "managed",
      "type": "aws_iam_role",
      "name": "lambda_ws_role",
      "provider": "module.energy_trade.provider[\"registry.terraform.io/hashicorp/aws\"]",
      "instances": [
        {
          "schema_version": 0,
          "attributes": {
            "arn": "arn:aws:iam::438465134937:role/lambda_ws_role",
            "assume_role_policy": "{\"Statement\":[{\"Action\":\"sts:AssumeRole\",\"Effect\":\"Allow\",\"Principal\":{\"Service\":\"lambda.amazonaws.com\"}}],\"Version\":\"2012-10-17\"}",
            "create_date": "2025-03-01T20:15:28Z",
            "description": "",
            "force_detach_policies": false,
            "id": "lambda_ws_role",
            "inline_policy": [],
            "managed_policy_arns": [
              "arn:aws:iam::438465134937:policy/lambda_ws_policy"
            ],
            "max_session_duration": 3600,
            "name": "lambda_ws_role",
            "name_prefix": "",
            "path": "/",
            "permissions_boundary": "",
            "tags": {},
            "tags_all": {},
            "unique_id": "AROAWMFUPAFMY5AD4MWE6"
          },
          "sensitive_attributes": [],
          "private": "bnVsbA=="
        }
      ]
    },
    {
      "module": "module.energy_trade.module.iam",
      "mode": "managed",
      "type": "aws_iam_role_policy_attachment",
      "name": "apigateway_admin_attach",
      "provider": "module.energy_trade.provider[\"registry.terraform.io/hashicorp/aws\"]",
      "instances": [
        {
          "schema_version": 0,
          "attributes": {
            "id": "apigateway_admin_role-20250305234746956800000001",
            "policy_arn": "arn:aws:iam::438465134937:policy/apigateway_admin_policy",
            "role": "apigateway_admin_role"
          },
          "sensitive_attributes": [],
          "private": "bnVsbA==",
          "dependencies": [
            "module.energy_trade.module.dynamodb.aws_dynamodb_table.trades",
            "module.energy_trade.module.dynamodb.aws_dynamodb_table.ws_connections",
            "module.energy_trade.module.iam.aws_iam_policy.apigateway_admin_policy",
            "module.energy_trade.module.iam.aws_iam_role.apigateway_admin_role",
            "module.energy_trade.module.iam.aws_iam_role.lambda_admin_role",
            "module.energy_trade.module.iam.aws_iam_role.lambda_user_role",
            "module.energy_trade.module.iam.aws_iam_role.lambda_ws_role",
            "module.energy_trade.module.lambda.aws_lambda_function.admin_trade_handler",
            "module.energy_trade.module.lambda.aws_lambda_function.user_trade_handler",
            "module.energy_trade.module.lambda.aws_lambda_function.ws_handler"
          ]
        }
      ]
    },
    {
      "module": "module.energy_trade.module.iam",
      "mode": "managed",
      "type": "aws_iam_role_policy_attachment",
      "name": "apigateway_user_attach",
      "provider": "module.energy_trade.provider[\"registry.terraform.io/hashicorp/aws\"]",
      "instances": [
        {
          "schema_version": 0,
          "attributes": {
            "id": "apigateway_role-20250305234749669400000002",
            "policy_arn": "arn:aws:iam::438465134937:policy/apigateway_user_policy",
            "role": "apigateway_role"
          },
          "sensitive_attributes": [],
          "private": "bnVsbA==",
          "dependencies": [
            "module.energy_trade.module.dynamodb.aws_dynamodb_table.trades",
            "module.energy_trade.module.dynamodb.aws_dynamodb_table.ws_connections",
            "module.energy_trade.module.iam.aws_iam_policy.apigateway_user_policy",
            "module.energy_trade.module.iam.aws_iam_role.apigateway_user_role",
            "module.energy_trade.module.iam.aws_iam_role.lambda_user_role",
            "module.energy_trade.module.iam.aws_iam_role.lambda_ws_role",
            "module.energy_trade.module.lambda.aws_lambda_function.user_trade_handler",
            "module.energy_trade.module.lambda.aws_lambda_function.ws_handler"
          ]
        }
      ]
    },
    {
      "module": "module.energy_trade.module.iam",
      "mode": "managed",
      "type": "aws_iam_role_policy_attachment",
      "name": "lambda_admin_attach",
      "provider": "module.energy_trade.provider[\"registry.terraform.io/hashicorp/aws\"]",
      "instances": [
        {
          "schema_version": 0,
          "attributes": {
            "id": "lambda_admin_role-20250301210348533700000002",
            "policy_arn": "arn:aws:iam::438465134937:policy/lambda_admin_policy",
            "role": "lambda_admin_role"
          },
          "sensitive_attributes": [],
          "private": "bnVsbA==",
          "dependencies": [
            "module.energy_trade.module.dynamodb.aws_dynamodb_table.trades",
            "module.energy_trade.module.iam.aws_iam_policy.lambda_admin_policy",
            "module.energy_trade.module.iam.aws_iam_role.lambda_admin_role"
          ]
        }
      ]
    },
    {
      "module": "module.energy_trade.module.iam",
      "mode": "managed",
      "type": "aws_iam_role_policy_attachment",
      "name": "lambda_user_attach",
      "provider": "module.energy_trade.provider[\"registry.terraform.io/hashicorp/aws\"]",
      "instances": [
        {
          "schema_version": 0,
          "attributes": {
            "id": "lambda_user_role-20250301210348533700000001",
            "policy_arn": "arn:aws:iam::438465134937:policy/lambda_user_policy",
            "role": "lambda_user_role"
          },
          "sensitive_attributes": [],
          "private": "bnVsbA==",
          "dependencies": [
            "module.energy_trade.module.dynamodb.aws_dynamodb_table.trades",
            "module.energy_trade.module.dynamodb.aws_dynamodb_table.ws_connections",
            "module.energy_trade.module.iam.aws_iam_policy.lambda_user_policy",
            "module.energy_trade.module.iam.aws_iam_role.lambda_user_role"
          ]
        }
      ]
    },
    {
      "module": "module.energy_trade.module.iam",
      "mode": "managed",
      "type": "aws_iam_role_policy_attachment",
      "name": "lambda_ws_attach",
      "provider": "module.energy_trade.provider[\"registry.terraform.io/hashicorp/aws\"]",
      "instances": [
        {
          "schema_version": 0,
          "attributes": {
            "id": "lambda_ws_role-20250301201600664600000001",
            "policy_arn": "arn:aws:iam::438465134937:policy/lambda_ws_policy",
            "role": "lambda_ws_role"
          },
          "sensitive_attributes": [],
          "private": "bnVsbA==",
          "dependencies": [
            "module.energy_trade.module.dynamodb.aws_dynamodb_table.ws_connections",
            "module.energy_trade.module.iam.aws_iam_policy.lambda_ws_policy",
            "module.energy_trade.module.iam.aws_iam_role.lambda_ws_role"
          ]
        }
      ]
    },
    {
      "module": "module.energy_trade.module.lambda",
      "mode": "managed",
      "type": "aws_cloudwatch_log_group",
      "name": "admin_trade_handler_log_group",
      "provider": "module.energy_trade.provider[\"registry.terraform.io/hashicorp/aws\"]",
      "instances": [
        {
          "schema_version": 0,
          "attributes": {
            "arn": "arn:aws:logs:eu-west-1:438465134937:log-group:/aws/lambda/admin_trade_handler",
            "id": "/aws/lambda/admin_trade_handler",
            "kms_key_id": "",
            "log_group_class": "STANDARD",
            "name": "/aws/lambda/admin_trade_handler",
            "name_prefix": "",
            "retention_in_days": 14,
            "skip_destroy": false,
            "tags": {
              "Environment": "dev",
              "Module": "Energy Trade"
            },
            "tags_all": {
              "Environment": "dev",
              "Module": "Energy Trade"
            }
          },
          "sensitive_attributes": [],
          "private": "bnVsbA==",
          "dependencies": [
            "module.energy_trade.module.dynamodb.aws_dynamodb_table.trades",
            "module.energy_trade.module.iam.aws_iam_role.lambda_admin_role",
            "module.energy_trade.module.lambda.aws_lambda_function.admin_trade_handler"
          ]
        }
      ]
    },
    {
      "module": "module.energy_trade.module.lambda",
      "mode": "managed",
      "type": "aws_cloudwatch_log_group",
      "name": "user_trade_handler_log_group",
      "provider": "module.energy_trade.provider[\"registry.terraform.io/hashicorp/aws\"]",
      "instances": [
        {
          "schema_version": 0,
          "attributes": {
            "arn": "arn:aws:logs:eu-west-1:438465134937:log-group:/aws/lambda/user_trade_handler",
            "id": "/aws/lambda/user_trade_handler",
            "kms_key_id": "",
            "log_group_class": "STANDARD",
            "name": "/aws/lambda/user_trade_handler",
            "name_prefix": "",
            "retention_in_days": 14,
            "skip_destroy": false,
            "tags": {
              "Environment": "dev",
              "Module": "Energy Trade"
            },
            "tags_all": {
              "Environment": "dev",
              "Module": "Energy Trade"
            }
          },
          "sensitive_attributes": [],
          "private": "bnVsbA==",
          "dependencies": [
            "module.energy_trade.module.dynamodb.aws_dynamodb_table.trades",
            "module.energy_trade.module.iam.aws_iam_role.lambda_user_role",
            "module.energy_trade.module.lambda.aws_lambda_function.user_trade_handler"
          ]
        }
      ]
    },
    {
      "module": "module.energy_trade.module.lambda",
      "mode": "managed",
      "type": "aws_cloudwatch_log_group",
      "name": "ws_handler_log_group",
      "provider": "module.energy_trade.provider[\"registry.terraform.io/hashicorp/aws\"]",
      "instances": [
        {
          "schema_version": 0,
          "attributes": {
            "arn": "arn:aws:logs:eu-west-1:438465134937:log-group:/aws/lambda/ws_handler",
            "id": "/aws/lambda/ws_handler",
            "kms_key_id": "",
            "log_group_class": "STANDARD",
            "name": "/aws/lambda/ws_handler",
            "name_prefix": "",
            "retention_in_days": 14,
            "skip_destroy": false,
            "tags": {
              "Environment": "dev",
              "Module": "Energy Trade"
            },
            "tags_all": {
              "Environment": "dev",
              "Module": "Energy Trade"
            }
          },
          "sensitive_attributes": [],
          "private": "bnVsbA==",
          "dependencies": [
            "module.energy_trade.module.dynamodb.aws_dynamodb_table.ws_connections",
            "module.energy_trade.module.iam.aws_iam_role.lambda_ws_role",
            "module.energy_trade.module.lambda.aws_lambda_function.ws_handler"
          ]
        }
      ]
    },
    {
      "module": "module.energy_trade.module.lambda",
      "mode": "managed",
      "type": "aws_lambda_function",
      "name": "admin_trade_handler",
      "provider": "module.energy_trade.provider[\"registry.terraform.io/hashicorp/aws\"]",
      "instances": [
        {
          "schema_version": 0,
          "attributes": {
            "architectures": [
              "x86_64"
            ],
            "arn": "arn:aws:lambda:eu-west-1:438465134937:function:admin_trade_handler",
            "code_sha256": "roet+lodCR1TyFUb+0GOnXC6uwuEJv12IOGU24xTAR0=",
            "code_signing_config_arn": "",
            "dead_letter_config": [],
            "description": "",
            "environment": [
              {
                "variables": {
                  "DYNAMODB_TABLE": "Equilux_Energy_Trades"
                }
              }
            ],
            "ephemeral_storage": [
              {
                "size": 512
              }
            ],
            "file_system_config": [],
            "filename": "modules/energy_trade/lambda_functions/admin/admin_trade_handler.zip",
            "function_name": "admin_trade_handler",
            "handler": "index.handler",
            "id": "admin_trade_handler",
            "image_config": [],
            "image_uri": "",
            "invoke_arn": "arn:aws:apigateway:eu-west-1:lambda:path/2015-03-31/functions/arn:aws:lambda:eu-west-1:438465134937:function:admin_trade_handler/invocations",
            "kms_key_arn": "",
            "last_modified": "2025-03-01T21:07:40.966+0000",
            "layers": [],
            "logging_config": [
              {
                "application_log_level": "",
                "log_format": "Text",
                "log_group": "/aws/lambda/admin_trade_handler",
                "system_log_level": ""
              }
            ],
            "memory_size": 128,
            "package_type": "Zip",
            "publish": false,
            "qualified_arn": "arn:aws:lambda:eu-west-1:438465134937:function:admin_trade_handler:$LATEST",
            "qualified_invoke_arn": "arn:aws:apigateway:eu-west-1:lambda:path/2015-03-31/functions/arn:aws:lambda:eu-west-1:438465134937:function:admin_trade_handler:$LATEST/invocations",
            "replace_security_groups_on_destroy": null,
            "replacement_security_group_ids": null,
            "reserved_concurrent_executions": -1,
            "role": "arn:aws:iam::438465134937:role/lambda_admin_role",
            "runtime": "nodejs16.x",
            "s3_bucket": null,
            "s3_key": null,
            "s3_object_version": null,
            "signing_job_arn": "",
            "signing_profile_version_arn": "",
            "skip_destroy": false,
            "snap_start": [],
            "source_code_hash": "roet+lodCR1TyFUb+0GOnXC6uwuEJv12IOGU24xTAR0=",
            "source_code_size": 14216230,
            "tags": {
              "Environment": "dev",
              "Module": "Energy Trade"
            },
            "tags_all": {
              "Environment": "dev",
              "Module": "Energy Trade"
            },
            "timeout": 3,
            "timeouts": null,
            "tracing_config": [
              {
                "mode": "PassThrough"
              }
            ],
            "version": "$LATEST",
            "vpc_config": []
          },
          "sensitive_attributes": [],
          "private": "eyJlMmJmYjczMC1lY2FhLTExZTYtOGY4OC0zNDM2M2JjN2M0YzAiOnsiY3JlYXRlIjo2MDAwMDAwMDAwMDAsImRlbGV0ZSI6NjAwMDAwMDAwMDAwLCJ1cGRhdGUiOjYwMDAwMDAwMDAwMH19",
          "dependencies": [
            "module.energy_trade.module.dynamodb.aws_dynamodb_table.trades",
            "module.energy_trade.module.iam.aws_iam_role.lambda_admin_role"
          ]
        }
      ]
    },
    {
      "module": "module.energy_trade.module.lambda",
      "mode": "managed",
      "type": "aws_lambda_function",
      "name": "user_trade_handler",
      "provider": "module.energy_trade.provider[\"registry.terraform.io/hashicorp/aws\"]",
      "instances": [
        {
          "schema_version": 0,
          "attributes": {
            "architectures": [
              "x86_64"
            ],
            "arn": "arn:aws:lambda:eu-west-1:438465134937:function:user_trade_handler",
            "code_sha256": "bN06hyofqjm7Bn2jHpMgZe1FJUjOrQ6N+K4d0Mr/ls8=",
            "code_signing_config_arn": "",
            "dead_letter_config": [],
            "description": "",
            "environment": [
              {
                "variables": {
                  "DYNAMODB_TABLE": "Equilux_Energy_Trades"
                }
              }
            ],
            "ephemeral_storage": [
              {
                "size": 512
              }
            ],
            "file_system_config": [],
            "filename": "modules/energy_trade/lambda_functions/user/user_trade_handler.zip",
            "function_name": "user_trade_handler",
            "handler": "index.handler",
            "id": "user_trade_handler",
            "image_config": [],
            "image_uri": "",
            "invoke_arn": "arn:aws:apigateway:eu-west-1:lambda:path/2015-03-31/functions/arn:aws:lambda:eu-west-1:438465134937:function:user_trade_handler/invocations",
            "kms_key_arn": "",
            "last_modified": "2025-03-05T23:46:10.879+0000",
            "layers": null,
            "logging_config": [
              {
                "application_log_level": "",
                "log_format": "Text",
                "log_group": "/aws/lambda/user_trade_handler",
                "system_log_level": ""
              }
            ],
            "memory_size": 128,
            "package_type": "Zip",
            "publish": false,
            "qualified_arn": "arn:aws:lambda:eu-west-1:438465134937:function:user_trade_handler:$LATEST",
            "qualified_invoke_arn": "arn:aws:apigateway:eu-west-1:lambda:path/2015-03-31/functions/arn:aws:lambda:eu-west-1:438465134937:function:user_trade_handler:$LATEST/invocations",
            "replace_security_groups_on_destroy": null,
            "replacement_security_group_ids": null,
            "reserved_concurrent_executions": -1,
            "role": "arn:aws:iam::438465134937:role/lambda_user_role",
            "runtime": "nodejs16.x",
            "s3_bucket": null,
            "s3_key": null,
            "s3_object_version": null,
            "signing_job_arn": "",
            "signing_profile_version_arn": "",
            "skip_destroy": false,
            "snap_start": [],
            "source_code_hash": "bN06hyofqjm7Bn2jHpMgZe1FJUjOrQ6N+K4d0Mr/ls8=",
            "source_code_size": 14216129,
            "tags": {
              "Environment": "dev",
              "Module": "Energy Trade"
            },
            "tags_all": {
              "Environment": "dev",
              "Module": "Energy Trade"
            },
            "timeout": 3,
            "timeouts": null,
            "tracing_config": [
              {
                "mode": "PassThrough"
              }
            ],
            "version": "$LATEST",
            "vpc_config": []
          },
          "sensitive_attributes": [],
          "private": "eyJlMmJmYjczMC1lY2FhLTExZTYtOGY4OC0zNDM2M2JjN2M0YzAiOnsiY3JlYXRlIjo2MDAwMDAwMDAwMDAsImRlbGV0ZSI6NjAwMDAwMDAwMDAwLCJ1cGRhdGUiOjYwMDAwMDAwMDAwMH19",
          "dependencies": [
            "module.energy_trade.module.dynamodb.aws_dynamodb_table.trades",
            "module.energy_trade.module.iam.aws_iam_role.lambda_user_role"
          ]
        }
      ]
    },
    {
      "module": "module.energy_trade.module.lambda",
      "mode": "managed",
      "type": "aws_lambda_function",
      "name": "ws_authorizer",
      "provider": "module.energy_trade.provider[\"registry.terraform.io/hashicorp/aws\"]",
      "instances": [
        {
          "schema_version": 0,
          "attributes": {
            "architectures": [
              "x86_64"
            ],
            "arn": "arn:aws:lambda:eu-west-1:438465134937:function:ws_authorizer",
            "code_sha256": "a6zJAGK6iEJuESjopahRf2ECHMS+lIGaWLAGKb5fvWU=",
            "code_signing_config_arn": "",
            "dead_letter_config": [],
            "description": "",
            "environment": [
              {
                "variables": {
                  "REGION": "eu-west-1",
                  "USER_POOL_ID": "2et6pcpoin606ul2evqm5lqb2g"
                }
              }
            ],
            "ephemeral_storage": [
              {
                "size": 512
              }
            ],
            "file_system_config": [],
            "filename": "modules/energy_trade/lambda_functions/ws/ws_authorizer.zip",
            "function_name": "ws_authorizer",
            "handler": "index.handler",
            "id": "ws_authorizer",
            "image_config": [],
            "image_uri": "",
            "invoke_arn": "arn:aws:apigateway:eu-west-1:lambda:path/2015-03-31/functions/arn:aws:lambda:eu-west-1:438465134937:function:ws_authorizer/invocations",
            "kms_key_arn": "",
            "last_modified": "2025-03-01T20:15:57.514+0000",
            "layers": [],
            "logging_config": [
              {
                "application_log_level": "",
                "log_format": "Text",
                "log_group": "/aws/lambda/ws_authorizer",
                "system_log_level": ""
              }
            ],
            "memory_size": 128,
            "package_type": "Zip",
            "publish": false,
            "qualified_arn": "arn:aws:lambda:eu-west-1:438465134937:function:ws_authorizer:$LATEST",
            "qualified_invoke_arn": "arn:aws:apigateway:eu-west-1:lambda:path/2015-03-31/functions/arn:aws:lambda:eu-west-1:438465134937:function:ws_authorizer:$LATEST/invocations",
            "replace_security_groups_on_destroy": null,
            "replacement_security_group_ids": null,
            "reserved_concurrent_executions": -1,
            "role": "arn:aws:iam::438465134937:role/lambda_ws_role",
            "runtime": "nodejs16.x",
            "s3_bucket": null,
            "s3_key": null,
            "s3_object_version": null,
            "signing_job_arn": "",
            "signing_profile_version_arn": "",
            "skip_destroy": false,
            "snap_start": [],
            "source_code_hash": "a6zJAGK6iEJuESjopahRf2ECHMS+lIGaWLAGKb5fvWU=",
            "source_code_size": 973254,
            "tags": {
              "Environment": "dev",
              "Module": "Energy Trade"
            },
            "tags_all": {
              "Environment": "dev",
              "Module": "Energy Trade"
            },
            "timeout": 3,
            "timeouts": null,
            "tracing_config": [
              {
                "mode": "PassThrough"
              }
            ],
            "version": "$LATEST",
            "vpc_config": []
          },
          "sensitive_attributes": [],
          "private": "eyJlMmJmYjczMC1lY2FhLTExZTYtOGY4OC0zNDM2M2JjN2M0YzAiOnsiY3JlYXRlIjo2MDAwMDAwMDAwMDAsImRlbGV0ZSI6NjAwMDAwMDAwMDAwLCJ1cGRhdGUiOjYwMDAwMDAwMDAwMH19",
          "dependencies": [
            "module.energy_trade.module.iam.aws_iam_role.lambda_ws_role",
            "module.user_managment.module.cognito.aws_cognito_identity_provider.google",
            "module.user_managment.module.cognito.aws_cognito_user_pool.this",
            "module.user_managment.module.cognito.aws_cognito_user_pool_client.this"
          ]
        }
      ]
    },
    {
      "module": "module.energy_trade.module.lambda",
      "mode": "managed",
      "type": "aws_lambda_function",
      "name": "ws_handler",
      "provider": "module.energy_trade.provider[\"registry.terraform.io/hashicorp/aws\"]",
      "instances": [
        {
          "schema_version": 0,
          "attributes": {
            "architectures": [
              "x86_64"
            ],
            "arn": "arn:aws:lambda:eu-west-1:438465134937:function:ws_handler",
            "code_sha256": "4RSW7q2Qa4WxhmZ2aCk7DJGrROcTpSYSwz1RhR8+7bY=",
            "code_signing_config_arn": "",
            "dead_letter_config": [],
            "description": "",
            "environment": [
              {
                "variables": {
                  "WS_CONNECTIONS_TABLE": "Equilux_WebSockets_Connections"
                }
              }
            ],
            "ephemeral_storage": [
              {
                "size": 512
              }
            ],
            "file_system_config": [],
            "filename": "modules/energy_trade/lambda_functions/ws/ws_handler.zip",
            "function_name": "ws_handler",
            "handler": "index.handler",
            "id": "ws_handler",
            "image_config": [],
            "image_uri": "",
            "invoke_arn": "arn:aws:apigateway:eu-west-1:lambda:path/2015-03-31/functions/arn:aws:lambda:eu-west-1:438465134937:function:ws_handler/invocations",
            "kms_key_arn": "",
            "last_modified": "2025-03-01T21:04:52.172+0000",
            "layers": [],
            "logging_config": [
              {
                "application_log_level": "",
                "log_format": "Text",
                "log_group": "/aws/lambda/ws_handler",
                "system_log_level": ""
              }
            ],
            "memory_size": 128,
            "package_type": "Zip",
            "publish": false,
            "qualified_arn": "arn:aws:lambda:eu-west-1:438465134937:function:ws_handler:$LATEST",
            "qualified_invoke_arn": "arn:aws:apigateway:eu-west-1:lambda:path/2015-03-31/functions/arn:aws:lambda:eu-west-1:438465134937:function:ws_handler:$LATEST/invocations",
            "replace_security_groups_on_destroy": null,
            "replacement_security_group_ids": null,
            "reserved_concurrent_executions": -1,
            "role": "arn:aws:iam::438465134937:role/lambda_ws_role",
            "runtime": "nodejs16.x",
            "s3_bucket": null,
            "s3_key": null,
            "s3_object_version": null,
            "signing_job_arn": "",
            "signing_profile_version_arn": "",
            "skip_destroy": false,
            "snap_start": [],
            "source_code_hash": "4RSW7q2Qa4WxhmZ2aCk7DJGrROcTpSYSwz1RhR8+7bY=",
            "source_code_size": 14215648,
            "tags": {
              "Environment": "dev",
              "Module": "Energy Trade"
            },
            "tags_all": {
              "Environment": "dev",
              "Module": "Energy Trade"
            },
            "timeout": 3,
            "timeouts": null,
            "tracing_config": [
              {
                "mode": "PassThrough"
              }
            ],
            "version": "$LATEST",
            "vpc_config": []
          },
          "sensitive_attributes": [],
          "private": "eyJlMmJmYjczMC1lY2FhLTExZTYtOGY4OC0zNDM2M2JjN2M0YzAiOnsiY3JlYXRlIjo2MDAwMDAwMDAwMDAsImRlbGV0ZSI6NjAwMDAwMDAwMDAwLCJ1cGRhdGUiOjYwMDAwMDAwMDAwMH19",
          "dependencies": [
            "module.energy_trade.module.dynamodb.aws_dynamodb_table.ws_connections",
            "module.energy_trade.module.iam.aws_iam_role.lambda_ws_role"
          ]
        }
      ]
    },
    {
      "module": "module.user_managment.module.apigateway",
      "mode": "managed",
      "type": "aws_api_gateway_authorizer",
      "name": "cognito_authorizer",
      "provider": "provider[\"registry.terraform.io/hashicorp/aws\"]",
      "instances": [
        {
          "schema_version": 0,
          "attributes": {
            "arn": "arn:aws:apigateway:eu-west-1::/restapis/uyoddnypml/authorizers/n50v6e",
            "authorizer_credentials": "",
            "authorizer_result_ttl_in_seconds": 300,
            "authorizer_uri": "arn:aws:apigateway:eu-west-1:cognito-idp:aws:action/cognito-idp:authorize",
            "id": "n50v6e",
            "identity_source": "method.request.header.Authorization",
            "identity_validation_expression": "",
            "name": "CognitoAuthorizer",
            "provider_arns": [
              "arn:aws:cognito-idp:eu-west-1:438465134937:userpool/eu-west-1_1B9gRaY6l"
            ],
            "rest_api_id": "uyoddnypml",
            "type": "COGNITO_USER_POOLS"
          },
          "sensitive_attributes": [],
          "private": "bnVsbA==",
          "dependencies": [
            "module.user_managment.module.apigateway.aws_api_gateway_rest_api.this",
            "module.user_managment.module.cognito.aws_cognito_user_pool.this"
          ]
        }
      ]
    },
    {
      "module": "module.user_managment.module.apigateway",
      "mode": "managed",
      "type": "aws_api_gateway_method",
      "name": "admin_delete_user",
      "provider": "provider[\"registry.terraform.io/hashicorp/aws\"]",
      "instances": [
        {
          "schema_version": 0,
          "attributes": {
            "api_key_required": false,
            "authorization": "COGNITO_USER_POOLS",
            "authorization_scopes": [],
            "authorizer_id": "n50v6e",
            "http_method": "DELETE",
            "id": "agm-uyoddnypml-fmsg0f-DELETE",
            "operation_name": "",
            "request_models": {},
            "request_parameters": {
              "method.request.header.Authorization": true,
              "method.request.path.username": true
            },
            "request_validator_id": "",
            "resource_id": "fmsg0f",
            "rest_api_id": "uyoddnypml"
          },
          "sensitive_attributes": [],
          "private": "bnVsbA==",
          "dependencies": [
            "module.user_managment.module.apigateway.aws_api_gateway_authorizer.cognito_authorizer",
            "module.user_managment.module.apigateway.aws_api_gateway_resource.admin",
            "module.user_managment.module.apigateway.aws_api_gateway_resource.admin_user",
            "module.user_managment.module.apigateway.aws_api_gateway_resource.admin_users",
            "module.user_managment.module.apigateway.aws_api_gateway_resource.api",
            "module.user_managment.module.apigateway.aws_api_gateway_resource.v1",
            "module.user_managment.module.apigateway.aws_api_gateway_rest_api.this",
            "module.user_managment.module.cognito.aws_cognito_user_pool.this"
          ]
        }
      ]
    },
    {
      "module": "module.user_managment.module.apigateway",
      "mode": "managed",
      "type": "aws_api_gateway_method",
      "name": "admin_get_user",
      "provider": "provider[\"registry.terraform.io/hashicorp/aws\"]",
      "instances": [
        {
          "schema_version": 0,
          "attributes": {
            "api_key_required": false,
            "authorization": "COGNITO_USER_POOLS",
            "authorization_scopes": [],
            "authorizer_id": "n50v6e",
            "http_method": "GET",
            "id": "agm-uyoddnypml-fmsg0f-GET",
            "operation_name": "",
            "request_models": {},
            "request_parameters": {
              "method.request.header.Authorization": true,
              "method.request.path.username": true
            },
            "request_validator_id": "",
            "resource_id": "fmsg0f",
            "rest_api_id": "uyoddnypml"
          },
          "sensitive_attributes": [],
          "private": "bnVsbA==",
          "dependencies": [
            "module.user_managment.module.apigateway.aws_api_gateway_authorizer.cognito_authorizer",
            "module.user_managment.module.apigateway.aws_api_gateway_resource.admin",
            "module.user_managment.module.apigateway.aws_api_gateway_resource.admin_user",
            "module.user_managment.module.apigateway.aws_api_gateway_resource.admin_users",
            "module.user_managment.module.apigateway.aws_api_gateway_resource.api",
            "module.user_managment.module.apigateway.aws_api_gateway_resource.v1",
            "module.user_managment.module.apigateway.aws_api_gateway_rest_api.this",
            "module.user_managment.module.cognito.aws_cognito_user_pool.this"
          ]
        }
      ]
    },
    {
      "module": "module.user_managment.module.apigateway",
      "mode": "managed",
      "type": "aws_api_gateway_method",
      "name": "admin_update_user",
      "provider": "provider[\"registry.terraform.io/hashicorp/aws\"]",
      "instances": [
        {
          "schema_version": 0,
          "attributes": {
            "api_key_required": false,
            "authorization": "COGNITO_USER_POOLS",
            "authorization_scopes": [],
            "authorizer_id": "n50v6e",
            "http_method": "PUT",
            "id": "agm-uyoddnypml-fmsg0f-PUT",
            "operation_name": "",
            "request_models": {
              "application/json": "UpdateUserRequest"
            },
            "request_parameters": {
              "method.request.header.Authorization": true,
              "method.request.path.username": true
            },
            "request_validator_id": "",
            "resource_id": "fmsg0f",
            "rest_api_id": "uyoddnypml"
          },
          "sensitive_attributes": [],
          "private": "bnVsbA==",
          "dependencies": [
            "module.user_managment.module.apigateway.aws_api_gateway_authorizer.cognito_authorizer",
            "module.user_managment.module.apigateway.aws_api_gateway_model.update_user_request",
            "module.user_managment.module.apigateway.aws_api_gateway_resource.admin",
            "module.user_managment.module.apigateway.aws_api_gateway_resource.admin_user",
            "module.user_managment.module.apigateway.aws_api_gateway_resource.admin_users",
            "module.user_managment.module.apigateway.aws_api_gateway_resource.api",
            "module.user_managment.module.apigateway.aws_api_gateway_resource.v1",
            "module.user_managment.module.apigateway.aws_api_gateway_rest_api.this",
            "module.user_managment.module.cognito.aws_cognito_user_pool.this"
          ]
        }
      ]
    },
    {
      "module": "module.user_managment.module.apigateway",
      "mode": "managed",
      "type": "aws_api_gateway_method",
      "name": "create_user",
      "provider": "provider[\"registry.terraform.io/hashicorp/aws\"]",
      "instances": [
        {
          "schema_version": 0,
          "attributes": {
            "api_key_required": false,
            "authorization": "COGNITO_USER_POOLS",
            "authorization_scopes": [],
            "authorizer_id": "n50v6e",
            "http_method": "POST",
            "id": "agm-uyoddnypml-5k0a3k-POST",
            "operation_name": "",
            "request_models": {
              "application/json": "CreateUserRequest"
            },
            "request_parameters": {
              "method.request.header.Authorization": true
            },
            "request_validator_id": "",
            "resource_id": "5k0a3k",
            "rest_api_id": "uyoddnypml"
          },
          "sensitive_attributes": [],
          "private": "bnVsbA==",
          "dependencies": [
            "module.user_managment.module.apigateway.aws_api_gateway_authorizer.cognito_authorizer",
            "module.user_managment.module.apigateway.aws_api_gateway_model.create_user_request",
            "module.user_managment.module.apigateway.aws_api_gateway_resource.api",
            "module.user_managment.module.apigateway.aws_api_gateway_resource.users",
            "module.user_managment.module.apigateway.aws_api_gateway_resource.v1",
            "module.user_managment.module.apigateway.aws_api_gateway_rest_api.this",
            "module.user_managment.module.cognito.aws_cognito_user_pool.this"
          ]
        }
      ]
    },
    {
      "module": "module.user_managment.module.apigateway",
      "mode": "managed",
      "type": "aws_api_gateway_method",
      "name": "delete_user",
      "provider": "provider[\"registry.terraform.io/hashicorp/aws\"]",
      "instances": [
        {
          "schema_version": 0,
          "attributes": {
            "api_key_required": false,
            "authorization": "COGNITO_USER_POOLS",
            "authorization_scopes": [],
            "authorizer_id": "n50v6e",
            "http_method": "DELETE",
            "id": "agm-uyoddnypml-66xwyi-DELETE",
            "operation_name": "",
            "request_models": {},
            "request_parameters": {
              "method.request.header.Authorization": true,
              "method.request.path.username": true
            },
            "request_validator_id": "",
            "resource_id": "66xwyi",
            "rest_api_id": "uyoddnypml"
          },
          "sensitive_attributes": [],
          "private": "bnVsbA==",
          "dependencies": [
            "module.user_managment.module.apigateway.aws_api_gateway_authorizer.cognito_authorizer",
            "module.user_managment.module.apigateway.aws_api_gateway_resource.api",
            "module.user_managment.module.apigateway.aws_api_gateway_resource.user",
            "module.user_managment.module.apigateway.aws_api_gateway_resource.users",
            "module.user_managment.module.apigateway.aws_api_gateway_resource.v1",
            "module.user_managment.module.apigateway.aws_api_gateway_rest_api.this",
            "module.user_managment.module.cognito.aws_cognito_user_pool.this"
          ]
        }
      ]
    },
    {
      "module": "module.user_managment.module.apigateway",
      "mode": "managed",
      "type": "aws_api_gateway_method",
      "name": "get_user",
      "provider": "provider[\"registry.terraform.io/hashicorp/aws\"]",
      "instances": [
        {
          "schema_version": 0,
          "attributes": {
            "api_key_required": false,
            "authorization": "COGNITO_USER_POOLS",
            "authorization_scopes": [],
            "authorizer_id": "n50v6e",
            "http_method": "GET",
            "id": "agm-uyoddnypml-66xwyi-GET",
            "operation_name": "",
            "request_models": {},
            "request_parameters": {
              "method.request.header.Authorization": true,
              "method.request.path.username": true
            },
            "request_validator_id": "",
            "resource_id": "66xwyi",
            "rest_api_id": "uyoddnypml"
          },
          "sensitive_attributes": [],
          "private": "bnVsbA==",
          "dependencies": [
            "module.user_managment.module.apigateway.aws_api_gateway_authorizer.cognito_authorizer",
            "module.user_managment.module.apigateway.aws_api_gateway_resource.api",
            "module.user_managment.module.apigateway.aws_api_gateway_resource.user",
            "module.user_managment.module.apigateway.aws_api_gateway_resource.users",
            "module.user_managment.module.apigateway.aws_api_gateway_resource.v1",
            "module.user_managment.module.apigateway.aws_api_gateway_rest_api.this",
            "module.user_managment.module.cognito.aws_cognito_user_pool.this"
          ]
        }
      ]
    },
    {
      "module": "module.user_managment.module.apigateway",
      "mode": "managed",
      "type": "aws_api_gateway_method",
      "name": "grant_admin",
      "provider": "provider[\"registry.terraform.io/hashicorp/aws\"]",
      "instances": [
        {
          "schema_version": 0,
          "attributes": {
            "api_key_required": false,
            "authorization": "COGNITO_USER_POOLS",
            "authorization_scopes": [],
            "authorizer_id": "n50v6e",
            "http_method": "POST",
            "id": "agm-uyoddnypml-euc870-POST",
            "operation_name": "",
            "request_models": {},
            "request_parameters": {
              "method.request.header.Authorization": true,
              "method.request.path.username": true
            },
            "request_validator_id": "",
            "resource_id": "euc870",
            "rest_api_id": "uyoddnypml"
          },
          "sensitive_attributes": [],
          "private": "bnVsbA==",
          "dependencies": [
            "module.user_managment.module.apigateway.aws_api_gateway_authorizer.cognito_authorizer",
            "module.user_managment.module.apigateway.aws_api_gateway_resource.admin",
            "module.user_managment.module.apigateway.aws_api_gateway_resource.api",
            "module.user_managment.module.apigateway.aws_api_gateway_resource.grant_admin",
            "module.user_managment.module.apigateway.aws_api_gateway_resource.v1",
            "module.user_managment.module.apigateway.aws_api_gateway_rest_api.this",
            "module.user_managment.module.cognito.aws_cognito_user_pool.this"
          ]
        }
      ]
    },
    {
      "module": "module.user_managment.module.apigateway",
      "mode": "managed",
      "type": "aws_api_gateway_method",
      "name": "list_all_users",
      "provider": "provider[\"registry.terraform.io/hashicorp/aws\"]",
      "instances": [
        {
          "schema_version": 0,
          "attributes": {
            "api_key_required": false,
            "authorization": "COGNITO_USER_POOLS",
            "authorization_scopes": [],
            "authorizer_id": "n50v6e",
            "http_method": "GET",
            "id": "agm-uyoddnypml-cvfg9d-GET",
            "operation_name": "",
            "request_models": {},
            "request_parameters": {
              "method.request.header.Authorization": true,
              "method.request.querystring.lastEvaluatedKey": false,
              "method.request.querystring.limit": false
            },
            "request_validator_id": "",
            "resource_id": "cvfg9d",
            "rest_api_id": "uyoddnypml"
          },
          "sensitive_attributes": [],
          "private": "bnVsbA==",
          "dependencies": [
            "module.user_managment.module.apigateway.aws_api_gateway_authorizer.cognito_authorizer",
            "module.user_managment.module.apigateway.aws_api_gateway_resource.admin",
            "module.user_managment.module.apigateway.aws_api_gateway_resource.admin_users",
            "module.user_managment.module.apigateway.aws_api_gateway_resource.api",
            "module.user_managment.module.apigateway.aws_api_gateway_resource.v1",
            "module.user_managment.module.apigateway.aws_api_gateway_rest_api.this",
            "module.user_managment.module.cognito.aws_cognito_user_pool.this"
          ]
        }
      ]
    },
    {
      "module": "module.user_managment.module.apigateway",
      "mode": "managed",
      "type": "aws_api_gateway_method",
      "name": "revoke_admin",
      "provider": "provider[\"registry.terraform.io/hashicorp/aws\"]",
      "instances": [
        {
          "schema_version": 0,
          "attributes": {
            "api_key_required": false,
            "authorization": "COGNITO_USER_POOLS",
            "authorization_scopes": [],
            "authorizer_id": "n50v6e",
            "http_method": "DELETE",
            "id": "agm-uyoddnypml-euc870-DELETE",
            "operation_name": "",
            "request_models": {},
            "request_parameters": {
              "method.request.header.Authorization": true,
              "method.request.path.username": true
            },
            "request_validator_id": "",
            "resource_id": "euc870",
            "rest_api_id": "uyoddnypml"
          },
          "sensitive_attributes": [],
          "private": "bnVsbA==",
          "dependencies": [
            "module.user_managment.module.apigateway.aws_api_gateway_authorizer.cognito_authorizer",
            "module.user_managment.module.apigateway.aws_api_gateway_resource.admin",
            "module.user_managment.module.apigateway.aws_api_gateway_resource.api",
            "module.user_managment.module.apigateway.aws_api_gateway_resource.grant_admin",
            "module.user_managment.module.apigateway.aws_api_gateway_resource.v1",
            "module.user_managment.module.apigateway.aws_api_gateway_rest_api.this",
            "module.user_managment.module.cognito.aws_cognito_user_pool.this"
          ]
        }
      ]
    },
    {
      "module": "module.user_managment.module.apigateway",
      "mode": "managed",
      "type": "aws_api_gateway_method",
      "name": "update_user",
      "provider": "provider[\"registry.terraform.io/hashicorp/aws\"]",
      "instances": [
        {
          "schema_version": 0,
          "attributes": {
            "api_key_required": false,
            "authorization": "COGNITO_USER_POOLS",
            "authorization_scopes": [],
            "authorizer_id": "n50v6e",
            "http_method": "PUT",
            "id": "agm-uyoddnypml-66xwyi-PUT",
            "operation_name": "",
            "request_models": {
              "application/json": "UpdateUserRequest"
            },
            "request_parameters": {
              "method.request.header.Authorization": true,
              "method.request.path.username": true
            },
            "request_validator_id": "",
            "resource_id": "66xwyi",
            "rest_api_id": "uyoddnypml"
          },
          "sensitive_attributes": [],
          "private": "bnVsbA==",
          "dependencies": [
            "module.user_managment.module.apigateway.aws_api_gateway_authorizer.cognito_authorizer",
            "module.user_managment.module.apigateway.aws_api_gateway_model.update_user_request",
            "module.user_managment.module.apigateway.aws_api_gateway_resource.api",
            "module.user_managment.module.apigateway.aws_api_gateway_resource.user",
            "module.user_managment.module.apigateway.aws_api_gateway_resource.users",
            "module.user_managment.module.apigateway.aws_api_gateway_resource.v1",
            "module.user_managment.module.apigateway.aws_api_gateway_rest_api.this",
            "module.user_managment.module.cognito.aws_cognito_user_pool.this"
          ]
        }
      ]
    },
    {
      "module": "module.user_managment.module.apigateway",
      "mode": "managed",
      "type": "aws_api_gateway_method_response",
      "name": "admin_delete_user_200",
      "provider": "provider[\"registry.terraform.io/hashicorp/aws\"]",
      "instances": [
        {
          "schema_version": 0,
          "attributes": {
            "http_method": "DELETE",
            "id": "agmr-uyoddnypml-fmsg0f-DELETE-200",
            "resource_id": "fmsg0f",
            "response_models": {
              "application/json": "UserResponse"
            },
            "response_parameters": {},
            "rest_api_id": "uyoddnypml",
            "status_code": "200"
          },
          "sensitive_attributes": [],
          "private": "bnVsbA==",
          "dependencies": [
            "module.user_managment.module.apigateway.aws_api_gateway_authorizer.cognito_authorizer",
            "module.user_managment.module.apigateway.aws_api_gateway_method.admin_delete_user",
            "module.user_managment.module.apigateway.aws_api_gateway_model.user_response",
            "module.user_managment.module.apigateway.aws_api_gateway_resource.admin",
            "module.user_managment.module.apigateway.aws_api_gateway_resource.admin_user",
            "module.user_managment.module.apigateway.aws_api_gateway_resource.admin_users",
            "module.user_managment.module.apigateway.aws_api_gateway_resource.api",
            "module.user_managment.module.apigateway.aws_api_gateway_resource.v1",
            "module.user_managment.module.apigateway.aws_api_gateway_rest_api.this",
            "module.user_managment.module.cognito.aws_cognito_user_pool.this"
          ]
        }
      ]
    },
    {
      "module": "module.user_managment.module.apigateway",
      "mode": "managed",
      "type": "aws_api_gateway_method_response",
      "name": "admin_delete_user_400",
      "provider": "provider[\"registry.terraform.io/hashicorp/aws\"]",
      "instances": [
        {
          "schema_version": 0,
          "attributes": {
            "http_method": "DELETE",
            "id": "agmr-uyoddnypml-fmsg0f-DELETE-400",
            "resource_id": "fmsg0f",
            "response_models": {
              "application/json": "ErrorResponse"
            },
            "response_parameters": {
              "method.response.header.Content-Type": true
            },
            "rest_api_id": "uyoddnypml",
            "status_code": "400"
          },
          "sensitive_attributes": [],
          "private": "bnVsbA==",
          "dependencies": [
            "module.user_managment.module.apigateway.aws_api_gateway_authorizer.cognito_authorizer",
            "module.user_managment.module.apigateway.aws_api_gateway_method.admin_delete_user",
            "module.user_managment.module.apigateway.aws_api_gateway_model.error_response",
            "module.user_managment.module.apigateway.aws_api_gateway_resource.admin",
            "module.user_managment.module.apigateway.aws_api_gateway_resource.admin_user",
            "module.user_managment.module.apigateway.aws_api_gateway_resource.admin_users",
            "module.user_managment.module.apigateway.aws_api_gateway_resource.api",
            "module.user_managment.module.apigateway.aws_api_gateway_resource.v1",
            "module.user_managment.module.apigateway.aws_api_gateway_rest_api.this",
            "module.user_managment.module.cognito.aws_cognito_user_pool.this"
          ]
        }
      ]
    },
    {
      "module": "module.user_managment.module.apigateway",
      "mode": "managed",
      "type": "aws_api_gateway_method_response",
      "name": "admin_delete_user_500",
      "provider": "provider[\"registry.terraform.io/hashicorp/aws\"]",
      "instances": [
        {
          "schema_version": 0,
          "attributes": {
            "http_method": "DELETE",
            "id": "agmr-uyoddnypml-fmsg0f-DELETE-500",
            "resource_id": "fmsg0f",
            "response_models": {
              "application/json": "ErrorResponse"
            },
            "response_parameters": {
              "method.response.header.Content-Type": true
            },
            "rest_api_id": "uyoddnypml",
            "status_code": "500"
          },
          "sensitive_attributes": [],
          "private": "bnVsbA==",
          "dependencies": [
            "module.user_managment.module.apigateway.aws_api_gateway_authorizer.cognito_authorizer",
            "module.user_managment.module.apigateway.aws_api_gateway_method.admin_delete_user",
            "module.user_managment.module.apigateway.aws_api_gateway_model.error_response",
            "module.user_managment.module.apigateway.aws_api_gateway_resource.admin",
            "module.user_managment.module.apigateway.aws_api_gateway_resource.admin_user",
            "module.user_managment.module.apigateway.aws_api_gateway_resource.admin_users",
            "module.user_managment.module.apigateway.aws_api_gateway_resource.api",
            "module.user_managment.module.apigateway.aws_api_gateway_resource.v1",
            "module.user_managment.module.apigateway.aws_api_gateway_rest_api.this",
            "module.user_managment.module.cognito.aws_cognito_user_pool.this"
          ]
        }
      ]
    },
    {
      "module": "module.user_managment.module.apigateway",
      "mode": "managed",
      "type": "aws_api_gateway_method_response",
      "name": "admin_get_user_200",
      "provider": "provider[\"registry.terraform.io/hashicorp/aws\"]",
      "instances": [
        {
          "schema_version": 0,
          "attributes": {
            "http_method": "GET",
            "id": "agmr-uyoddnypml-fmsg0f-GET-200",
            "resource_id": "fmsg0f",
            "response_models": {
              "application/json": "UserResponse"
            },
            "response_parameters": {},
            "rest_api_id": "uyoddnypml",
            "status_code": "200"
          },
          "sensitive_attributes": [],
          "private": "bnVsbA==",
          "dependencies": [
            "module.user_managment.module.apigateway.aws_api_gateway_authorizer.cognito_authorizer",
            "module.user_managment.module.apigateway.aws_api_gateway_method.admin_get_user",
            "module.user_managment.module.apigateway.aws_api_gateway_model.user_response",
            "module.user_managment.module.apigateway.aws_api_gateway_resource.admin",
            "module.user_managment.module.apigateway.aws_api_gateway_resource.admin_user",
            "module.user_managment.module.apigateway.aws_api_gateway_resource.admin_users",
            "module.user_managment.module.apigateway.aws_api_gateway_resource.api",
            "module.user_managment.module.apigateway.aws_api_gateway_resource.v1",
            "module.user_managment.module.apigateway.aws_api_gateway_rest_api.this",
            "module.user_managment.module.cognito.aws_cognito_user_pool.this"
          ]
        }
      ]
    },
    {
      "module": "module.user_managment.module.apigateway",
      "mode": "managed",
      "type": "aws_api_gateway_method_response",
      "name": "admin_get_user_400",
      "provider": "provider[\"registry.terraform.io/hashicorp/aws\"]",
      "instances": [
        {
          "schema_version": 0,
          "attributes": {
            "http_method": "GET",
            "id": "agmr-uyoddnypml-fmsg0f-GET-400",
            "resource_id": "fmsg0f",
            "response_models": {
              "application/json": "ErrorResponse"
            },
            "response_parameters": {
              "method.response.header.Content-Type": true
            },
            "rest_api_id": "uyoddnypml",
            "status_code": "400"
          },
          "sensitive_attributes": [],
          "private": "bnVsbA==",
          "dependencies": [
            "module.user_managment.module.apigateway.aws_api_gateway_authorizer.cognito_authorizer",
            "module.user_managment.module.apigateway.aws_api_gateway_method.admin_get_user",
            "module.user_managment.module.apigateway.aws_api_gateway_model.error_response",
            "module.user_managment.module.apigateway.aws_api_gateway_resource.admin",
            "module.user_managment.module.apigateway.aws_api_gateway_resource.admin_user",
            "module.user_managment.module.apigateway.aws_api_gateway_resource.admin_users",
            "module.user_managment.module.apigateway.aws_api_gateway_resource.api",
            "module.user_managment.module.apigateway.aws_api_gateway_resource.v1",
            "module.user_managment.module.apigateway.aws_api_gateway_rest_api.this",
            "module.user_managment.module.cognito.aws_cognito_user_pool.this"
          ]
        }
      ]
    },
    {
      "module": "module.user_managment.module.apigateway",
      "mode": "managed",
      "type": "aws_api_gateway_method_response",
      "name": "admin_get_user_500",
      "provider": "provider[\"registry.terraform.io/hashicorp/aws\"]",
      "instances": [
        {
          "schema_version": 0,
          "attributes": {
            "http_method": "GET",
            "id": "agmr-uyoddnypml-fmsg0f-GET-500",
            "resource_id": "fmsg0f",
            "response_models": {
              "application/json": "ErrorResponse"
            },
            "response_parameters": {
              "method.response.header.Content-Type": true
            },
            "rest_api_id": "uyoddnypml",
            "status_code": "500"
          },
          "sensitive_attributes": [],
          "private": "bnVsbA==",
          "dependencies": [
            "module.user_managment.module.apigateway.aws_api_gateway_authorizer.cognito_authorizer",
            "module.user_managment.module.apigateway.aws_api_gateway_method.admin_get_user",
            "module.user_managment.module.apigateway.aws_api_gateway_model.error_response",
            "module.user_managment.module.apigateway.aws_api_gateway_resource.admin",
            "module.user_managment.module.apigateway.aws_api_gateway_resource.admin_user",
            "module.user_managment.module.apigateway.aws_api_gateway_resource.admin_users",
            "module.user_managment.module.apigateway.aws_api_gateway_resource.api",
            "module.user_managment.module.apigateway.aws_api_gateway_resource.v1",
            "module.user_managment.module.apigateway.aws_api_gateway_rest_api.this",
            "module.user_managment.module.cognito.aws_cognito_user_pool.this"
          ]
        }
      ]
    },
    {
      "module": "module.user_managment.module.apigateway",
      "mode": "managed",
      "type": "aws_api_gateway_method_response",
      "name": "admin_update_user_200",
      "provider": "provider[\"registry.terraform.io/hashicorp/aws\"]",
      "instances": [
        {
          "schema_version": 0,
          "attributes": {
            "http_method": "PUT",
            "id": "agmr-uyoddnypml-fmsg0f-PUT-200",
            "resource_id": "fmsg0f",
            "response_models": {
              "application/json": "Empty"
            },
            "response_parameters": {},
            "rest_api_id": "uyoddnypml",
            "status_code": "200"
          },
          "sensitive_attributes": [],
          "private": "bnVsbA==",
          "dependencies": [
            "module.user_managment.module.apigateway.aws_api_gateway_authorizer.cognito_authorizer",
            "module.user_managment.module.apigateway.aws_api_gateway_method.admin_update_user",
            "module.user_managment.module.apigateway.aws_api_gateway_model.update_user_request",
            "module.user_managment.module.apigateway.aws_api_gateway_resource.admin",
            "module.user_managment.module.apigateway.aws_api_gateway_resource.admin_user",
            "module.user_managment.module.apigateway.aws_api_gateway_resource.admin_users",
            "module.user_managment.module.apigateway.aws_api_gateway_resource.api",
            "module.user_managment.module.apigateway.aws_api_gateway_resource.v1",
            "module.user_managment.module.apigateway.aws_api_gateway_rest_api.this",
            "module.user_managment.module.cognito.aws_cognito_user_pool.this"
          ]
        }
      ]
    },
    {
      "module": "module.user_managment.module.apigateway",
      "mode": "managed",
      "type": "aws_api_gateway_method_response",
      "name": "admin_update_user_400",
      "provider": "provider[\"registry.terraform.io/hashicorp/aws\"]",
      "instances": [
        {
          "schema_version": 0,
          "attributes": {
            "http_method": "PUT",
            "id": "agmr-uyoddnypml-fmsg0f-PUT-400",
            "resource_id": "fmsg0f",
            "response_models": {
              "application/json": "Empty"
            },
            "response_parameters": {
              "method.response.header.Content-Type": true
            },
            "rest_api_id": "uyoddnypml",
            "status_code": "400"
          },
          "sensitive_attributes": [],
          "private": "bnVsbA==",
          "dependencies": [
            "module.user_managment.module.apigateway.aws_api_gateway_authorizer.cognito_authorizer",
            "module.user_managment.module.apigateway.aws_api_gateway_method.admin_update_user",
            "module.user_managment.module.apigateway.aws_api_gateway_model.update_user_request",
            "module.user_managment.module.apigateway.aws_api_gateway_resource.admin",
            "module.user_managment.module.apigateway.aws_api_gateway_resource.admin_user",
            "module.user_managment.module.apigateway.aws_api_gateway_resource.admin_users",
            "module.user_managment.module.apigateway.aws_api_gateway_resource.api",
            "module.user_managment.module.apigateway.aws_api_gateway_resource.v1",
            "module.user_managment.module.apigateway.aws_api_gateway_rest_api.this",
            "module.user_managment.module.cognito.aws_cognito_user_pool.this"
          ]
        }
      ]
    },
    {
      "module": "module.user_managment.module.apigateway",
      "mode": "managed",
      "type": "aws_api_gateway_method_response",
      "name": "admin_update_user_500",
      "provider": "provider[\"registry.terraform.io/hashicorp/aws\"]",
      "instances": [
        {
          "schema_version": 0,
          "attributes": {
            "http_method": "PUT",
            "id": "agmr-uyoddnypml-fmsg0f-PUT-500",
            "resource_id": "fmsg0f",
            "response_models": {
              "application/json": "Empty"
            },
            "response_parameters": {
              "method.response.header.Content-Type": true
            },
            "rest_api_id": "uyoddnypml",
            "status_code": "500"
          },
          "sensitive_attributes": [],
          "private": "bnVsbA==",
          "dependencies": [
            "module.user_managment.module.apigateway.aws_api_gateway_authorizer.cognito_authorizer",
            "module.user_managment.module.apigateway.aws_api_gateway_method.admin_update_user",
            "module.user_managment.module.apigateway.aws_api_gateway_model.update_user_request",
            "module.user_managment.module.apigateway.aws_api_gateway_resource.admin",
            "module.user_managment.module.apigateway.aws_api_gateway_resource.admin_user",
            "module.user_managment.module.apigateway.aws_api_gateway_resource.admin_users",
            "module.user_managment.module.apigateway.aws_api_gateway_resource.api",
            "module.user_managment.module.apigateway.aws_api_gateway_resource.v1",
            "module.user_managment.module.apigateway.aws_api_gateway_rest_api.this",
            "module.user_managment.module.cognito.aws_cognito_user_pool.this"
          ]
        }
      ]
    },
    {
      "module": "module.user_managment.module.apigateway",
      "mode": "managed",
      "type": "aws_api_gateway_method_response",
      "name": "create_user_200",
      "provider": "provider[\"registry.terraform.io/hashicorp/aws\"]",
      "instances": [
        {
          "schema_version": 0,
          "attributes": {
            "http_method": "POST",
            "id": "agmr-uyoddnypml-5k0a3k-POST-200",
            "resource_id": "5k0a3k",
            "response_models": {
              "application/json": "UserResponse"
            },
            "response_parameters": {},
            "rest_api_id": "uyoddnypml",
            "status_code": "200"
          },
          "sensitive_attributes": [],
          "private": "bnVsbA==",
          "dependencies": [
            "module.user_managment.module.apigateway.aws_api_gateway_authorizer.cognito_authorizer",
            "module.user_managment.module.apigateway.aws_api_gateway_method.create_user",
            "module.user_managment.module.apigateway.aws_api_gateway_model.create_user_request",
            "module.user_managment.module.apigateway.aws_api_gateway_model.user_response",
            "module.user_managment.module.apigateway.aws_api_gateway_resource.api",
            "module.user_managment.module.apigateway.aws_api_gateway_resource.users",
            "module.user_managment.module.apigateway.aws_api_gateway_resource.v1",
            "module.user_managment.module.apigateway.aws_api_gateway_rest_api.this",
            "module.user_managment.module.cognito.aws_cognito_user_pool.this"
          ]
        }
      ]
    },
    {
      "module": "module.user_managment.module.apigateway",
      "mode": "managed",
      "type": "aws_api_gateway_method_response",
      "name": "create_user_400",
      "provider": "provider[\"registry.terraform.io/hashicorp/aws\"]",
      "instances": [
        {
          "schema_version": 0,
          "attributes": {
            "http_method": "POST",
            "id": "agmr-uyoddnypml-5k0a3k-POST-400",
            "resource_id": "5k0a3k",
            "response_models": {
              "application/json": "ErrorResponse"
            },
            "response_parameters": {
              "method.response.header.Content-Type": true
            },
            "rest_api_id": "uyoddnypml",
            "status_code": "400"
          },
          "sensitive_attributes": [],
          "private": "bnVsbA==",
          "dependencies": [
            "module.user_managment.module.apigateway.aws_api_gateway_authorizer.cognito_authorizer",
            "module.user_managment.module.apigateway.aws_api_gateway_method.create_user",
            "module.user_managment.module.apigateway.aws_api_gateway_model.create_user_request",
            "module.user_managment.module.apigateway.aws_api_gateway_model.error_response",
            "module.user_managment.module.apigateway.aws_api_gateway_resource.api",
            "module.user_managment.module.apigateway.aws_api_gateway_resource.users",
            "module.user_managment.module.apigateway.aws_api_gateway_resource.v1",
            "module.user_managment.module.apigateway.aws_api_gateway_rest_api.this",
            "module.user_managment.module.cognito.aws_cognito_user_pool.this"
          ]
        }
      ]
    },
    {
      "module": "module.user_managment.module.apigateway",
      "mode": "managed",
      "type": "aws_api_gateway_method_response",
      "name": "create_user_500",
      "provider": "provider[\"registry.terraform.io/hashicorp/aws\"]",
      "instances": [
        {
          "schema_version": 0,
          "attributes": {
            "http_method": "POST",
            "id": "agmr-uyoddnypml-5k0a3k-POST-500",
            "resource_id": "5k0a3k",
            "response_models": {
              "application/json": "ErrorResponse"
            },
            "response_parameters": {
              "method.response.header.Content-Type": true
            },
            "rest_api_id": "uyoddnypml",
            "status_code": "500"
          },
          "sensitive_attributes": [],
          "private": "bnVsbA==",
          "dependencies": [
            "module.user_managment.module.apigateway.aws_api_gateway_authorizer.cognito_authorizer",
            "module.user_managment.module.apigateway.aws_api_gateway_method.create_user",
            "module.user_managment.module.apigateway.aws_api_gateway_model.create_user_request",
            "module.user_managment.module.apigateway.aws_api_gateway_model.error_response",
            "module.user_managment.module.apigateway.aws_api_gateway_resource.api",
            "module.user_managment.module.apigateway.aws_api_gateway_resource.users",
            "module.user_managment.module.apigateway.aws_api_gateway_resource.v1",
            "module.user_managment.module.apigateway.aws_api_gateway_rest_api.this",
            "module.user_managment.module.cognito.aws_cognito_user_pool.this"
          ]
        }
      ]
    },
    {
      "module": "module.user_managment.module.apigateway",
      "mode": "managed",
      "type": "aws_api_gateway_method_response",
      "name": "delete_user_200",
      "provider": "provider[\"registry.terraform.io/hashicorp/aws\"]",
      "instances": [
        {
          "schema_version": 0,
          "attributes": {
            "http_method": "DELETE",
            "id": "agmr-uyoddnypml-66xwyi-DELETE-200",
            "resource_id": "66xwyi",
            "response_models": {
              "application/json": "UserResponse"
            },
            "response_parameters": {},
            "rest_api_id": "uyoddnypml",
            "status_code": "200"
          },
          "sensitive_attributes": [],
          "private": "bnVsbA==",
          "dependencies": [
            "module.user_managment.module.apigateway.aws_api_gateway_authorizer.cognito_authorizer",
            "module.user_managment.module.apigateway.aws_api_gateway_method.delete_user",
            "module.user_managment.module.apigateway.aws_api_gateway_model.user_response",
            "module.user_managment.module.apigateway.aws_api_gateway_resource.api",
            "module.user_managment.module.apigateway.aws_api_gateway_resource.user",
            "module.user_managment.module.apigateway.aws_api_gateway_resource.users",
            "module.user_managment.module.apigateway.aws_api_gateway_resource.v1",
            "module.user_managment.module.apigateway.aws_api_gateway_rest_api.this",
            "module.user_managment.module.cognito.aws_cognito_user_pool.this"
          ]
        }
      ]
    },
    {
      "module": "module.user_managment.module.apigateway",
      "mode": "managed",
      "type": "aws_api_gateway_method_response",
      "name": "delete_user_400",
      "provider": "provider[\"registry.terraform.io/hashicorp/aws\"]",
      "instances": [
        {
          "schema_version": 0,
          "attributes": {
            "http_method": "DELETE",
            "id": "agmr-uyoddnypml-66xwyi-DELETE-400",
            "resource_id": "66xwyi",
            "response_models": {
              "application/json": "ErrorResponse"
            },
            "response_parameters": {
              "method.response.header.Content-Type": true
            },
            "rest_api_id": "uyoddnypml",
            "status_code": "400"
          },
          "sensitive_attributes": [],
          "private": "bnVsbA==",
          "dependencies": [
            "module.user_managment.module.apigateway.aws_api_gateway_authorizer.cognito_authorizer",
            "module.user_managment.module.apigateway.aws_api_gateway_method.delete_user",
            "module.user_managment.module.apigateway.aws_api_gateway_model.error_response",
            "module.user_managment.module.apigateway.aws_api_gateway_resource.api",
            "module.user_managment.module.apigateway.aws_api_gateway_resource.user",
            "module.user_managment.module.apigateway.aws_api_gateway_resource.users",
            "module.user_managment.module.apigateway.aws_api_gateway_resource.v1",
            "module.user_managment.module.apigateway.aws_api_gateway_rest_api.this",
            "module.user_managment.module.cognito.aws_cognito_user_pool.this"
          ]
        }
      ]
    },
    {
      "module": "module.user_managment.module.apigateway",
      "mode": "managed",
      "type": "aws_api_gateway_method_response",
      "name": "delete_user_500",
      "provider": "provider[\"registry.terraform.io/hashicorp/aws\"]",
      "instances": [
        {
          "schema_version": 0,
          "attributes": {
            "http_method": "DELETE",
            "id": "agmr-uyoddnypml-66xwyi-DELETE-500",
            "resource_id": "66xwyi",
            "response_models": {
              "application/json": "ErrorResponse"
            },
            "response_parameters": {
              "method.response.header.Content-Type": true
            },
            "rest_api_id": "uyoddnypml",
            "status_code": "500"
          },
          "sensitive_attributes": [],
          "private": "bnVsbA==",
          "dependencies": [
            "module.user_managment.module.apigateway.aws_api_gateway_authorizer.cognito_authorizer",
            "module.user_managment.module.apigateway.aws_api_gateway_method.delete_user",
            "module.user_managment.module.apigateway.aws_api_gateway_model.error_response",
            "module.user_managment.module.apigateway.aws_api_gateway_resource.api",
            "module.user_managment.module.apigateway.aws_api_gateway_resource.user",
            "module.user_managment.module.apigateway.aws_api_gateway_resource.users",
            "module.user_managment.module.apigateway.aws_api_gateway_resource.v1",
            "module.user_managment.module.apigateway.aws_api_gateway_rest_api.this",
            "module.user_managment.module.cognito.aws_cognito_user_pool.this"
          ]
        }
      ]
    },
    {
      "module": "module.user_managment.module.apigateway",
      "mode": "managed",
      "type": "aws_api_gateway_method_response",
      "name": "get_user_200",
      "provider": "provider[\"registry.terraform.io/hashicorp/aws\"]",
      "instances": [
        {
          "schema_version": 0,
          "attributes": {
            "http_method": "GET",
            "id": "agmr-uyoddnypml-66xwyi-GET-200",
            "resource_id": "66xwyi",
            "response_models": {
              "application/json": "UserResponse"
            },
            "response_parameters": {},
            "rest_api_id": "uyoddnypml",
            "status_code": "200"
          },
          "sensitive_attributes": [],
          "private": "bnVsbA==",
          "dependencies": [
            "module.user_managment.module.apigateway.aws_api_gateway_authorizer.cognito_authorizer",
            "module.user_managment.module.apigateway.aws_api_gateway_method.get_user",
            "module.user_managment.module.apigateway.aws_api_gateway_model.user_response",
            "module.user_managment.module.apigateway.aws_api_gateway_resource.api",
            "module.user_managment.module.apigateway.aws_api_gateway_resource.user",
            "module.user_managment.module.apigateway.aws_api_gateway_resource.users",
            "module.user_managment.module.apigateway.aws_api_gateway_resource.v1",
            "module.user_managment.module.apigateway.aws_api_gateway_rest_api.this",
            "module.user_managment.module.cognito.aws_cognito_user_pool.this"
          ]
        }
      ]
    },
    {
      "module": "module.user_managment.module.apigateway",
      "mode": "managed",
      "type": "aws_api_gateway_method_response",
      "name": "get_user_400",
      "provider": "provider[\"registry.terraform.io/hashicorp/aws\"]",
      "instances": [
        {
          "schema_version": 0,
          "attributes": {
            "http_method": "GET",
            "id": "agmr-uyoddnypml-66xwyi-GET-400",
            "resource_id": "66xwyi",
            "response_models": {
              "application/json": "ErrorResponse"
            },
            "response_parameters": {
              "method.response.header.Content-Type": true
            },
            "rest_api_id": "uyoddnypml",
            "status_code": "400"
          },
          "sensitive_attributes": [],
          "private": "bnVsbA==",
          "dependencies": [
            "module.user_managment.module.apigateway.aws_api_gateway_authorizer.cognito_authorizer",
            "module.user_managment.module.apigateway.aws_api_gateway_method.get_user",
            "module.user_managment.module.apigateway.aws_api_gateway_model.error_response",
            "module.user_managment.module.apigateway.aws_api_gateway_resource.api",
            "module.user_managment.module.apigateway.aws_api_gateway_resource.user",
            "module.user_managment.module.apigateway.aws_api_gateway_resource.users",
            "module.user_managment.module.apigateway.aws_api_gateway_resource.v1",
            "module.user_managment.module.apigateway.aws_api_gateway_rest_api.this",
            "module.user_managment.module.cognito.aws_cognito_user_pool.this"
          ]
        }
      ]
    },
    {
      "module": "module.user_managment.module.apigateway",
      "mode": "managed",
      "type": "aws_api_gateway_method_response",
      "name": "get_user_500",
      "provider": "provider[\"registry.terraform.io/hashicorp/aws\"]",
      "instances": [
        {
          "schema_version": 0,
          "attributes": {
            "http_method": "GET",
            "id": "agmr-uyoddnypml-66xwyi-GET-500",
            "resource_id": "66xwyi",
            "response_models": {
              "application/json": "ErrorResponse"
            },
            "response_parameters": {
              "method.response.header.Content-Type": true
            },
            "rest_api_id": "uyoddnypml",
            "status_code": "500"
          },
          "sensitive_attributes": [],
          "private": "bnVsbA==",
          "dependencies": [
            "module.user_managment.module.apigateway.aws_api_gateway_authorizer.cognito_authorizer",
            "module.user_managment.module.apigateway.aws_api_gateway_method.get_user",
            "module.user_managment.module.apigateway.aws_api_gateway_model.error_response",
            "module.user_managment.module.apigateway.aws_api_gateway_resource.api",
            "module.user_managment.module.apigateway.aws_api_gateway_resource.user",
            "module.user_managment.module.apigateway.aws_api_gateway_resource.users",
            "module.user_managment.module.apigateway.aws_api_gateway_resource.v1",
            "module.user_managment.module.apigateway.aws_api_gateway_rest_api.this",
            "module.user_managment.module.cognito.aws_cognito_user_pool.this"
          ]
        }
      ]
    },
    {
      "module": "module.user_managment.module.apigateway",
      "mode": "managed",
      "type": "aws_api_gateway_method_response",
      "name": "grant_admin_200",
      "provider": "provider[\"registry.terraform.io/hashicorp/aws\"]",
      "instances": [
        {
          "schema_version": 0,
          "attributes": {
            "http_method": "POST",
            "id": "agmr-uyoddnypml-euc870-POST-200",
            "resource_id": "euc870",
            "response_models": {
              "application/json": "UserResponse"
            },
            "response_parameters": {},
            "rest_api_id": "uyoddnypml",
            "status_code": "200"
          },
          "sensitive_attributes": [],
          "private": "bnVsbA==",
          "dependencies": [
            "module.user_managment.module.apigateway.aws_api_gateway_authorizer.cognito_authorizer",
            "module.user_managment.module.apigateway.aws_api_gateway_method.grant_admin",
            "module.user_managment.module.apigateway.aws_api_gateway_model.user_response",
            "module.user_managment.module.apigateway.aws_api_gateway_resource.admin",
            "module.user_managment.module.apigateway.aws_api_gateway_resource.api",
            "module.user_managment.module.apigateway.aws_api_gateway_resource.grant_admin",
            "module.user_managment.module.apigateway.aws_api_gateway_resource.v1",
            "module.user_managment.module.apigateway.aws_api_gateway_rest_api.this",
            "module.user_managment.module.cognito.aws_cognito_user_pool.this"
          ]
        }
      ]
    },
    {
      "module": "module.user_managment.module.apigateway",
      "mode": "managed",
      "type": "aws_api_gateway_method_response",
      "name": "grant_admin_400",
      "provider": "provider[\"registry.terraform.io/hashicorp/aws\"]",
      "instances": [
        {
          "schema_version": 0,
          "attributes": {
            "http_method": "POST",
            "id": "agmr-uyoddnypml-euc870-POST-400",
            "resource_id": "euc870",
            "response_models": {
              "application/json": "ErrorResponse"
            },
            "response_parameters": {
              "method.response.header.Content-Type": true
            },
            "rest_api_id": "uyoddnypml",
            "status_code": "400"
          },
          "sensitive_attributes": [],
          "private": "bnVsbA==",
          "dependencies": [
            "module.user_managment.module.apigateway.aws_api_gateway_authorizer.cognito_authorizer",
            "module.user_managment.module.apigateway.aws_api_gateway_method.grant_admin",
            "module.user_managment.module.apigateway.aws_api_gateway_model.error_response",
            "module.user_managment.module.apigateway.aws_api_gateway_resource.admin",
            "module.user_managment.module.apigateway.aws_api_gateway_resource.api",
            "module.user_managment.module.apigateway.aws_api_gateway_resource.grant_admin",
            "module.user_managment.module.apigateway.aws_api_gateway_resource.v1",
            "module.user_managment.module.apigateway.aws_api_gateway_rest_api.this",
            "module.user_managment.module.cognito.aws_cognito_user_pool.this"
          ]
        }
      ]
    },
    {
      "module": "module.user_managment.module.apigateway",
      "mode": "managed",
      "type": "aws_api_gateway_method_response",
      "name": "grant_admin_500",
      "provider": "provider[\"registry.terraform.io/hashicorp/aws\"]",
      "instances": [
        {
          "schema_version": 0,
          "attributes": {
            "http_method": "POST",
            "id": "agmr-uyoddnypml-euc870-POST-500",
            "resource_id": "euc870",
            "response_models": {
              "application/json": "ErrorResponse"
            },
            "response_parameters": {
              "method.response.header.Content-Type": true
            },
            "rest_api_id": "uyoddnypml",
            "status_code": "500"
          },
          "sensitive_attributes": [],
          "private": "bnVsbA==",
          "dependencies": [
            "module.user_managment.module.apigateway.aws_api_gateway_authorizer.cognito_authorizer",
            "module.user_managment.module.apigateway.aws_api_gateway_method.grant_admin",
            "module.user_managment.module.apigateway.aws_api_gateway_model.error_response",
            "module.user_managment.module.apigateway.aws_api_gateway_resource.admin",
            "module.user_managment.module.apigateway.aws_api_gateway_resource.api",
            "module.user_managment.module.apigateway.aws_api_gateway_resource.grant_admin",
            "module.user_managment.module.apigateway.aws_api_gateway_resource.v1",
            "module.user_managment.module.apigateway.aws_api_gateway_rest_api.this",
            "module.user_managment.module.cognito.aws_cognito_user_pool.this"
          ]
        }
      ]
    },
    {
      "module": "module.user_managment.module.apigateway",
      "mode": "managed",
      "type": "aws_api_gateway_method_response",
      "name": "list_all_users_200",
      "provider": "provider[\"registry.terraform.io/hashicorp/aws\"]",
      "instances": [
        {
          "schema_version": 0,
          "attributes": {
            "http_method": "GET",
            "id": "agmr-uyoddnypml-cvfg9d-GET-200",
            "resource_id": "cvfg9d",
            "response_models": {
              "application/json": "Empty"
            },
            "response_parameters": {},
            "rest_api_id": "uyoddnypml",
            "status_code": "200"
          },
          "sensitive_attributes": [],
          "private": "bnVsbA==",
          "dependencies": [
            "module.user_managment.module.apigateway.aws_api_gateway_authorizer.cognito_authorizer",
            "module.user_managment.module.apigateway.aws_api_gateway_method.list_all_users",
            "module.user_managment.module.apigateway.aws_api_gateway_resource.admin",
            "module.user_managment.module.apigateway.aws_api_gateway_resource.admin_users",
            "module.user_managment.module.apigateway.aws_api_gateway_resource.api",
            "module.user_managment.module.apigateway.aws_api_gateway_resource.v1",
            "module.user_managment.module.apigateway.aws_api_gateway_rest_api.this",
            "module.user_managment.module.cognito.aws_cognito_user_pool.this"
          ]
        }
      ]
    },
    {
      "module": "module.user_managment.module.apigateway",
      "mode": "managed",
      "type": "aws_api_gateway_method_response",
      "name": "list_all_users_400",
      "provider": "provider[\"registry.terraform.io/hashicorp/aws\"]",
      "instances": [
        {
          "schema_version": 0,
          "attributes": {
            "http_method": "GET",
            "id": "agmr-uyoddnypml-cvfg9d-GET-400",
            "resource_id": "cvfg9d",
            "response_models": {
              "application/json": "Empty"
            },
            "response_parameters": {
              "method.response.header.Content-Type": true
            },
            "rest_api_id": "uyoddnypml",
            "status_code": "400"
          },
          "sensitive_attributes": [],
          "private": "bnVsbA==",
          "dependencies": [
            "module.user_managment.module.apigateway.aws_api_gateway_authorizer.cognito_authorizer",
            "module.user_managment.module.apigateway.aws_api_gateway_method.list_all_users",
            "module.user_managment.module.apigateway.aws_api_gateway_resource.admin",
            "module.user_managment.module.apigateway.aws_api_gateway_resource.admin_users",
            "module.user_managment.module.apigateway.aws_api_gateway_resource.api",
            "module.user_managment.module.apigateway.aws_api_gateway_resource.v1",
            "module.user_managment.module.apigateway.aws_api_gateway_rest_api.this",
            "module.user_managment.module.cognito.aws_cognito_user_pool.this"
          ]
        }
      ]
    },
    {
      "module": "module.user_managment.module.apigateway",
      "mode": "managed",
      "type": "aws_api_gateway_method_response",
      "name": "list_all_users_500",
      "provider": "provider[\"registry.terraform.io/hashicorp/aws\"]",
      "instances": [
        {
          "schema_version": 0,
          "attributes": {
            "http_method": "GET",
            "id": "agmr-uyoddnypml-cvfg9d-GET-500",
            "resource_id": "cvfg9d",
            "response_models": {
              "application/json": "Empty"
            },
            "response_parameters": {
              "method.response.header.Content-Type": true
            },
            "rest_api_id": "uyoddnypml",
            "status_code": "500"
          },
          "sensitive_attributes": [],
          "private": "bnVsbA==",
          "dependencies": [
            "module.user_managment.module.apigateway.aws_api_gateway_authorizer.cognito_authorizer",
            "module.user_managment.module.apigateway.aws_api_gateway_method.list_all_users",
            "module.user_managment.module.apigateway.aws_api_gateway_resource.admin",
            "module.user_managment.module.apigateway.aws_api_gateway_resource.admin_users",
            "module.user_managment.module.apigateway.aws_api_gateway_resource.api",
            "module.user_managment.module.apigateway.aws_api_gateway_resource.v1",
            "module.user_managment.module.apigateway.aws_api_gateway_rest_api.this",
            "module.user_managment.module.cognito.aws_cognito_user_pool.this"
          ]
        }
      ]
    },
    {
      "module": "module.user_managment.module.apigateway",
      "mode": "managed",
      "type": "aws_api_gateway_method_response",
      "name": "revoke_admin_200",
      "provider": "provider[\"registry.terraform.io/hashicorp/aws\"]",
      "instances": [
        {
          "schema_version": 0,
          "attributes": {
            "http_method": "DELETE",
            "id": "agmr-uyoddnypml-euc870-DELETE-200",
            "resource_id": "euc870",
            "response_models": {
              "application/json": "UserResponse"
            },
            "response_parameters": {},
            "rest_api_id": "uyoddnypml",
            "status_code": "200"
          },
          "sensitive_attributes": [],
          "private": "bnVsbA==",
          "dependencies": [
            "module.user_managment.module.apigateway.aws_api_gateway_authorizer.cognito_authorizer",
            "module.user_managment.module.apigateway.aws_api_gateway_method.revoke_admin",
            "module.user_managment.module.apigateway.aws_api_gateway_model.user_response",
            "module.user_managment.module.apigateway.aws_api_gateway_resource.admin",
            "module.user_managment.module.apigateway.aws_api_gateway_resource.api",
            "module.user_managment.module.apigateway.aws_api_gateway_resource.grant_admin",
            "module.user_managment.module.apigateway.aws_api_gateway_resource.v1",
            "module.user_managment.module.apigateway.aws_api_gateway_rest_api.this",
            "module.user_managment.module.cognito.aws_cognito_user_pool.this"
          ]
        }
      ]
    },
    {
      "module": "module.user_managment.module.apigateway",
      "mode": "managed",
      "type": "aws_api_gateway_method_response",
      "name": "revoke_admin_400",
      "provider": "provider[\"registry.terraform.io/hashicorp/aws\"]",
      "instances": [
        {
          "schema_version": 0,
          "attributes": {
            "http_method": "DELETE",
            "id": "agmr-uyoddnypml-euc870-DELETE-400",
            "resource_id": "euc870",
            "response_models": {
              "application/json": "ErrorResponse"
            },
            "response_parameters": {
              "method.response.header.Content-Type": true
            },
            "rest_api_id": "uyoddnypml",
            "status_code": "400"
          },
          "sensitive_attributes": [],
          "private": "bnVsbA==",
          "dependencies": [
            "module.user_managment.module.apigateway.aws_api_gateway_authorizer.cognito_authorizer",
            "module.user_managment.module.apigateway.aws_api_gateway_method.revoke_admin",
            "module.user_managment.module.apigateway.aws_api_gateway_model.error_response",
            "module.user_managment.module.apigateway.aws_api_gateway_resource.admin",
            "module.user_managment.module.apigateway.aws_api_gateway_resource.api",
            "module.user_managment.module.apigateway.aws_api_gateway_resource.grant_admin",
            "module.user_managment.module.apigateway.aws_api_gateway_resource.v1",
            "module.user_managment.module.apigateway.aws_api_gateway_rest_api.this",
            "module.user_managment.module.cognito.aws_cognito_user_pool.this"
          ]
        }
      ]
    },
    {
      "module": "module.user_managment.module.apigateway",
      "mode": "managed",
      "type": "aws_api_gateway_method_response",
      "name": "revoke_admin_500",
      "provider": "provider[\"registry.terraform.io/hashicorp/aws\"]",
      "instances": [
        {
          "schema_version": 0,
          "attributes": {
            "http_method": "DELETE",
            "id": "agmr-uyoddnypml-euc870-DELETE-500",
            "resource_id": "euc870",
            "response_models": {
              "application/json": "ErrorResponse"
            },
            "response_parameters": {
              "method.response.header.Content-Type": true
            },
            "rest_api_id": "uyoddnypml",
            "status_code": "500"
          },
          "sensitive_attributes": [],
          "private": "bnVsbA==",
          "dependencies": [
            "module.user_managment.module.apigateway.aws_api_gateway_authorizer.cognito_authorizer",
            "module.user_managment.module.apigateway.aws_api_gateway_method.revoke_admin",
            "module.user_managment.module.apigateway.aws_api_gateway_model.error_response",
            "module.user_managment.module.apigateway.aws_api_gateway_resource.admin",
            "module.user_managment.module.apigateway.aws_api_gateway_resource.api",
            "module.user_managment.module.apigateway.aws_api_gateway_resource.grant_admin",
            "module.user_managment.module.apigateway.aws_api_gateway_resource.v1",
            "module.user_managment.module.apigateway.aws_api_gateway_rest_api.this",
            "module.user_managment.module.cognito.aws_cognito_user_pool.this"
          ]
        }
      ]
    },
    {
      "module": "module.user_managment.module.apigateway",
      "mode": "managed",
      "type": "aws_api_gateway_method_response",
      "name": "update_user_200",
      "provider": "provider[\"registry.terraform.io/hashicorp/aws\"]",
      "instances": [
        {
          "schema_version": 0,
          "attributes": {
            "http_method": "PUT",
            "id": "agmr-uyoddnypml-66xwyi-PUT-200",
            "resource_id": "66xwyi",
            "response_models": {
              "application/json": "UserResponse"
            },
            "response_parameters": {},
            "rest_api_id": "uyoddnypml",
            "status_code": "200"
          },
          "sensitive_attributes": [],
          "private": "bnVsbA==",
          "dependencies": [
            "module.user_managment.module.apigateway.aws_api_gateway_authorizer.cognito_authorizer",
            "module.user_managment.module.apigateway.aws_api_gateway_method.update_user",
            "module.user_managment.module.apigateway.aws_api_gateway_model.update_user_request",
            "module.user_managment.module.apigateway.aws_api_gateway_model.user_response",
            "module.user_managment.module.apigateway.aws_api_gateway_resource.api",
            "module.user_managment.module.apigateway.aws_api_gateway_resource.user",
            "module.user_managment.module.apigateway.aws_api_gateway_resource.users",
            "module.user_managment.module.apigateway.aws_api_gateway_resource.v1",
            "module.user_managment.module.apigateway.aws_api_gateway_rest_api.this",
            "module.user_managment.module.cognito.aws_cognito_user_pool.this"
          ]
        }
      ]
    },
    {
      "module": "module.user_managment.module.apigateway",
      "mode": "managed",
      "type": "aws_api_gateway_method_response",
      "name": "update_user_400",
      "provider": "provider[\"registry.terraform.io/hashicorp/aws\"]",
      "instances": [
        {
          "schema_version": 0,
          "attributes": {
            "http_method": "PUT",
            "id": "agmr-uyoddnypml-66xwyi-PUT-400",
            "resource_id": "66xwyi",
            "response_models": {
              "application/json": "ErrorResponse"
            },
            "response_parameters": {
              "method.response.header.Content-Type": true
            },
            "rest_api_id": "uyoddnypml",
            "status_code": "400"
          },
          "sensitive_attributes": [],
          "private": "bnVsbA==",
          "dependencies": [
            "module.user_managment.module.apigateway.aws_api_gateway_authorizer.cognito_authorizer",
            "module.user_managment.module.apigateway.aws_api_gateway_method.update_user",
            "module.user_managment.module.apigateway.aws_api_gateway_model.error_response",
            "module.user_managment.module.apigateway.aws_api_gateway_model.update_user_request",
            "module.user_managment.module.apigateway.aws_api_gateway_resource.api",
            "module.user_managment.module.apigateway.aws_api_gateway_resource.user",
            "module.user_managment.module.apigateway.aws_api_gateway_resource.users",
            "module.user_managment.module.apigateway.aws_api_gateway_resource.v1",
            "module.user_managment.module.apigateway.aws_api_gateway_rest_api.this",
            "module.user_managment.module.cognito.aws_cognito_user_pool.this"
          ]
        }
      ]
    },
    {
      "module": "module.user_managment.module.apigateway",
      "mode": "managed",
      "type": "aws_api_gateway_method_response",
      "name": "update_user_500",
      "provider": "provider[\"registry.terraform.io/hashicorp/aws\"]",
      "instances": [
        {
          "schema_version": 0,
          "attributes": {
            "http_method": "PUT",
            "id": "agmr-uyoddnypml-66xwyi-PUT-500",
            "resource_id": "66xwyi",
            "response_models": {
              "application/json": "ErrorResponse"
            },
            "response_parameters": {
              "method.response.header.Content-Type": true
            },
            "rest_api_id": "uyoddnypml",
            "status_code": "500"
          },
          "sensitive_attributes": [],
          "private": "bnVsbA==",
          "dependencies": [
            "module.user_managment.module.apigateway.aws_api_gateway_authorizer.cognito_authorizer",
            "module.user_managment.module.apigateway.aws_api_gateway_method.update_user",
            "module.user_managment.module.apigateway.aws_api_gateway_model.error_response",
            "module.user_managment.module.apigateway.aws_api_gateway_model.update_user_request",
            "module.user_managment.module.apigateway.aws_api_gateway_resource.api",
            "module.user_managment.module.apigateway.aws_api_gateway_resource.user",
            "module.user_managment.module.apigateway.aws_api_gateway_resource.users",
            "module.user_managment.module.apigateway.aws_api_gateway_resource.v1",
            "module.user_managment.module.apigateway.aws_api_gateway_rest_api.this",
            "module.user_managment.module.cognito.aws_cognito_user_pool.this"
          ]
        }
      ]
    },
    {
      "module": "module.user_managment.module.apigateway",
      "mode": "managed",
      "type": "aws_api_gateway_model",
      "name": "create_user_request",
      "provider": "provider[\"registry.terraform.io/hashicorp/aws\"]",
      "instances": [
        {
          "schema_version": 0,
          "attributes": {
            "content_type": "application/json",
            "description": "",
            "id": "z99h76",
            "name": "CreateUserRequest",
            "rest_api_id": "uyoddnypml",
            "schema": "{\r\n  \"type\": \"object\",\r\n  \"properties\": {\r\n    \"username\": {\r\n      \"type\": \"string\",\r\n      \"pattern\": \"^[A-Za-z][A-Za-z0-9_]{3,}$\",\r\n      \"minLength\": 4,\r\n      \"description\": \"Username must start with a letter and be at least 4 characters long\"\r\n    },\r\n    \"first_name\": {\r\n      \"type\": \"string\",\r\n      \"pattern\": \"^[A-Za-z]+$\",\r\n      \"minLength\": 2,\r\n      \"description\": \"First name must contain only letters and be at least 2 characters long\"\r\n    },\r\n    \"last_name\": {\r\n      \"type\": \"string\",\r\n      \"pattern\": \"^[A-Za-z]+$\",\r\n      \"minLength\": 2,\r\n      \"description\": \"Last name must contain only letters and be at least 2 characters long\"\r\n    },\r\n    \"email\": {\r\n      \"type\": \"string\",\r\n      \"format\": \"email\",\r\n      \"description\": \"Must be a valid email format\"\r\n    },\r\n    \"phone_number\": {\r\n      \"type\": \"string\",\r\n      \"pattern\": \"^[+]?[(]?[0-9]{1,4}[)]?[-\\\\s./0-9]*$\",\r\n      \"description\": \"Must be a valid phone number format\"\r\n    },\r\n    \"landline\": {\r\n      \"type\": [\"string\", \"null\"],\r\n      \"pattern\": \"^[+]?[(]?[0-9]{1,4}[)]?[-\\\\s./0-9]*$\",\r\n      \"description\": \"Must be a valid phone number format\"\r\n    },\r\n    \"street\": {\r\n      \"type\": \"string\",\r\n      \"minLength\": 1,\r\n      \"description\": \"Street must be a non-empty string\"\r\n    },\r\n    \"city\": {\r\n      \"type\": \"string\",\r\n      \"minLength\": 1,\r\n      \"description\": \"City must be a non-empty string\"\r\n    },\r\n    \"province_state\": {\r\n      \"type\": \"string\",\r\n      \"minLength\": 1,\r\n      \"description\": \"Province/State must be a non-empty string\"\r\n    },\r\n    \"building\": {\r\n      \"type\": [\"string\", \"null\"],\r\n      \"description\": \"Building can be a string\"\r\n    },\r\n    \"floor\": {\r\n      \"type\": [\"string\", \"number\" , \"null\"],\r\n      \"description\": \"Floor can be a string or number\"\r\n    },\r\n    \"apartment\": {\r\n      \"type\": [\"string\", \"number\", \"null\"],\r\n      \"description\": \"Apartment can be a string or number\"\r\n    }\r\n  },\r\n  \"required\": [\"first_name\", \"last_name\", \"email\", \"phone_number\", \"street\", \"city\", \"province_state\"]\r\n}\r\n"
          },
          "sensitive_attributes": [],
          "private": "bnVsbA==",
          "dependencies": [
            "module.user_managment.module.apigateway.aws_api_gateway_rest_api.this"
          ]
        }
      ]
    },
    {
      "module": "module.user_managment.module.apigateway",
      "mode": "managed",
      "type": "aws_api_gateway_model",
      "name": "delete_user_request",
      "provider": "provider[\"registry.terraform.io/hashicorp/aws\"]",
      "instances": [
        {
          "schema_version": 0,
          "attributes": {
            "content_type": "application/json",
            "description": "",
            "id": "nk5u88",
            "name": "DeleteUserRequest",
            "rest_api_id": "uyoddnypml",
            "schema": "{\r\n  \"type\": \"object\",\r\n  \"properties\": {\r\n    \"username\": {\r\n      \"type\": \"string\",\r\n      \"pattern\": \"^[A-Za-z][A-Za-z0-9_]{3,}$\",\r\n      \"minLength\": 4,\r\n      \"description\": \"Username must start with a letter and be at least 4 characters long\"\r\n    }\r\n  },\r\n  \"required\": [\"username\"]\r\n}\r\n"
          },
          "sensitive_attributes": [],
          "private": "bnVsbA==",
          "dependencies": [
            "module.user_managment.module.apigateway.aws_api_gateway_rest_api.this"
          ]
        }
      ]
    },
    {
      "module": "module.user_managment.module.apigateway",
      "mode": "managed",
      "type": "aws_api_gateway_model",
      "name": "error_response",
      "provider": "provider[\"registry.terraform.io/hashicorp/aws\"]",
      "instances": [
        {
          "schema_version": 0,
          "attributes": {
            "content_type": "application/json",
            "description": "",
            "id": "429346",
            "name": "ErrorResponse",
            "rest_api_id": "uyoddnypml",
            "schema": "{\r\n  \"type\": \"object\",\r\n  \"properties\": {\r\n    \"message\": { \"type\": \"string\" },\r\n    \"code\": { \"type\": \"string\" }\r\n  },\r\n  \"required\": [\"message\", \"code\"]\r\n}\r\n"
          },
          "sensitive_attributes": [],
          "private": "bnVsbA==",
          "dependencies": [
            "module.user_managment.module.apigateway.aws_api_gateway_rest_api.this"
          ]
        }
      ]
    },
    {
      "module": "module.user_managment.module.apigateway",
      "mode": "managed",
      "type": "aws_api_gateway_model",
      "name": "update_user_request",
      "provider": "provider[\"registry.terraform.io/hashicorp/aws\"]",
      "instances": [
        {
          "schema_version": 0,
          "attributes": {
            "content_type": "application/json",
            "description": "",
            "id": "iu1ojm",
            "name": "UpdateUserRequest",
            "rest_api_id": "uyoddnypml",
            "schema": "{\r\n  \"type\": \"object\",\r\n  \"properties\": {\r\n    \"first_name\": {\r\n      \"type\": \"string\",\r\n      \"pattern\": \"^[A-Za-z]+$\",\r\n      \"minLength\": 2,\r\n      \"description\": \"First name must contain only letters and be at least 2 characters long\"\r\n    },\r\n    \"last_name\": {\r\n      \"type\": \"string\",\r\n      \"pattern\": \"^[A-Za-z]+$\",\r\n      \"minLength\": 2,\r\n      \"description\": \"Last name must contain only letters and be at least 2 characters long\"\r\n    },\r\n    \"email\": {\r\n      \"type\": \"string\",\r\n      \"format\": \"email\",\r\n      \"description\": \"Must be a valid email format\"\r\n    },\r\n    \"phone_number\": {\r\n      \"type\": \"string\",\r\n      \"pattern\": \"^[+]?[(]?[0-9]{1,4}[)]?[-\\\\s./0-9]*$\",\r\n      \"description\": \"Must be a valid phone number format\"\r\n    },\r\n    \"landline\": {\r\n      \"type\": [\"string\", \"null\"],\r\n      \"pattern\": \"^[+]?[(]?[0-9]{1,4}[)]?[-\\\\s./0-9]*$\",\r\n      \"description\": \"Must be a valid phone number format\"\r\n    },\r\n    \"street\": {\r\n      \"type\": \"string\",\r\n      \"minLength\": 1,\r\n      \"description\": \"Street must be a non-empty string\"\r\n    },\r\n    \"city\": {\r\n      \"type\": \"string\",\r\n      \"minLength\": 1,\r\n      \"description\": \"City must be a non-empty string\"\r\n    },\r\n    \"province_state\": {\r\n      \"type\": \"string\",\r\n      \"minLength\": 1,\r\n      \"description\": \"Province/State must be a non-empty string\"\r\n    },\r\n    \"building\": {\r\n      \"type\": [\"string\", \"null\"],\r\n      \"description\": \"Building can be a string\"\r\n    },\r\n    \"floor\": {\r\n      \"type\": [\"string\", \"number\", \"null\"],\r\n      \"description\": \"Floor can be a string or number\"\r\n    },\r\n    \"apartment\": {\r\n      \"type\": [\"string\", \"number\", \"null\"],\r\n      \"description\": \"Apartment can be a string or number\"\r\n    }\r\n  }\r\n}\r\n"
          },
          "sensitive_attributes": [],
          "private": "bnVsbA==",
          "dependencies": [
            "module.user_managment.module.apigateway.aws_api_gateway_rest_api.this"
          ]
        }
      ]
    },
    {
      "module": "module.user_managment.module.apigateway",
      "mode": "managed",
      "type": "aws_api_gateway_model",
      "name": "user_response",
      "provider": "provider[\"registry.terraform.io/hashicorp/aws\"]",
      "instances": [
        {
          "schema_version": 0,
          "attributes": {
            "content_type": "application/json",
            "description": "",
            "id": "19p2ig",
            "name": "UserResponse",
            "rest_api_id": "uyoddnypml",
            "schema": "{\r\n  \"type\": \"object\",\r\n  \"properties\": {\r\n    \"id\": { \"type\": \"string\" },\r\n    \"username\": { \"type\": \"string\" },\r\n    \"first_name\": { \"type\": \"string\" },\r\n    \"last_name\": { \"type\": \"string\" },\r\n    \"email\": { \"type\": \"string\" },\r\n    \"phone_number\": { \"type\": \"string\" },\r\n    \"landline\": { \"type\": [\"string\", \"null\"] },\r\n    \"street\": { \"type\": \"string\" },\r\n    \"city\": { \"type\": \"string\" },\r\n    \"province_state\": { \"type\": \"string\" },\r\n    \"building\": { \"type\": [\"string\", \"null\"] },\r\n    \"floor\": { \"type\": [\"string\", \"number\", \"null\"] },\r\n    \"apartment\": { \"type\": [\"string\", \"number\", \"null\"] }\r\n  },\r\n  \"required\": [\"id\", \"username\", \"first_name\", \"last_name\", \"email\", \"phone_number\", \"street\", \"city\", \"province_state\"]\r\n}\r\n"
          },
          "sensitive_attributes": [],
          "private": "bnVsbA==",
          "dependencies": [
            "module.user_managment.module.apigateway.aws_api_gateway_rest_api.this"
          ]
        }
      ]
    },
    {
      "module": "module.user_managment.module.apigateway",
      "mode": "managed",
      "type": "aws_api_gateway_resource",
      "name": "admin",
      "provider": "provider[\"registry.terraform.io/hashicorp/aws\"]",
      "instances": [
        {
          "schema_version": 0,
          "attributes": {
            "id": "6c8gze",
            "parent_id": "zvpj66",
            "path": "/api/v1/admin",
            "path_part": "admin",
            "rest_api_id": "uyoddnypml"
          },
          "sensitive_attributes": [],
          "private": "bnVsbA==",
          "dependencies": [
            "module.user_managment.module.apigateway.aws_api_gateway_resource.api",
            "module.user_managment.module.apigateway.aws_api_gateway_resource.v1",
            "module.user_managment.module.apigateway.aws_api_gateway_rest_api.this"
          ]
        }
      ]
    },
    {
      "module": "module.user_managment.module.apigateway",
      "mode": "managed",
      "type": "aws_api_gateway_resource",
      "name": "admin_user",
      "provider": "provider[\"registry.terraform.io/hashicorp/aws\"]",
      "instances": [
        {
          "schema_version": 0,
          "attributes": {
            "id": "fmsg0f",
            "parent_id": "cvfg9d",
            "path": "/api/v1/admin/users/{username}",
            "path_part": "{username}",
            "rest_api_id": "uyoddnypml"
          },
          "sensitive_attributes": [],
          "private": "bnVsbA==",
          "dependencies": [
            "module.user_managment.module.apigateway.aws_api_gateway_resource.admin",
            "module.user_managment.module.apigateway.aws_api_gateway_resource.admin_users",
            "module.user_managment.module.apigateway.aws_api_gateway_resource.api",
            "module.user_managment.module.apigateway.aws_api_gateway_resource.v1",
            "module.user_managment.module.apigateway.aws_api_gateway_rest_api.this"
          ]
        }
      ]
    },
    {
      "module": "module.user_managment.module.apigateway",
      "mode": "managed",
      "type": "aws_api_gateway_resource",
      "name": "admin_users",
      "provider": "provider[\"registry.terraform.io/hashicorp/aws\"]",
      "instances": [
        {
          "schema_version": 0,
          "attributes": {
            "id": "cvfg9d",
            "parent_id": "6c8gze",
            "path": "/api/v1/admin/users",
            "path_part": "users",
            "rest_api_id": "uyoddnypml"
          },
          "sensitive_attributes": [],
          "private": "bnVsbA==",
          "dependencies": [
            "module.user_managment.module.apigateway.aws_api_gateway_resource.admin",
            "module.user_managment.module.apigateway.aws_api_gateway_resource.api",
            "module.user_managment.module.apigateway.aws_api_gateway_resource.v1",
            "module.user_managment.module.apigateway.aws_api_gateway_rest_api.this"
          ]
        }
      ]
    },
    {
      "module": "module.user_managment.module.apigateway",
      "mode": "managed",
      "type": "aws_api_gateway_resource",
      "name": "api",
      "provider": "provider[\"registry.terraform.io/hashicorp/aws\"]",
      "instances": [
        {
          "schema_version": 0,
          "attributes": {
            "id": "fq4q0t",
            "parent_id": "nda3a91rgb",
            "path": "/api",
            "path_part": "api",
            "rest_api_id": "uyoddnypml"
          },
          "sensitive_attributes": [],
          "private": "bnVsbA==",
          "dependencies": [
            "module.user_managment.module.apigateway.aws_api_gateway_rest_api.this"
          ]
        }
      ]
    },
    {
      "module": "module.user_managment.module.apigateway",
      "mode": "managed",
      "type": "aws_api_gateway_resource",
      "name": "grant_admin",
      "provider": "provider[\"registry.terraform.io/hashicorp/aws\"]",
      "instances": [
        {
          "schema_version": 0,
          "attributes": {
            "id": "euc870",
            "parent_id": "6c8gze",
            "path": "/api/v1/admin/grant_admin_role",
            "path_part": "grant_admin_role",
            "rest_api_id": "uyoddnypml"
          },
          "sensitive_attributes": [],
          "private": "bnVsbA==",
          "dependencies": [
            "module.user_managment.module.apigateway.aws_api_gateway_resource.admin",
            "module.user_managment.module.apigateway.aws_api_gateway_resource.api",
            "module.user_managment.module.apigateway.aws_api_gateway_resource.v1",
            "module.user_managment.module.apigateway.aws_api_gateway_rest_api.this"
          ]
        }
      ]
    },
    {
      "module": "module.user_managment.module.apigateway",
      "mode": "managed",
      "type": "aws_api_gateway_resource",
      "name": "user",
      "provider": "provider[\"registry.terraform.io/hashicorp/aws\"]",
      "instances": [
        {
          "schema_version": 0,
          "attributes": {
            "id": "66xwyi",
            "parent_id": "5k0a3k",
            "path": "/api/v1/users/{username}",
            "path_part": "{username}",
            "rest_api_id": "uyoddnypml"
          },
          "sensitive_attributes": [],
          "private": "bnVsbA==",
          "dependencies": [
            "module.user_managment.module.apigateway.aws_api_gateway_resource.api",
            "module.user_managment.module.apigateway.aws_api_gateway_resource.users",
            "module.user_managment.module.apigateway.aws_api_gateway_resource.v1",
            "module.user_managment.module.apigateway.aws_api_gateway_rest_api.this"
          ]
        }
      ]
    },
    {
      "module": "module.user_managment.module.apigateway",
      "mode": "managed",
      "type": "aws_api_gateway_resource",
      "name": "users",
      "provider": "provider[\"registry.terraform.io/hashicorp/aws\"]",
      "instances": [
        {
          "schema_version": 0,
          "attributes": {
            "id": "5k0a3k",
            "parent_id": "zvpj66",
            "path": "/api/v1/users",
            "path_part": "users",
            "rest_api_id": "uyoddnypml"
          },
          "sensitive_attributes": [],
          "private": "bnVsbA==",
          "dependencies": [
            "module.user_managment.module.apigateway.aws_api_gateway_resource.api",
            "module.user_managment.module.apigateway.aws_api_gateway_resource.v1",
            "module.user_managment.module.apigateway.aws_api_gateway_rest_api.this"
          ]
        }
      ]
    },
    {
      "module": "module.user_managment.module.apigateway",
      "mode": "managed",
      "type": "aws_api_gateway_resource",
      "name": "v1",
      "provider": "provider[\"registry.terraform.io/hashicorp/aws\"]",
      "instances": [
        {
          "schema_version": 0,
          "attributes": {
            "id": "zvpj66",
            "parent_id": "fq4q0t",
            "path": "/api/v1",
            "path_part": "v1",
            "rest_api_id": "uyoddnypml"
          },
          "sensitive_attributes": [],
          "private": "bnVsbA==",
          "dependencies": [
            "module.user_managment.module.apigateway.aws_api_gateway_resource.api",
            "module.user_managment.module.apigateway.aws_api_gateway_rest_api.this"
          ]
        }
      ]
    },
    {
      "module": "module.user_managment.module.apigateway",
      "mode": "managed",
      "type": "aws_api_gateway_rest_api",
      "name": "this",
      "provider": "provider[\"registry.terraform.io/hashicorp/aws\"]",
      "instances": [
        {
          "schema_version": 0,
          "attributes": {
            "api_key_source": "HEADER",
            "arn": "arn:aws:apigateway:eu-west-1::/restapis/uyoddnypml",
            "binary_media_types": [],
            "body": null,
            "created_date": "2025-03-01T20:15:25Z",
            "description": "API for User Management",
            "disable_execute_api_endpoint": false,
            "endpoint_configuration": [
              {
                "types": [
                  "EDGE"
                ],
                "vpc_endpoint_ids": []
              }
            ],
            "execution_arn": "arn:aws:execute-api:eu-west-1:438465134937:uyoddnypml",
            "fail_on_warnings": null,
            "id": "uyoddnypml",
            "minimum_compression_size": "",
            "name": "UserManagementAPI",
            "parameters": null,
            "policy": "",
            "put_rest_api_mode": null,
            "root_resource_id": "nda3a91rgb",
            "tags": {},
            "tags_all": {}
          },
          "sensitive_attributes": [],
          "private": "bnVsbA=="
        }
      ]
    },
    {
      "module": "module.user_managment.module.apigateway",
      "mode": "managed",
      "type": "aws_cloudwatch_log_group",
      "name": "api_gw_logs",
      "provider": "provider[\"registry.terraform.io/hashicorp/aws\"]",
      "instances": [
        {
          "schema_version": 0,
          "attributes": {
            "arn": "arn:aws:logs:eu-west-1:438465134937:log-group:/aws/api-gateway/UserManagementAPI",
            "id": "/aws/api-gateway/UserManagementAPI",
            "kms_key_id": "",
            "log_group_class": "STANDARD",
            "name": "/aws/api-gateway/UserManagementAPI",
            "name_prefix": "",
            "retention_in_days": 14,
            "skip_destroy": false,
            "tags": {},
            "tags_all": {}
          },
          "sensitive_attributes": [],
          "private": "bnVsbA=="
        }
      ]
    },
    {
      "module": "module.user_managment.module.cognito",
      "mode": "managed",
      "type": "aws_cognito_identity_provider",
      "name": "google",
      "provider": "provider[\"registry.terraform.io/hashicorp/aws\"]",
      "instances": [
        {
          "schema_version": 0,
          "attributes": {
            "attribute_mapping": {
              "email": "email",
              "username": "sub"
            },
            "id": "eu-west-1_1B9gRaY6l:Google",
            "idp_identifiers": [],
            "provider_details": {
              "attributes_url": "https://people.googleapis.com/v1/people/me?personFields=",
              "attributes_url_add_attributes": "true",
              "authorize_scopes": "openid email profile",
              "authorize_url": "https://accounts.google.com/o/oauth2/v2/auth",
              "client_id": "1003662872861-achqfn6df4da8qlkrgj4dpmhfaqfnim7.apps.googleusercontent.com",
              "client_secret": "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",
              "oidc_issuer": "https://accounts.google.com",
              "token_request_method": "POST",
              "token_url": "https://www.googleapis.com/oauth2/v4/token"
            },
            "provider_name": "Google",
            "provider_type": "Google",
            "user_pool_id": "eu-west-1_1B9gRaY6l"
          },
          "sensitive_attributes": [],
          "private": "bnVsbA==",
          "dependencies": [
            "module.user_managment.module.cognito.aws_cognito_user_pool.this"
          ]
        }
      ]
    },
    {
      "module": "module.user_managment.module.cognito",
      "mode": "managed",
      "type": "aws_cognito_user_group",
      "name": "admins_group",
      "provider": "provider[\"registry.terraform.io/hashicorp/aws\"]",
      "instances": [
        {
          "schema_version": 0,
          "attributes": {
            "description": "Group for admin users",
            "id": "eu-west-1_1B9gRaY6l/Admins",
            "name": "Admins",
            "precedence": 0,
            "role_arn": "arn:aws:iam::438465134937:role/admins-group-role",
            "user_pool_id": "eu-west-1_1B9gRaY6l"
          },
          "sensitive_attributes": [],
          "private": "bnVsbA==",
          "dependencies": [
            "module.user_managment.module.cognito.aws_cognito_user_pool.this",
            "module.user_managment.module.iam.aws_iam_role.admins_group_role"
          ]
        }
      ]
    },
    {
      "module": "module.user_managment.module.cognito",
      "mode": "managed",
      "type": "aws_cognito_user_group",
      "name": "users_group",
      "provider": "provider[\"registry.terraform.io/hashicorp/aws\"]",
      "instances": [
        {
          "schema_version": 0,
          "attributes": {
            "description": "Group for normal users",
            "id": "eu-west-1_1B9gRaY6l/Users",
            "name": "Users",
            "precedence": 0,
            "role_arn": "arn:aws:iam::438465134937:role/users-group-role",
            "user_pool_id": "eu-west-1_1B9gRaY6l"
          },
          "sensitive_attributes": [],
          "private": "bnVsbA==",
          "dependencies": [
            "module.user_managment.module.cognito.aws_cognito_user_pool.this",
            "module.user_managment.module.iam.aws_iam_role.users_group_role"
          ]
        }
      ]
    },
    {
      "module": "module.user_managment.module.cognito",
      "mode": "managed",
      "type": "aws_cognito_user_pool",
      "name": "this",
      "provider": "provider[\"registry.terraform.io/hashicorp/aws\"]",
      "instances": [
        {
          "schema_version": 0,
          "attributes": {
            "account_recovery_setting": [
              {
                "recovery_mechanism": [
                  {
                    "name": "verified_email",
                    "priority": 1
                  },
                  {
                    "name": "verified_phone_number",
                    "priority": 2
                  }
                ]
              }
            ],
            "admin_create_user_config": [
              {
                "allow_admin_create_user_only": false,
                "invite_message_template": []
              }
            ],
            "alias_attributes": null,
            "arn": "arn:aws:cognito-idp:eu-west-1:438465134937:userpool/eu-west-1_1B9gRaY6l",
            "auto_verified_attributes": [
              "email"
            ],
            "creation_date": "2025-03-01T20:15:25Z",
            "custom_domain": "",
            "deletion_protection": "INACTIVE",
            "device_configuration": [],
            "domain": "equiluxenergy",
            "email_configuration": [
              {
                "configuration_set": "",
                "email_sending_account": "COGNITO_DEFAULT",
                "from_email_address": "",
                "reply_to_email_address": "",
                "source_arn": ""
              }
            ],
            "email_mfa_configuration": [],
            "email_verification_message": "",
            "email_verification_subject": "",
            "endpoint": "cognito-idp.eu-west-1.amazonaws.com/eu-west-1_1B9gRaY6l",
            "estimated_number_of_users": 0,
            "id": "eu-west-1_1B9gRaY6l",
            "lambda_config": [],
            "last_modified_date": "2025-03-01T20:15:25Z",
            "mfa_configuration": "OFF",
            "name": "user-management-pool",
            "password_policy": [
              {
                "minimum_length": 8,
                "password_history_size": 0,
                "require_lowercase": true,
                "require_numbers": true,
                "require_symbols": true,
                "require_uppercase": true,
                "temporary_password_validity_days": 7
              }
            ],
            "schema": [],
            "sign_in_policy": [
              {
                "allowed_first_auth_factors": [
                  "PASSWORD"
                ]
              }
            ],
            "sms_authentication_message": "",
            "sms_configuration": [],
            "sms_verification_message": "",
            "software_token_mfa_configuration": [],
            "tags": {
              "Environment": "dev",
              "Module": "User Management"
            },
            "tags_all": {
              "Environment": "dev",
              "Module": "User Management"
            },
            "user_attribute_update_settings": [],
            "user_pool_add_ons": [],
            "user_pool_tier": "ESSENTIALS",
            "username_attributes": [],
            "username_configuration": [],
            "verification_message_template": [
              {
                "default_email_option": "CONFIRM_WITH_CODE",
                "email_message": "",
                "email_message_by_link": "",
                "email_subject": "",
                "email_subject_by_link": "",
                "sms_message": ""
              }
            ],
            "web_authn_configuration": []
          },
          "sensitive_attributes": [],
          "private": "bnVsbA=="
        }
      ]
    },
    {
      "module": "module.user_managment.module.cognito",
      "mode": "managed",
      "type": "aws_cognito_user_pool_client",
      "name": "this",
      "provider": "provider[\"registry.terraform.io/hashicorp/aws\"]",
      "instances": [
        {
          "schema_version": 0,
          "attributes": {
            "access_token_validity": 6,
            "allowed_oauth_flows": [
              "code"
            ],
            "allowed_oauth_flows_user_pool_client": true,
            "allowed_oauth_scopes": [
              "aws.cognito.signin.user.admin",
              "email",
              "openid",
              "phone",
              "profile"
            ],
            "analytics_configuration": [],
            "auth_session_validity": 5,
            "callback_urls": [
              "https://example.com/callback"
            ],
            "client_secret": "",
            "default_redirect_uri": "",
            "enable_propagate_additional_user_context_data": false,
            "enable_token_revocation": true,
            "explicit_auth_flows": [
              "ALLOW_ADMIN_USER_PASSWORD_AUTH",
              "ALLOW_CUSTOM_AUTH",
              "ALLOW_REFRESH_TOKEN_AUTH",
              "ALLOW_USER_PASSWORD_AUTH",
              "ALLOW_USER_SRP_AUTH"
            ],
            "generate_secret": null,
            "id": "2et6pcpoin606ul2evqm5lqb2g",
            "id_token_validity": 6,
            "logout_urls": [],
            "name": "user-management-client",
            "prevent_user_existence_errors": "",
            "read_attributes": [],
            "refresh_token_validity": 30,
            "supported_identity_providers": [
              "COGNITO",
              "Google"
            ],
            "token_validity_units": [],
            "user_pool_id": "eu-west-1_1B9gRaY6l",
            "write_attributes": []
          },
          "sensitive_attributes": [
            [
              {
                "type": "get_attr",
                "value": "client_secret"
              }
            ]
          ],
          "dependencies": [
            "module.user_managment.module.cognito.aws_cognito_identity_provider.google",
            "module.user_managment.module.cognito.aws_cognito_user_pool.this"
          ]
        }
      ]
    },
    {
      "module": "module.user_managment.module.cognito",
      "mode": "managed",
      "type": "aws_cognito_user_pool_domain",
      "name": "main",
      "provider": "provider[\"registry.terraform.io/hashicorp/aws\"]",
      "instances": [
        {
          "schema_version": 0,
          "attributes": {
            "aws_account_id": "438465134937",
            "certificate_arn": "",
            "cloudfront_distribution": "d2uqej7bo24sqa.cloudfront.net",
            "cloudfront_distribution_arn": "d2uqej7bo24sqa.cloudfront.net",
            "cloudfront_distribution_zone_id": "Z2FDTNDATAQYW2",
            "domain": "equiluxenergy",
            "id": "equiluxenergy",
            "s3_bucket": "aws-cognito-prod-dub-assets",
            "user_pool_id": "eu-west-1_1B9gRaY6l",
            "version": "20250301201530"
          },
          "sensitive_attributes": [],
          "private": "bnVsbA==",
          "dependencies": [
            "module.user_managment.module.cognito.aws_cognito_user_pool.this"
          ]
        }
      ]
    },
    {
      "module": "module.user_managment.module.dynamodb",
      "mode": "managed",
      "type": "aws_dynamodb_table",
      "name": "user_table",
      "provider": "provider[\"registry.terraform.io/hashicorp/aws\"]",
      "instances": [
        {
          "schema_version": 1,
          "attributes": {
            "arn": "arn:aws:dynamodb:eu-west-1:438465134937:table/Equilux_Users_Prosumers",
            "attribute": [
              {
                "name": "apartment",
                "type": "S"
              },
              {
                "name": "building",
                "type": "S"
              },
              {
                "name": "city",
                "type": "S"
              },
              {
                "name": "email",
                "type": "S"
              },
              {
                "name": "first_name",
                "type": "S"
              },
              {
                "name": "floor",
                "type": "N"
              },
              {
                "name": "landline",
                "type": "S"
              },
              {
                "name": "last_name",
                "type": "S"
              },
              {
                "name": "phone_number",
                "type": "S"
              },
              {
                "name": "province_state",
                "type": "S"
              },
              {
                "name": "street",
                "type": "S"
              },
              {
                "name": "user_id",
                "type": "S"
              },
              {
                "name": "web_3_wallet_address",
                "type": "S"
              }
            ],
            "billing_mode": "PAY_PER_REQUEST",
            "deletion_protection_enabled": false,
            "global_secondary_index": [
              {
                "hash_key": "apartment",
                "name": "apartment-index",
                "non_key_attributes": [],
                "on_demand_throughput": [],
                "projection_type": "ALL",
                "range_key": "",
                "read_capacity": 5,
                "write_capacity": 5
              },
              {
                "hash_key": "building",
                "name": "building-index",
                "non_key_attributes": [],
                "on_demand_throughput": [],
                "projection_type": "ALL",
                "range_key": "",
                "read_capacity": 5,
                "write_capacity": 5
              },
              {
                "hash_key": "city",
                "name": "city-index",
                "non_key_attributes": [],
                "on_demand_throughput": [],
                "projection_type": "ALL",
                "range_key": "",
                "read_capacity": 5,
                "write_capacity": 5
              },
              {
                "hash_key": "email",
                "name": "email-index",
                "non_key_attributes": [],
                "on_demand_throughput": [],
                "projection_type": "ALL",
                "range_key": "",
                "read_capacity": 5,
                "write_capacity": 5
              },
              {
                "hash_key": "first_name",
                "name": "first_name-index",
                "non_key_attributes": [],
                "on_demand_throughput": [],
                "projection_type": "ALL",
                "range_key": "",
                "read_capacity": 5,
                "write_capacity": 5
              },
              {
                "hash_key": "floor",
                "name": "floor-index",
                "non_key_attributes": [],
                "on_demand_throughput": [],
                "projection_type": "ALL",
                "range_key": "",
                "read_capacity": 5,
                "write_capacity": 5
              },
              {
                "hash_key": "landline",
                "name": "landline-index",
                "non_key_attributes": [],
                "on_demand_throughput": [],
                "projection_type": "ALL",
                "range_key": "",
                "read_capacity": 5,
                "write_capacity": 5
              },
              {
                "hash_key": "last_name",
                "name": "last_name-index",
                "non_key_attributes": [],
                "on_demand_throughput": [],
                "projection_type": "ALL",
                "range_key": "",
                "read_capacity": 5,
                "write_capacity": 5
              },
              {
                "hash_key": "phone_number",
                "name": "phone_number-index",
                "non_key_attributes": [],
                "on_demand_throughput": [],
                "projection_type": "ALL",
                "range_key": "",
                "read_capacity": 5,
                "write_capacity": 5
              },
              {
                "hash_key": "province_state",
                "name": "province_state-index",
                "non_key_attributes": [],
                "on_demand_throughput": [],
                "projection_type": "ALL",
                "range_key": "",
                "read_capacity": 5,
                "write_capacity": 5
              },
              {
                "hash_key": "street",
                "name": "street-index",
                "non_key_attributes": [],
                "on_demand_throughput": [],
                "projection_type": "ALL",
                "range_key": "",
                "read_capacity": 5,
                "write_capacity": 5
              },
              {
                "hash_key": "web_3_wallet_address",
                "name": "web_3_wallet_address-index",
                "non_key_attributes": [],
                "on_demand_throughput": [],
                "projection_type": "ALL",
                "range_key": "",
                "read_capacity": 5,
                "write_capacity": 5
              }
            ],
            "hash_key": "user_id",
            "id": "Equilux_Users_Prosumers",
            "import_table": [],
            "local_secondary_index": [],
            "name": "Equilux_Users_Prosumers",
            "on_demand_throughput": [],
            "point_in_time_recovery": [
              {
                "enabled": false
              }
            ],
            "range_key": null,
            "read_capacity": 0,
            "replica": [],
            "restore_date_time": null,
            "restore_source_name": null,
            "restore_source_table_arn": null,
            "restore_to_latest_time": null,
            "server_side_encryption": [
              {
                "enabled": true,
                "kms_key_arn": ""
              }
            ],
            "stream_arn": "",
            "stream_enabled": false,
            "stream_label": "",
            "stream_view_type": "",
            "table_class": "STANDARD",
            "tags": {
              "Environment": "dev",
              "Module": "User Management"
            },
            "tags_all": {
              "Environment": "dev",
              "Module": "User Management"
            },
            "timeouts": null,
            "ttl": [
              {
                "attribute_name": "",
                "enabled": false
              }
            ],
            "write_capacity": 0
          },
          "sensitive_attributes": [],
          "private": "eyJlMmJmYjczMC1lY2FhLTExZTYtOGY4OC0zNDM2M2JjN2M0YzAiOnsiY3JlYXRlIjoxODAwMDAwMDAwMDAwLCJkZWxldGUiOjYwMDAwMDAwMDAwMCwidXBkYXRlIjozNjAwMDAwMDAwMDAwfSwic2NoZW1hX3ZlcnNpb24iOiIxIn0="
        }
      ]
    },
    {
      "module": "module.user_managment.module.iam",
      "mode": "data",
      "type": "aws_caller_identity",
      "name": "current",
      "provider": "provider[\"registry.terraform.io/hashicorp/aws\"]",
      "instances": [
        {
          "schema_version": 0,
          "attributes": {
            "account_id": "438465134937",
            "arn": "arn:aws:iam::438465134937:user/mahmoud.equilux",
            "id": "438465134937",
            "user_id": "AIDAWMFUPAFM5YYA4INXL"
          },
          "sensitive_attributes": []
        }
      ]
    },
    {
      "module": "module.user_managment.module.iam",
      "mode": "managed",
      "type": "aws_iam_policy",
      "name": "admin_policy",
      "provider": "provider[\"registry.terraform.io/hashicorp/aws\"]",
      "instances": [
        {
          "schema_version": 0,
          "attributes": {
            "arn": "arn:aws:iam::438465134937:policy/admin-policy",
            "attachment_count": 1,
            "description": "Policy for admins to access all endpoints",
            "id": "arn:aws:iam::438465134937:policy/admin-policy",
            "name": "admin-policy",
            "name_prefix": "",
            "path": "/",
            "policy": "{\"Statement\":[{\"Action\":[\"lambda:InvokeFunction\"],\"Effect\":\"Allow\",\"Resource\":\"*\"}],\"Version\":\"2012-10-17\"}",
            "policy_id": "ANPAWMFUPAFM7DQTFO6ZL",
            "tags": {
              "Environment": "dev",
              "Module": "User Management"
            },
            "tags_all": {
              "Environment": "dev",
              "Module": "User Management"
            }
          },
          "sensitive_attributes": [],
          "private": "bnVsbA=="
        }
      ]
    },
    {
      "module": "module.user_managment.module.iam",
      "mode": "managed",
      "type": "aws_iam_policy",
      "name": "lambda_cognito_policy",
      "provider": "provider[\"registry.terraform.io/hashicorp/aws\"]",
      "instances": [
        {
          "schema_version": 0,
          "attributes": {
            "arn": "arn:aws:iam::438465134937:policy/lambda-cognito-policy",
            "attachment_count": 1,
            "description": "Policy for Lambda functions to manage Cognito user groups",
            "id": "arn:aws:iam::438465134937:policy/lambda-cognito-policy",
            "name": "lambda-cognito-policy",
            "name_prefix": "",
            "path": "/",
            "policy": "{\"Statement\":[{\"Action\":[\"cognito-idp:AdminAddUserToGroup\",\"cognito-idp:AdminRemoveUserFromGroup\",\"cognito-idp:ListGroups\",\"cognito-idp:ListUsersInGroup\"],\"Effect\":\"Allow\",\"Resource\":[\"arn:aws:cognito-idp:eu-west-1:438465134937:userpool/eu-west-1_1B9gRaY6l\"]}],\"Version\":\"2012-10-17\"}",
            "policy_id": "ANPAWMFUPAFMQ6ZHQQU6O",
            "tags": {
              "Environment": "dev",
              "Module": "User Management"
            },
            "tags_all": {
              "Environment": "dev",
              "Module": "User Management"
            }
          },
          "sensitive_attributes": [],
          "private": "bnVsbA==",
          "dependencies": [
            "module.user_managment.module.cognito.aws_cognito_user_pool.this",
            "module.user_managment.module.iam.data.aws_caller_identity.current"
          ]
        }
      ]
    },
    {
      "module": "module.user_managment.module.iam",
      "mode": "managed",
      "type": "aws_iam_role",
      "name": "admins_group_role",
      "provider": "provider[\"registry.terraform.io/hashicorp/aws\"]",
      "instances": [
        {
          "schema_version": 0,
          "attributes": {
            "arn": "arn:aws:iam::438465134937:role/admins-group-role",
            "assume_role_policy": "{\"Statement\":[{\"Action\":\"sts:AssumeRole\",\"Effect\":\"Allow\",\"Principal\":{\"Service\":\"cognito-idp.amazonaws.com\"}}],\"Version\":\"2012-10-17\"}",
            "create_date": "2025-03-01T20:15:25Z",
            "description": "",
            "force_detach_policies": false,
            "id": "admins-group-role",
            "inline_policy": [],
            "managed_policy_arns": [
              "arn:aws:iam::438465134937:policy/admin-policy"
            ],
            "max_session_duration": 3600,
            "name": "admins-group-role",
            "name_prefix": "",
            "path": "/",
            "permissions_boundary": "",
            "tags": {
              "Environment": "dev",
              "Module": "User Management"
            },
            "tags_all": {
              "Environment": "dev",
              "Module": "User Management"
            },
            "unique_id": "AROAWMFUPAFMWA6QVOOUD"
          },
          "sensitive_attributes": [],
          "private": "bnVsbA=="
        }
      ]
    },
    {
      "module": "module.user_managment.module.iam",
      "mode": "managed",
      "type": "aws_iam_role",
      "name": "api_gateway_admin_role",
      "provider": "provider[\"registry.terraform.io/hashicorp/aws\"]",
      "instances": [
        {
          "schema_version": 0,
          "attributes": {
            "arn": "arn:aws:iam::438465134937:role/api-gateway-admin-role",
            "assume_role_policy": "{\"Statement\":[{\"Action\":\"sts:AssumeRole\",\"Effect\":\"Allow\",\"Principal\":{\"Service\":\"apigateway.amazonaws.com\"}}],\"Version\":\"2012-10-17\"}",
            "create_date": "2025-03-01T20:15:25Z",
            "description": "",
            "force_detach_policies": false,
            "id": "api-gateway-admin-role",
            "inline_policy": [],
            "managed_policy_arns": [],
            "max_session_duration": 3600,
            "name": "api-gateway-admin-role",
            "name_prefix": "",
            "path": "/",
            "permissions_boundary": "",
            "tags": {
              "Environment": "dev",
              "Module": "User Management"
            },
            "tags_all": {
              "Environment": "dev",
              "Module": "User Management"
            },
            "unique_id": "AROAWMFUPAFMTF4NQDHYM"
          },
          "sensitive_attributes": [],
          "private": "bnVsbA=="
        }
      ]
    },
    {
      "module": "module.user_managment.module.iam",
      "mode": "managed",
      "type": "aws_iam_role",
      "name": "api_gateway_user_role",
      "provider": "provider[\"registry.terraform.io/hashicorp/aws\"]",
      "instances": [
        {
          "schema_version": 0,
          "attributes": {
            "arn": "arn:aws:iam::438465134937:role/api-gateway-user-role",
            "assume_role_policy": "{\"Statement\":[{\"Action\":\"sts:AssumeRole\",\"Effect\":\"Allow\",\"Principal\":{\"Service\":\"apigateway.amazonaws.com\"}}],\"Version\":\"2012-10-17\"}",
            "create_date": "2025-03-01T20:15:26Z",
            "description": "",
            "force_detach_policies": false,
            "id": "api-gateway-user-role",
            "inline_policy": [],
            "managed_policy_arns": [],
            "max_session_duration": 3600,
            "name": "api-gateway-user-role",
            "name_prefix": "",
            "path": "/",
            "permissions_boundary": "",
            "tags": {
              "Environment": "dev",
              "Module": "User Management"
            },
            "tags_all": {
              "Environment": "dev",
              "Module": "User Management"
            },
            "unique_id": "AROAWMFUPAFMQYMKMCQFE"
          },
          "sensitive_attributes": [],
          "private": "bnVsbA=="
        }
      ]
    },
    {
      "module": "module.user_managment.module.iam",
      "mode": "managed",
      "type": "aws_iam_role",
      "name": "lambda_execution_role",
      "provider": "provider[\"registry.terraform.io/hashicorp/aws\"]",
      "instances": [
        {
          "schema_version": 0,
          "attributes": {
            "arn": "arn:aws:iam::438465134937:role/lambda-execution-role",
            "assume_role_policy": "{\"Statement\":[{\"Action\":\"sts:AssumeRole\",\"Effect\":\"Allow\",\"Principal\":{\"Service\":\"lambda.amazonaws.com\"}}],\"Version\":\"2012-10-17\"}",
            "create_date": "2025-03-01T20:15:25Z",
            "description": "",
            "force_detach_policies": false,
            "id": "lambda-execution-role",
            "inline_policy": [
              {
                "name": "lambda-policy",
                "policy": "{\"Version\":\"2012-10-17\",\"Statement\":[{\"Action\":[\"dynamodb:PutItem\",\"dynamodb:GetItem\",\"dynamodb:UpdateItem\",\"dynamodb:DeleteItem\",\"dynamodb:Query\",\"dynamodb:Scan\",\"dynamodb:BatchGetItem\",\"dynamodb:BatchWriteItem\",\"dynamodb:DescribeTable\",\"dynamodb:UpdateTable\"],\"Effect\":\"Allow\",\"Resource\":\"arn:aws:dynamodb:eu-west-1:438465134937:table/Equilux_Users_Prosumers\"},{\"Action\":[\"logs:CreateLogGroup\",\"logs:CreateLogStream\",\"logs:PutLogEvents\"],\"Effect\":\"Allow\",\"Resource\":\"*\"},{\"Action\":[\"cognito-idp:AdminAddUserToGroup\",\"cognito-idp:AdminRemoveUserFromGroup\",\"cognito-idp:ListGroups\",\"cognito-idp:ListUsersInGroup\",\"cognito-idp:AdminUpdateUserAttributes\",\"cognito-idp:AdminDeleteUser\",\"cognito-idp:AdminGetUser\"],\"Effect\":\"Allow\",\"Resource\":[\"arn:aws:cognito-idp:eu-west-1:438465134937:userpool/eu-west-1_1B9gRaY6l\"]}]}"
              }
            ],
            "managed_policy_arns": [
              "arn:aws:iam::438465134937:policy/lambda-cognito-policy"
            ],
            "max_session_duration": 3600,
            "name": "lambda-execution-role",
            "name_prefix": "",
            "path": "/",
            "permissions_boundary": "",
            "tags": {
              "Environment": "dev",
              "Module": "User Management"
            },
            "tags_all": {
              "Environment": "dev",
              "Module": "User Management"
            },
            "unique_id": "AROAWMFUPAFM3RFTI6P7T"
          },
          "sensitive_attributes": [],
          "private": "bnVsbA=="
        }
      ]
    },
    {
      "module": "module.user_managment.module.iam",
      "mode": "managed",
      "type": "aws_iam_role",
      "name": "user_profile_management_role",
      "provider": "provider[\"registry.terraform.io/hashicorp/aws\"]",
      "instances": [
        {
          "schema_version": 0,
          "attributes": {
            "arn": "arn:aws:iam::438465134937:role/user-profile-management-role",
            "assume_role_policy": "{\"Statement\":[{\"Action\":\"sts:AssumeRole\",\"Effect\":\"Allow\",\"Principal\":{\"Service\":\"apigateway.amazonaws.com\"}}],\"Version\":\"2012-10-17\"}",
            "create_date": "2025-03-01T20:15:25Z",
            "description": "",
            "force_detach_policies": false,
            "id": "user-profile-management-role",
            "inline_policy": [],
            "managed_policy_arns": [],
            "max_session_duration": 3600,
            "name": "user-profile-management-role",
            "name_prefix": "",
            "path": "/",
            "permissions_boundary": "",
            "tags": {
              "Environment": "dev",
              "Module": "User Management"
            },
            "tags_all": {
              "Environment": "dev",
              "Module": "User Management"
            },
            "unique_id": "AROAWMFUPAFMUF3PVSR2O"
          },
          "sensitive_attributes": [],
          "private": "bnVsbA=="
        }
      ]
    },
    {
      "module": "module.user_managment.module.iam",
      "mode": "managed",
      "type": "aws_iam_role",
      "name": "users_group_role",
      "provider": "provider[\"registry.terraform.io/hashicorp/aws\"]",
      "instances": [
        {
          "schema_version": 0,
          "attributes": {
            "arn": "arn:aws:iam::438465134937:role/users-group-role",
            "assume_role_policy": "{\"Statement\":[{\"Action\":\"sts:AssumeRole\",\"Effect\":\"Allow\",\"Principal\":{\"Service\":\"cognito-idp.amazonaws.com\"}}],\"Version\":\"2012-10-17\"}",
            "create_date": "2025-03-01T20:15:25Z",
            "description": "",
            "force_detach_policies": false,
            "id": "users-group-role",
            "inline_policy": [],
            "managed_policy_arns": [],
            "max_session_duration": 3600,
            "name": "users-group-role",
            "name_prefix": "",
            "path": "/",
            "permissions_boundary": "",
            "tags": {
              "Environment": "dev",
              "Module": "User Management"
            },
            "tags_all": {
              "Environment": "dev",
              "Module": "User Management"
            },
            "unique_id": "AROAWMFUPAFM2MPYFAHSZ"
          },
          "sensitive_attributes": [],
          "private": "bnVsbA=="
        }
      ]
    },
    {
      "module": "module.user_managment.module.iam",
      "mode": "managed",
      "type": "aws_iam_role_policy",
      "name": "lambda_policy",
      "provider": "provider[\"registry.terraform.io/hashicorp/aws\"]",
      "instances": [
        {
          "schema_version": 0,
          "attributes": {
            "id": "lambda-execution-role:lambda-policy",
            "name": "lambda-policy",
            "name_prefix": "",
            "policy": "{\"Version\":\"2012-10-17\",\"Statement\":[{\"Action\":[\"dynamodb:PutItem\",\"dynamodb:GetItem\",\"dynamodb:UpdateItem\",\"dynamodb:DeleteItem\",\"dynamodb:Query\",\"dynamodb:Scan\",\"dynamodb:BatchGetItem\",\"dynamodb:BatchWriteItem\",\"dynamodb:DescribeTable\",\"dynamodb:UpdateTable\"],\"Effect\":\"Allow\",\"Resource\":\"arn:aws:dynamodb:eu-west-1:438465134937:table/Equilux_Users_Prosumers\"},{\"Action\":[\"logs:CreateLogGroup\",\"logs:CreateLogStream\",\"logs:PutLogEvents\"],\"Effect\":\"Allow\",\"Resource\":\"*\"},{\"Action\":[\"cognito-idp:AdminAddUserToGroup\",\"cognito-idp:AdminRemoveUserFromGroup\",\"cognito-idp:ListGroups\",\"cognito-idp:ListUsersInGroup\",\"cognito-idp:AdminUpdateUserAttributes\",\"cognito-idp:AdminDeleteUser\",\"cognito-idp:AdminGetUser\"],\"Effect\":\"Allow\",\"Resource\":[\"arn:aws:cognito-idp:eu-west-1:438465134937:userpool/eu-west-1_1B9gRaY6l\"]}]}",
            "role": "lambda-execution-role"
          },
          "sensitive_attributes": [],
          "private": "bnVsbA==",
          "dependencies": [
            "module.user_managment.module.cognito.aws_cognito_user_pool.this",
            "module.user_managment.module.dynamodb.aws_dynamodb_table.user_table",
            "module.user_managment.module.iam.aws_iam_role.lambda_execution_role",
            "module.user_managment.module.iam.data.aws_caller_identity.current"
          ]
        }
      ]
    },
    {
      "module": "module.user_managment.module.iam",
      "mode": "managed",
      "type": "aws_iam_role_policy_attachment",
      "name": "admins_policy_attachment",
      "provider": "provider[\"registry.terraform.io/hashicorp/aws\"]",
      "instances": [
        {
          "schema_version": 0,
          "attributes": {
            "id": "admins-group-role-20250301201532574300000001",
            "policy_arn": "arn:aws:iam::438465134937:policy/admin-policy",
            "role": "admins-group-role"
          },
          "sensitive_attributes": [],
          "private": "bnVsbA==",
          "dependencies": [
            "module.user_managment.module.iam.aws_iam_policy.admin_policy",
            "module.user_managment.module.iam.aws_iam_role.admins_group_role"
          ]
        }
      ]
    },
    {
      "module": "module.user_managment.module.iam",
      "mode": "managed",
      "type": "aws_iam_role_policy_attachment",
      "name": "lambda_cognito_policy_attachment",
      "provider": "provider[\"registry.terraform.io/hashicorp/aws\"]",
      "instances": [
        {
          "schema_version": 0,
          "attributes": {
            "id": "lambda-execution-role-20250301201534091600000002",
            "policy_arn": "arn:aws:iam::438465134937:policy/lambda-cognito-policy",
            "role": "lambda-execution-role"
          },
          "sensitive_attributes": [],
          "private": "bnVsbA==",
          "dependencies": [
            "module.user_managment.module.cognito.aws_cognito_user_pool.this",
            "module.user_managment.module.iam.aws_iam_policy.lambda_cognito_policy",
            "module.user_managment.module.iam.aws_iam_role.lambda_execution_role",
            "module.user_managment.module.iam.data.aws_caller_identity.current"
          ]
        }
      ]
    },
    {
      "module": "module.user_managment.module.lambda",
      "mode": "managed",
      "type": "aws_cloudwatch_log_group",
      "name": "admin_update_user_log_group",
      "provider": "provider[\"registry.terraform.io/hashicorp/aws\"]",
      "instances": [
        {
          "schema_version": 0,
          "attributes": {
            "arn": "arn:aws:logs:eu-west-1:438465134937:log-group:/aws/lambda/user-management-admin-update",
            "id": "/aws/lambda/user-management-admin-update",
            "kms_key_id": "",
            "log_group_class": "STANDARD",
            "name": "/aws/lambda/user-management-admin-update",
            "name_prefix": "",
            "retention_in_days": 14,
            "skip_destroy": false,
            "tags": {
              "Environment": "dev",
              "Module": "User Management"
            },
            "tags_all": {
              "Environment": "dev",
              "Module": "User Management"
            }
          },
          "sensitive_attributes": [],
          "private": "bnVsbA==",
          "dependencies": [
            "module.user_managment.module.cognito.aws_cognito_user_pool.this",
            "module.user_managment.module.dynamodb.aws_dynamodb_table.user_table",
            "module.user_managment.module.iam.aws_iam_role.lambda_execution_role",
            "module.user_managment.module.lambda.aws_lambda_function.admin_update_user"
          ]
        }
      ]
    },
    {
      "module": "module.user_managment.module.lambda",
      "mode": "managed",
      "type": "aws_cloudwatch_log_group",
      "name": "assign_admin_role_log_group",
      "provider": "provider[\"registry.terraform.io/hashicorp/aws\"]",
      "instances": [
        {
          "schema_version": 0,
          "attributes": {
            "arn": "arn:aws:logs:eu-west-1:438465134937:log-group:/aws/lambda/user-management-assign-admin-role",
            "id": "/aws/lambda/user-management-assign-admin-role",
            "kms_key_id": "",
            "log_group_class": "STANDARD",
            "name": "/aws/lambda/user-management-assign-admin-role",
            "name_prefix": "",
            "retention_in_days": 14,
            "skip_destroy": false,
            "tags": {
              "Environment": "dev",
              "Module": "User Management"
            },
            "tags_all": {
              "Environment": "dev",
              "Module": "User Management"
            }
          },
          "sensitive_attributes": [],
          "private": "bnVsbA==",
          "dependencies": [
            "module.user_managment.module.cognito.aws_cognito_user_pool.this",
            "module.user_managment.module.dynamodb.aws_dynamodb_table.user_table",
            "module.user_managment.module.iam.aws_iam_role.lambda_execution_role",
            "module.user_managment.module.lambda.aws_lambda_function.assign_admin_role"
          ]
        }
      ]
    },
    {
      "module": "module.user_managment.module.lambda",
      "mode": "managed",
      "type": "aws_cloudwatch_log_group",
      "name": "create_user_log_group",
      "provider": "provider[\"registry.terraform.io/hashicorp/aws\"]",
      "instances": [
        {
          "schema_version": 0,
          "attributes": {
            "arn": "arn:aws:logs:eu-west-1:438465134937:log-group:/aws/lambda/user-management-create",
            "id": "/aws/lambda/user-management-create",
            "kms_key_id": "",
            "log_group_class": "STANDARD",
            "name": "/aws/lambda/user-management-create",
            "name_prefix": "",
            "retention_in_days": 14,
            "skip_destroy": false,
            "tags": {
              "Environment": "dev",
              "Module": "User Management"
            },
            "tags_all": {
              "Environment": "dev",
              "Module": "User Management"
            }
          },
          "sensitive_attributes": [],
          "private": "bnVsbA==",
          "dependencies": [
            "module.user_managment.module.cognito.aws_cognito_user_pool.this",
            "module.user_managment.module.dynamodb.aws_dynamodb_table.user_table",
            "module.user_managment.module.iam.aws_iam_role.lambda_execution_role",
            "module.user_managment.module.lambda.aws_lambda_function.create_user"
          ]
        }
      ]
    },
    {
      "module": "module.user_managment.module.lambda",
      "mode": "managed",
      "type": "aws_cloudwatch_log_group",
      "name": "revoke_admin_role_log_group",
      "provider": "provider[\"registry.terraform.io/hashicorp/aws\"]",
      "instances": [
        {
          "schema_version": 0,
          "attributes": {
            "arn": "arn:aws:logs:eu-west-1:438465134937:log-group:/aws/lambda/user-management-revoke-admin-role",
            "id": "/aws/lambda/user-management-revoke-admin-role",
            "kms_key_id": "",
            "log_group_class": "STANDARD",
            "name": "/aws/lambda/user-management-revoke-admin-role",
            "name_prefix": "",
            "retention_in_days": 14,
            "skip_destroy": false,
            "tags": {
              "Environment": "dev",
              "Module": "User Management"
            },
            "tags_all": {
              "Environment": "dev",
              "Module": "User Management"
            }
          },
          "sensitive_attributes": [],
          "private": "bnVsbA==",
          "dependencies": [
            "module.user_managment.module.cognito.aws_cognito_user_pool.this",
            "module.user_managment.module.dynamodb.aws_dynamodb_table.user_table",
            "module.user_managment.module.iam.aws_iam_role.lambda_execution_role",
            "module.user_managment.module.lambda.aws_lambda_function.revoke_admin_role"
          ]
        }
      ]
    },
    {
      "module": "module.user_managment.module.lambda",
      "mode": "managed",
      "type": "aws_cloudwatch_log_group",
      "name": "update_user_log_group",
      "provider": "provider[\"registry.terraform.io/hashicorp/aws\"]",
      "instances": [
        {
          "schema_version": 0,
          "attributes": {
            "arn": "arn:aws:logs:eu-west-1:438465134937:log-group:/aws/lambda/user-management-update",
            "id": "/aws/lambda/user-management-update",
            "kms_key_id": "",
            "log_group_class": "STANDARD",
            "name": "/aws/lambda/user-management-update",
            "name_prefix": "",
            "retention_in_days": 14,
            "skip_destroy": false,
            "tags": {
              "Environment": "dev",
              "Module": "User Management"
            },
            "tags_all": {
              "Environment": "dev",
              "Module": "User Management"
            }
          },
          "sensitive_attributes": [],
          "private": "bnVsbA==",
          "dependencies": [
            "module.user_managment.module.cognito.aws_cognito_user_pool.this",
            "module.user_managment.module.dynamodb.aws_dynamodb_table.user_table",
            "module.user_managment.module.iam.aws_iam_role.lambda_execution_role",
            "module.user_managment.module.lambda.aws_lambda_function.update_user"
          ]
        }
      ]
    },
    {
      "module": "module.user_managment.module.lambda",
      "mode": "managed",
      "type": "aws_lambda_function",
      "name": "admin_get_user",
      "provider": "provider[\"registry.terraform.io/hashicorp/aws\"]",
      "instances": [
        {
          "schema_version": 0,
          "attributes": {
            "architectures": [
              "x86_64"
            ],
            "arn": "arn:aws:lambda:eu-west-1:438465134937:function:user-management-admin-get",
            "code_sha256": "opUiq8zGCS6FU2DHydDnX0DbM7wWJT7j/kvHsxeXgWw=",
            "code_signing_config_arn": "",
            "dead_letter_config": [],
            "description": "",
            "environment": [
              {
                "variables": {
                  "TABLE_NAME": "Equilux_Users_Prosumers",
                  "USER_POOL_ID": "eu-west-1_1B9gRaY6l"
                }
              }
            ],
            "ephemeral_storage": [
              {
                "size": 512
              }
            ],
            "file_system_config": [],
            "filename": "modules/user_management/lambda_functions/admin/admin_get_user.zip",
            "function_name": "user-management-admin-get",
            "handler": "index.handler",
            "id": "user-management-admin-get",
            "image_config": [],
            "image_uri": "",
            "invoke_arn": "arn:aws:apigateway:eu-west-1:lambda:path/2015-03-31/functions/arn:aws:lambda:eu-west-1:438465134937:function:user-management-admin-get/invocations",
            "kms_key_arn": "",
            "last_modified": "2025-03-05T23:51:36.044+0000",
            "layers": null,
            "logging_config": [
              {
                "application_log_level": "",
                "log_format": "Text",
                "log_group": "/aws/lambda/user-management-admin-get",
                "system_log_level": ""
              }
            ],
            "memory_size": 128,
            "package_type": "Zip",
            "publish": false,
            "qualified_arn": "arn:aws:lambda:eu-west-1:438465134937:function:user-management-admin-get:$LATEST",
            "qualified_invoke_arn": "arn:aws:apigateway:eu-west-1:lambda:path/2015-03-31/functions/arn:aws:lambda:eu-west-1:438465134937:function:user-management-admin-get:$LATEST/invocations",
            "replace_security_groups_on_destroy": null,
            "replacement_security_group_ids": null,
            "reserved_concurrent_executions": -1,
            "role": "arn:aws:iam::438465134937:role/lambda-execution-role",
            "runtime": "nodejs16.x",
            "s3_bucket": null,
            "s3_key": null,
            "s3_object_version": null,
            "signing_job_arn": "",
            "signing_profile_version_arn": "",
            "skip_destroy": false,
            "snap_start": [],
            "source_code_hash": "opUiq8zGCS6FU2DHydDnX0DbM7wWJT7j/kvHsxeXgWw=",
            "source_code_size": 14242213,
            "tags": {
              "Environment": "dev",
              "Module": "User Management"
            },
            "tags_all": {
              "Environment": "dev",
              "Module": "User Management"
            },
            "timeout": 3,
            "timeouts": null,
            "tracing_config": [
              {
                "mode": "PassThrough"
              }
            ],
            "version": "$LATEST",
            "vpc_config": []
          },
          "sensitive_attributes": [],
          "private": "eyJlMmJmYjczMC1lY2FhLTExZTYtOGY4OC0zNDM2M2JjN2M0YzAiOnsiY3JlYXRlIjo2MDAwMDAwMDAwMDAsImRlbGV0ZSI6NjAwMDAwMDAwMDAwLCJ1cGRhdGUiOjYwMDAwMDAwMDAwMH19",
          "dependencies": [
            "module.user_managment.module.cognito.aws_cognito_user_pool.this",
            "module.user_managment.module.dynamodb.aws_dynamodb_table.user_table",
            "module.user_managment.module.iam.aws_iam_role.lambda_execution_role"
          ]
        }
      ]
    },
    {
      "module": "module.user_managment.module.lambda",
      "mode": "managed",
      "type": "aws_lambda_function",
      "name": "admin_update_user",
      "provider": "provider[\"registry.terraform.io/hashicorp/aws\"]",
      "instances": [
        {
          "schema_version": 0,
          "attributes": {
            "architectures": [
              "x86_64"
            ],
            "arn": "arn:aws:lambda:eu-west-1:438465134937:function:user-management-admin-update",
            "code_sha256": "p8wGruM+yR/E3mZ7LdMUI/cYbK6uQ4RtW8RsBDwUtC4=",
            "code_signing_config_arn": "",
            "dead_letter_config": [],
            "description": "",
            "environment": [
              {
                "variables": {
                  "TABLE_NAME": "Equilux_Users_Prosumers",
                  "USER_POOL_ID": "eu-west-1_1B9gRaY6l"
                }
              }
            ],
            "ephemeral_storage": [
              {
                "size": 512
              }
            ],
            "file_system_config": [],
            "filename": "modules/user_management/lambda_functions/admin/admin_update_user.zip",
            "function_name": "user-management-admin-update",
            "handler": "index.handler",
            "id": "user-management-admin-update",
            "image_config": [],
            "image_uri": "",
            "invoke_arn": "arn:aws:apigateway:eu-west-1:lambda:path/2015-03-31/functions/arn:aws:lambda:eu-west-1:438465134937:function:user-management-admin-update/invocations",
            "kms_key_arn": "",
            "last_modified": "2025-03-05T23:51:03.917+0000",
            "layers": null,
            "logging_config": [
              {
                "application_log_level": "",
                "log_format": "Text",
                "log_group": "/aws/lambda/user-management-admin-update",
                "system_log_level": ""
              }
            ],
            "memory_size": 128,
            "package_type": "Zip",
            "publish": false,
            "qualified_arn": "arn:aws:lambda:eu-west-1:438465134937:function:user-management-admin-update:$LATEST",
            "qualified_invoke_arn": "arn:aws:apigateway:eu-west-1:lambda:path/2015-03-31/functions/arn:aws:lambda:eu-west-1:438465134937:function:user-management-admin-update:$LATEST/invocations",
            "replace_security_groups_on_destroy": null,
            "replacement_security_group_ids": null,
            "reserved_concurrent_executions": -1,
            "role": "arn:aws:iam::438465134937:role/lambda-execution-role",
            "runtime": "nodejs16.x",
            "s3_bucket": null,
            "s3_key": null,
            "s3_object_version": null,
            "signing_job_arn": "",
            "signing_profile_version_arn": "",
            "skip_destroy": false,
            "snap_start": [],
            "source_code_hash": "p8wGruM+yR/E3mZ7LdMUI/cYbK6uQ4RtW8RsBDwUtC4=",
            "source_code_size": 14242772,
            "tags": {
              "Environment": "dev",
              "Module": "User Management"
            },
            "tags_all": {
              "Environment": "dev",
              "Module": "User Management"
            },
            "timeout": 3,
            "timeouts": null,
            "tracing_config": [
              {
                "mode": "PassThrough"
              }
            ],
            "version": "$LATEST",
            "vpc_config": []
          },
          "sensitive_attributes": [],
          "private": "eyJlMmJmYjczMC1lY2FhLTExZTYtOGY4OC0zNDM2M2JjN2M0YzAiOnsiY3JlYXRlIjo2MDAwMDAwMDAwMDAsImRlbGV0ZSI6NjAwMDAwMDAwMDAwLCJ1cGRhdGUiOjYwMDAwMDAwMDAwMH19",
          "dependencies": [
            "module.user_managment.module.cognito.aws_cognito_user_pool.this",
            "module.user_managment.module.dynamodb.aws_dynamodb_table.user_table",
            "module.user_managment.module.iam.aws_iam_role.lambda_execution_role"
          ]
        }
      ]
    },
    {
      "module": "module.user_managment.module.lambda",
      "mode": "managed",
      "type": "aws_lambda_function",
      "name": "assign_admin_role",
      "provider": "provider[\"registry.terraform.io/hashicorp/aws\"]",
      "instances": [
        {
          "schema_version": 0,
          "attributes": {
            "architectures": [
              "x86_64"
            ],
            "arn": "arn:aws:lambda:eu-west-1:438465134937:function:user-management-assign-admin-role",
            "code_sha256": "4EQZ2lOwlwFLSC9fpxNIMJa9BXdGL2NSp+QZKUTCYzg=",
            "code_signing_config_arn": "",
            "dead_letter_config": [],
            "description": "",
            "environment": [
              {
                "variables": {
                  "TABLE_NAME": "Equilux_Users_Prosumers",
                  "USER_POOL_ID": "eu-west-1_1B9gRaY6l"
                }
              }
            ],
            "ephemeral_storage": [
              {
                "size": 512
              }
            ],
            "file_system_config": [],
            "filename": "modules/user_management/lambda_functions/admin/admin_assign_admin_role.zip",
            "function_name": "user-management-assign-admin-role",
            "handler": "index.handler",
            "id": "user-management-assign-admin-role",
            "image_config": [],
            "image_uri": "",
            "invoke_arn": "arn:aws:apigateway:eu-west-1:lambda:path/2015-03-31/functions/arn:aws:lambda:eu-west-1:438465134937:function:user-management-assign-admin-role/invocations",
            "kms_key_arn": "",
            "last_modified": "2025-03-05T23:47:39.712+0000",
            "layers": null,
            "logging_config": [
              {
                "application_log_level": "",
                "log_format": "Text",
                "log_group": "/aws/lambda/user-management-assign-admin-role",
                "system_log_level": ""
              }
            ],
            "memory_size": 128,
            "package_type": "Zip",
            "publish": false,
            "qualified_arn": "arn:aws:lambda:eu-west-1:438465134937:function:user-management-assign-admin-role:$LATEST",
            "qualified_invoke_arn": "arn:aws:apigateway:eu-west-1:lambda:path/2015-03-31/functions/arn:aws:lambda:eu-west-1:438465134937:function:user-management-assign-admin-role:$LATEST/invocations",
            "replace_security_groups_on_destroy": null,
            "replacement_security_group_ids": null,
            "reserved_concurrent_executions": -1,
            "role": "arn:aws:iam::438465134937:role/lambda-execution-role",
            "runtime": "nodejs16.x",
            "s3_bucket": null,
            "s3_key": null,
            "s3_object_version": null,
            "signing_job_arn": "",
            "signing_profile_version_arn": "",
            "skip_destroy": false,
            "snap_start": [],
            "source_code_hash": "4EQZ2lOwlwFLSC9fpxNIMJa9BXdGL2NSp+QZKUTCYzg=",
            "source_code_size": 14242368,
            "tags": {
              "Environment": "dev",
              "Module": "User Management"
            },
            "tags_all": {
              "Environment": "dev",
              "Module": "User Management"
            },
            "timeout": 3,
            "timeouts": null,
            "tracing_config": [
              {
                "mode": "PassThrough"
              }
            ],
            "version": "$LATEST",
            "vpc_config": []
          },
          "sensitive_attributes": [],
          "private": "eyJlMmJmYjczMC1lY2FhLTExZTYtOGY4OC0zNDM2M2JjN2M0YzAiOnsiY3JlYXRlIjo2MDAwMDAwMDAwMDAsImRlbGV0ZSI6NjAwMDAwMDAwMDAwLCJ1cGRhdGUiOjYwMDAwMDAwMDAwMH19",
          "dependencies": [
            "module.user_managment.module.cognito.aws_cognito_user_pool.this",
            "module.user_managment.module.dynamodb.aws_dynamodb_table.user_table",
            "module.user_managment.module.iam.aws_iam_role.lambda_execution_role"
          ]
        }
      ]
    },
    {
      "module": "module.user_managment.module.lambda",
      "mode": "managed",
      "type": "aws_lambda_function",
      "name": "create_user",
      "provider": "provider[\"registry.terraform.io/hashicorp/aws\"]",
      "instances": [
        {
          "schema_version": 0,
          "attributes": {
            "architectures": [
              "x86_64"
            ],
            "arn": "arn:aws:lambda:eu-west-1:438465134937:function:user-management-create",
            "code_sha256": "UXmKC01tRGwM6wei8MfrP7VGVD8now87qh4TdjMUldE=",
            "code_signing_config_arn": "",
            "dead_letter_config": [],
            "description": "",
            "environment": [
              {
                "variables": {
                  "TABLE_NAME": "Equilux_Users_Prosumers",
                  "USER_POOL_ID": "eu-west-1_1B9gRaY6l"
                }
              }
            ],
            "ephemeral_storage": [
              {
                "size": 512
              }
            ],
            "file_system_config": [],
            "filename": "modules/user_management/lambda_functions/user/create_user.zip",
            "function_name": "user-management-create",
            "handler": "index.handler",
            "id": "user-management-create",
            "image_config": [],
            "image_uri": "",
            "invoke_arn": "arn:aws:apigateway:eu-west-1:lambda:path/2015-03-31/functions/arn:aws:lambda:eu-west-1:438465134937:function:user-management-create/invocations",
            "kms_key_arn": "",
            "last_modified": "2025-03-05T23:47:06.000+0000",
            "layers": [],
            "logging_config": [
              {
                "application_log_level": "",
                "log_format": "Text",
                "log_group": "/aws/lambda/user-management-create",
                "system_log_level": ""
              }
            ],
            "memory_size": 128,
            "package_type": "Zip",
            "publish": false,
            "qualified_arn": "arn:aws:lambda:eu-west-1:438465134937:function:user-management-create:$LATEST",
            "qualified_invoke_arn": "arn:aws:apigateway:eu-west-1:lambda:path/2015-03-31/functions/arn:aws:lambda:eu-west-1:438465134937:function:user-management-create:$LATEST/invocations",
            "replace_security_groups_on_destroy": null,
            "replacement_security_group_ids": null,
            "reserved_concurrent_executions": -1,
            "role": "arn:aws:iam::438465134937:role/lambda-execution-role",
            "runtime": "nodejs16.x",
            "s3_bucket": null,
            "s3_key": null,
            "s3_object_version": null,
            "signing_job_arn": "",
            "signing_profile_version_arn": "",
            "skip_destroy": false,
            "snap_start": [],
            "source_code_hash": "UXmKC01tRGwM6wei8MfrP7VGVD8now87qh4TdjMUldE=",
            "source_code_size": 14244340,
            "tags": {
              "Environment": "dev",
              "Module": "User Management"
            },
            "tags_all": {
              "Environment": "dev",
              "Module": "User Management"
            },
            "timeout": 3,
            "timeouts": null,
            "tracing_config": [
              {
                "mode": "PassThrough"
              }
            ],
            "version": "$LATEST",
            "vpc_config": []
          },
          "sensitive_attributes": [],
          "private": "eyJlMmJmYjczMC1lY2FhLTExZTYtOGY4OC0zNDM2M2JjN2M0YzAiOnsiY3JlYXRlIjo2MDAwMDAwMDAwMDAsImRlbGV0ZSI6NjAwMDAwMDAwMDAwLCJ1cGRhdGUiOjYwMDAwMDAwMDAwMH19",
          "dependencies": [
            "module.user_managment.module.cognito.aws_cognito_user_pool.this",
            "module.user_managment.module.dynamodb.aws_dynamodb_table.user_table",
            "module.user_managment.module.iam.aws_iam_role.lambda_execution_role"
          ]
        }
      ]
    },
    {
      "module": "module.user_managment.module.lambda",
      "mode": "managed",
      "type": "aws_lambda_function",
      "name": "post_confirmation",
      "provider": "provider[\"registry.terraform.io/hashicorp/aws\"]",
      "instances": [
        {
          "schema_version": 0,
          "attributes": {
            "architectures": [
              "x86_64"
            ],
            "arn": "arn:aws:lambda:eu-west-1:438465134937:function:user-management-post-confirmation",
            "code_sha256": "icOCCeM8K2o95bCIJ/sCxzGXdjRK+SysQNndBUV/g4U=",
            "code_signing_config_arn": "",
            "dead_letter_config": [],
            "description": "",
            "environment": [
              {
                "variables": {
                  "TABLE_NAME": "Equilux_Users_Prosumers",
                  "USER_POOL_ID": "eu-west-1_1B9gRaY6l"
                }
              }
            ],
            "ephemeral_storage": [
              {
                "size": 512
              }
            ],
            "file_system_config": [],
            "filename": "modules/user_management/lambda_functions/user/post_confirmation.zip",
            "function_name": "user-management-post-confirmation",
            "handler": "index.handler",
            "id": "user-management-post-confirmation",
            "image_config": [],
            "image_uri": "",
            "invoke_arn": "arn:aws:apigateway:eu-west-1:lambda:path/2015-03-31/functions/arn:aws:lambda:eu-west-1:438465134937:function:user-management-post-confirmation/invocations",
            "kms_key_arn": "",
            "last_modified": "2025-03-01T21:06:16.309+0000",
            "layers": [],
            "logging_config": [
              {
                "application_log_level": "",
                "log_format": "Text",
                "log_group": "/aws/lambda/user-management-post-confirmation",
                "system_log_level": ""
              }
            ],
            "memory_size": 128,
            "package_type": "Zip",
            "publish": false,
            "qualified_arn": "arn:aws:lambda:eu-west-1:438465134937:function:user-management-post-confirmation:$LATEST",
            "qualified_invoke_arn": "arn:aws:apigateway:eu-west-1:lambda:path/2015-03-31/functions/arn:aws:lambda:eu-west-1:438465134937:function:user-management-post-confirmation:$LATEST/invocations",
            "replace_security_groups_on_destroy": null,
            "replacement_security_group_ids": null,
            "reserved_concurrent_executions": -1,
            "role": "arn:aws:iam::438465134937:role/lambda-execution-role",
            "runtime": "nodejs16.x",
            "s3_bucket": null,
            "s3_key": null,
            "s3_object_version": null,
            "signing_job_arn": "",
            "signing_profile_version_arn": "",
            "skip_destroy": false,
            "snap_start": [],
            "source_code_hash": "icOCCeM8K2o95bCIJ/sCxzGXdjRK+SysQNndBUV/g4U=",
            "source_code_size": 14242308,
            "tags": {
              "Environment": "dev",
              "Module": "User Management"
            },
            "tags_all": {
              "Environment": "dev",
              "Module": "User Management"
            },
            "timeout": 3,
            "timeouts": null,
            "tracing_config": [
              {
                "mode": "PassThrough"
              }
            ],
            "version": "$LATEST",
            "vpc_config": []
          },
          "sensitive_attributes": [],
          "private": "eyJlMmJmYjczMC1lY2FhLTExZTYtOGY4OC0zNDM2M2JjN2M0YzAiOnsiY3JlYXRlIjo2MDAwMDAwMDAwMDAsImRlbGV0ZSI6NjAwMDAwMDAwMDAwLCJ1cGRhdGUiOjYwMDAwMDAwMDAwMH19",
          "dependencies": [
            "module.user_managment.module.cognito.aws_cognito_user_pool.this",
            "module.user_managment.module.dynamodb.aws_dynamodb_table.user_table",
            "module.user_managment.module.iam.aws_iam_role.lambda_execution_role"
          ]
        }
      ]
    },
    {
      "module": "module.user_managment.module.lambda",
      "mode": "managed",
      "type": "aws_lambda_function",
      "name": "revoke_admin_role",
      "provider": "provider[\"registry.terraform.io/hashicorp/aws\"]",
      "instances": [
        {
          "schema_version": 0,
          "attributes": {
            "architectures": [
              "x86_64"
            ],
            "arn": "arn:aws:lambda:eu-west-1:438465134937:function:user-management-revoke-admin-role",
            "code_sha256": "MoZbK0xhrFuDKDIAYbclgkByUEqP3NhOuADioEJvkOc=",
            "code_signing_config_arn": "",
            "dead_letter_config": [],
            "description": "",
            "environment": [
              {
                "variables": {
                  "TABLE_NAME": "Equilux_Users_Prosumers",
                  "USER_POOL_ID": "eu-west-1_1B9gRaY6l"
                }
              }
            ],
            "ephemeral_storage": [
              {
                "size": 512
              }
            ],
            "file_system_config": [],
            "filename": "modules/user_management/lambda_functions/admin/admin_revoke_admin_role.zip",
            "function_name": "user-management-revoke-admin-role",
            "handler": "index.handler",
            "id": "user-management-revoke-admin-role",
            "image_config": [],
            "image_uri": "",
            "invoke_arn": "arn:aws:apigateway:eu-west-1:lambda:path/2015-03-31/functions/arn:aws:lambda:eu-west-1:438465134937:function:user-management-revoke-admin-role/invocations",
            "kms_key_arn": "",
            "last_modified": "2025-03-05T23:46:32.059+0000",
            "layers": null,
            "logging_config": [
              {
                "application_log_level": "",
                "log_format": "Text",
                "log_group": "/aws/lambda/user-management-revoke-admin-role",
                "system_log_level": ""
              }
            ],
            "memory_size": 128,
            "package_type": "Zip",
            "publish": false,
            "qualified_arn": "arn:aws:lambda:eu-west-1:438465134937:function:user-management-revoke-admin-role:$LATEST",
            "qualified_invoke_arn": "arn:aws:apigateway:eu-west-1:lambda:path/2015-03-31/functions/arn:aws:lambda:eu-west-1:438465134937:function:user-management-revoke-admin-role:$LATEST/invocations",
            "replace_security_groups_on_destroy": null,
            "replacement_security_group_ids": null,
            "reserved_concurrent_executions": -1,
            "role": "arn:aws:iam::438465134937:role/lambda-execution-role",
            "runtime": "nodejs16.x",
            "s3_bucket": null,
            "s3_key": null,
            "s3_object_version": null,
            "signing_job_arn": "",
            "signing_profile_version_arn": "",
            "skip_destroy": false,
            "snap_start": [],
            "source_code_hash": "MoZbK0xhrFuDKDIAYbclgkByUEqP3NhOuADioEJvkOc=",
            "source_code_size": 14242216,
            "tags": {
              "Environment": "dev",
              "Module": "User Management"
            },
            "tags_all": {
              "Environment": "dev",
              "Module": "User Management"
            },
            "timeout": 3,
            "timeouts": null,
            "tracing_config": [
              {
                "mode": "PassThrough"
              }
            ],
            "version": "$LATEST",
            "vpc_config": []
          },
          "sensitive_attributes": [],
          "private": "eyJlMmJmYjczMC1lY2FhLTExZTYtOGY4OC0zNDM2M2JjN2M0YzAiOnsiY3JlYXRlIjo2MDAwMDAwMDAwMDAsImRlbGV0ZSI6NjAwMDAwMDAwMDAwLCJ1cGRhdGUiOjYwMDAwMDAwMDAwMH19",
          "dependencies": [
            "module.user_managment.module.cognito.aws_cognito_user_pool.this",
            "module.user_managment.module.dynamodb.aws_dynamodb_table.user_table",
            "module.user_managment.module.iam.aws_iam_role.lambda_execution_role"
          ]
        }
      ]
    },
    {
      "module": "module.user_managment.module.lambda",
      "mode": "managed",
      "type": "aws_lambda_function",
      "name": "update_user",
      "provider": "provider[\"registry.terraform.io/hashicorp/aws\"]",
      "instances": [
        {
          "schema_version": 0,
          "attributes": {
            "architectures": [
              "x86_64"
            ],
            "arn": "arn:aws:lambda:eu-west-1:438465134937:function:user-management-update",
            "code_sha256": "valoLF+v3AcmbcoK3NxP+9Fu8TmAMFM/UW3RWwyUWgY=",
            "code_signing_config_arn": "",
            "dead_letter_config": [],
            "description": "",
            "environment": [
              {
                "variables": {
                  "TABLE_NAME": "Equilux_Users_Prosumers",
                  "USER_POOL_ID": "eu-west-1_1B9gRaY6l"
                }
              }
            ],
            "ephemeral_storage": [
              {
                "size": 512
              }
            ],
            "file_system_config": [],
            "filename": "modules/user_management/lambda_functions/user/update_user.zip",
            "function_name": "user-management-update",
            "handler": "index.handler",
            "id": "user-management-update",
            "image_config": [],
            "image_uri": "",
            "invoke_arn": "arn:aws:apigateway:eu-west-1:lambda:path/2015-03-31/functions/arn:aws:lambda:eu-west-1:438465134937:function:user-management-update/invocations",
            "kms_key_arn": "",
            "last_modified": "2025-03-05T23:48:51.747+0000",
            "layers": null,
            "logging_config": [
              {
                "application_log_level": "",
                "log_format": "Text",
                "log_group": "/aws/lambda/user-management-update",
                "system_log_level": ""
              }
            ],
            "memory_size": 128,
            "package_type": "Zip",
            "publish": false,
            "qualified_arn": "arn:aws:lambda:eu-west-1:438465134937:function:user-management-update:$LATEST",
            "qualified_invoke_arn": "arn:aws:apigateway:eu-west-1:lambda:path/2015-03-31/functions/arn:aws:lambda:eu-west-1:438465134937:function:user-management-update:$LATEST/invocations",
            "replace_security_groups_on_destroy": null,
            "replacement_security_group_ids": null,
            "reserved_concurrent_executions": -1,
            "role": "arn:aws:iam::438465134937:role/lambda-execution-role",
            "runtime": "nodejs16.x",
            "s3_bucket": null,
            "s3_key": null,
            "s3_object_version": null,
            "signing_job_arn": "",
            "signing_profile_version_arn": "",
            "skip_destroy": false,
            "snap_start": [],
            "source_code_hash": "valoLF+v3AcmbcoK3NxP+9Fu8TmAMFM/UW3RWwyUWgY=",
            "source_code_size": 14242875,
            "tags": {
              "Environment": "dev",
              "Module": "User Management"
            },
            "tags_all": {
              "Environment": "dev",
              "Module": "User Management"
            },
            "timeout": 3,
            "timeouts": null,
            "tracing_config": [
              {
                "mode": "PassThrough"
              }
            ],
            "version": "$LATEST",
            "vpc_config": []
          },
          "sensitive_attributes": [],
          "private": "eyJlMmJmYjczMC1lY2FhLTExZTYtOGY4OC0zNDM2M2JjN2M0YzAiOnsiY3JlYXRlIjo2MDAwMDAwMDAwMDAsImRlbGV0ZSI6NjAwMDAwMDAwMDAwLCJ1cGRhdGUiOjYwMDAwMDAwMDAwMH19",
          "dependencies": [
            "module.user_managment.module.cognito.aws_cognito_user_pool.this",
            "module.user_managment.module.dynamodb.aws_dynamodb_table.user_table",
            "module.user_managment.module.iam.aws_iam_role.lambda_execution_role"
          ]
        }
      ]
    }
  ],
  "check_results": null
}
